// !$*UTF8*$!
{
	archiveVersion = 1;
	classes = {
	};
	objectVersion = 55;
	objects = {

/* Begin PBXBuildFile section */
		9A046CC927B3A042003169C7 /* BookMarkedMemoBoxView.swift in Sources */ = {isa = PBXBuildFile; fileRef = 9A046CC827B3A042003169C7 /* BookMarkedMemoBoxView.swift */; };
		9A046CCA27B3A042003169C7 /* BookMarkedMemoBoxView.swift in Sources */ = {isa = PBXBuildFile; fileRef = 9A046CC827B3A042003169C7 /* BookMarkedMemoBoxView.swift */; };
		9A0474A527715D1400571D66 /* DeeepMemoApp.swift in Sources */ = {isa = PBXBuildFile; fileRef = 9A04749527715D1200571D66 /* DeeepMemoApp.swift */; };
		9A0474A727715D1400571D66 /* MainView.swift in Sources */ = {isa = PBXBuildFile; fileRef = 9A04749627715D1200571D66 /* MainView.swift */; };
		9A0474A927715D1400571D66 /* Assets.xcassets in Resources */ = {isa = PBXBuildFile; fileRef = 9A04749727715D1300571D66 /* Assets.xcassets */; };
		9A0474B427715FB200571D66 /* MainTabView.swift in Sources */ = {isa = PBXBuildFile; fileRef = 9A0474B327715FB200571D66 /* MainTabView.swift */; };
		9A0474BD27716E0000571D66 /* FolderView.swift in Sources */ = {isa = PBXBuildFile; fileRef = 9A0474BC27716E0000571D66 /* FolderView.swift */; };
		9A0474C02771709D00571D66 /* OverallMemo in Resources */ = {isa = PBXBuildFile; fileRef = 9A0474BF2771709D00571D66 /* OverallMemo */; };
		9A1D535927A925A1009294C1 /* TitleWithLevelView.swift in Sources */ = {isa = PBXBuildFile; fileRef = 9A1D535827A925A1009294C1 /* TitleWithLevelView.swift */; };
		9A1D535A27A925A1009294C1 /* TitleWithLevelView.swift in Sources */ = {isa = PBXBuildFile; fileRef = 9A1D535827A925A1009294C1 /* TitleWithLevelView.swift */; };
		9A1D535C27A92F10009294C1 /* OrderingButtonLabel.swift in Sources */ = {isa = PBXBuildFile; fileRef = 9A1D535B27A92F10009294C1 /* OrderingButtonLabel.swift */; };
		9A1D535D27A92F10009294C1 /* OrderingButtonLabel.swift in Sources */ = {isa = PBXBuildFile; fileRef = 9A1D535B27A92F10009294C1 /* OrderingButtonLabel.swift */; };
		9A1D535F27A93C51009294C1 /* PrettyTextFieldAlert.swift in Sources */ = {isa = PBXBuildFile; fileRef = 9A1D535E27A93C51009294C1 /* PrettyTextFieldAlert.swift */; };
		9A1D536027A93C51009294C1 /* PrettyTextFieldAlert.swift in Sources */ = {isa = PBXBuildFile; fileRef = 9A1D535E27A93C51009294C1 /* PrettyTextFieldAlert.swift */; };
		9A1D536227ACE2E3009294C1 /* SubFolderButtonImage.swift in Sources */ = {isa = PBXBuildFile; fileRef = 9A1D536127ACE2E3009294C1 /* SubFolderButtonImage.swift */; };
		9A1D536327ACE2E3009294C1 /* SubFolderButtonImage.swift in Sources */ = {isa = PBXBuildFile; fileRef = 9A1D536127ACE2E3009294C1 /* SubFolderButtonImage.swift */; };
		9A1D536527ACE439009294C1 /* FolderView.swift in Sources */ = {isa = PBXBuildFile; fileRef = 9A0474BC27716E0000571D66 /* FolderView.swift */; };
		9A1D536627ACE454009294C1 /* MindMapView.swift in Sources */ = {isa = PBXBuildFile; fileRef = 9AD6EF25277EC5CF00866456 /* MindMapView.swift */; };
		9A1D536727ACE516009294C1 /* DeeepMemoApp.swift in Sources */ = {isa = PBXBuildFile; fileRef = 9A04749527715D1200571D66 /* DeeepMemoApp.swift */; };
		9A1D8539279FF32400B00156 /* DynamicFolderCell.swift in Sources */ = {isa = PBXBuildFile; fileRef = 9A1D8538279FF32400B00156 /* DynamicFolderCell.swift */; };
		9A1D853A279FF32400B00156 /* DynamicFolderCell.swift in Sources */ = {isa = PBXBuildFile; fileRef = 9A1D8538279FF32400B00156 /* DynamicFolderCell.swift */; };
		9A1D853F27A16BE800B00156 /* SubMemoList.swift in Sources */ = {isa = PBXBuildFile; fileRef = 9A1D853E27A16BE800B00156 /* SubMemoList.swift */; };
		9A1D854027A16BE800B00156 /* SubMemoList.swift in Sources */ = {isa = PBXBuildFile; fileRef = 9A1D853E27A16BE800B00156 /* SubMemoList.swift */; };
		9A1D854527A24F9400B00156 /* SubFolderView.swift in Sources */ = {isa = PBXBuildFile; fileRef = 9A1D854427A24F9400B00156 /* SubFolderView.swift */; };
		9A1D854627A24F9400B00156 /* SubFolderView.swift in Sources */ = {isa = PBXBuildFile; fileRef = 9A1D854427A24F9400B00156 /* SubFolderView.swift */; };
		9A1D856B27A3E98D00B00156 /* SelectingFolderView.swift in Sources */ = {isa = PBXBuildFile; fileRef = 9A1D856A27A3E98D00B00156 /* SelectingFolderView.swift */; };
		9A3377B3278FFF2D00805138 /* TextViewWrapper.swift in Sources */ = {isa = PBXBuildFile; fileRef = 9A3377B2278FFF2D00805138 /* TextViewWrapper.swift */; };
		9A3377B52790039200805138 /* FolderViewTest.swift in Sources */ = {isa = PBXBuildFile; fileRef = 9A3377B42790039200805138 /* FolderViewTest.swift */; };
		9A3377B72790060100805138 /* MemosToolBarViewTest.swift in Sources */ = {isa = PBXBuildFile; fileRef = 9A3377B62790060100805138 /* MemosToolBarViewTest.swift */; };
		9A3377B927900BF200805138 /* MemoListTest.swift in Sources */ = {isa = PBXBuildFile; fileRef = 9A3377B827900BF200805138 /* MemoListTest.swift */; };
		9A3377FD27915C2900805138 /* MemoMsg.swift in Sources */ = {isa = PBXBuildFile; fileRef = 9A3377FC27915C2900805138 /* MemoMsg.swift */; };
		9A3377FE27915C2900805138 /* MemoMsg.swift in Sources */ = {isa = PBXBuildFile; fileRef = 9A3377FC27915C2900805138 /* MemoMsg.swift */; };
		9A3378012795736200805138 /* ColorExt.swift in Sources */ = {isa = PBXBuildFile; fileRef = 9A3378002795736200805138 /* ColorExt.swift */; };
		9A3378022795736200805138 /* ColorExt.swift in Sources */ = {isa = PBXBuildFile; fileRef = 9A3378002795736200805138 /* ColorExt.swift */; };
		9A337804279576CC00805138 /* testView.swift in Sources */ = {isa = PBXBuildFile; fileRef = 9A337803279576CC00805138 /* testView.swift */; };
		9A337805279576CC00805138 /* testView.swift in Sources */ = {isa = PBXBuildFile; fileRef = 9A337803279576CC00805138 /* testView.swift */; };
		9A3378072796A5CB00805138 /* FilteredMemoList.swift in Sources */ = {isa = PBXBuildFile; fileRef = 9A3378062796A5CB00805138 /* FilteredMemoList.swift */; };
		9A3378082796A5CB00805138 /* FilteredMemoList.swift in Sources */ = {isa = PBXBuildFile; fileRef = 9A3378062796A5CB00805138 /* FilteredMemoList.swift */; };
		9A33780A2796B10E00805138 /* HomeView.swift in Sources */ = {isa = PBXBuildFile; fileRef = 9A3378092796B10E00805138 /* HomeView.swift */; };
		9A33780B2796B10E00805138 /* HomeView.swift in Sources */ = {isa = PBXBuildFile; fileRef = 9A3378092796B10E00805138 /* HomeView.swift */; };
		9A3378272796DECA00805138 /* SkillsMemo in Resources */ = {isa = PBXBuildFile; fileRef = 9A3378262796DECA00805138 /* SkillsMemo */; };
		9A3378282796DECA00805138 /* SkillsMemo in Resources */ = {isa = PBXBuildFile; fileRef = 9A3378262796DECA00805138 /* SkillsMemo */; };
		9A33785D279817B700805138 /* FolderView2.swift in Sources */ = {isa = PBXBuildFile; fileRef = 9A33785C279817B700805138 /* FolderView2.swift */; };
		9A3378612798207800805138 /* SelectedMemoViewModel.swift in Sources */ = {isa = PBXBuildFile; fileRef = 9A3378602798207800805138 /* SelectedMemoViewModel.swift */; };
		9A3378642798277400805138 /* PinViewModel.swift in Sources */ = {isa = PBXBuildFile; fileRef = 9A3378632798277400805138 /* PinViewModel.swift */; };
		9A3378672799275E00805138 /* SubFolderPageView.swift in Sources */ = {isa = PBXBuildFile; fileRef = 9A3378662799275E00805138 /* SubFolderPageView.swift */; };
		9A33786A27993ACA00805138 /* FolderOverView.swift in Sources */ = {isa = PBXBuildFile; fileRef = 9A33786927993ACA00805138 /* FolderOverView.swift */; };
		9A33786B27993ACA00805138 /* FolderOverView.swift in Sources */ = {isa = PBXBuildFile; fileRef = 9A33786927993ACA00805138 /* FolderOverView.swift */; };
		9A33786D2799450100805138 /* HorCollapsibleMind.swift in Sources */ = {isa = PBXBuildFile; fileRef = 9A33786C2799450100805138 /* HorCollapsibleMind.swift */; };
		9A33788A27996F8300805138 /* ContainedMemos.swift in Sources */ = {isa = PBXBuildFile; fileRef = 9A33788927996F8300805138 /* ContainedMemos.swift */; };
		9A33788B27996F8300805138 /* ContainedMemos.swift in Sources */ = {isa = PBXBuildFile; fileRef = 9A33788927996F8300805138 /* ContainedMemos.swift */; };
		9A337890279A56C500805138 /* FolderEditViewModel.swift in Sources */ = {isa = PBXBuildFile; fileRef = 9A33788F279A56C500805138 /* FolderEditViewModel.swift */; };
		9A337891279A56C500805138 /* FolderEditViewModel.swift in Sources */ = {isa = PBXBuildFile; fileRef = 9A33788F279A56C500805138 /* FolderEditViewModel.swift */; };
		9A337893279A5C9600805138 /* HierarchyLabelView.swift in Sources */ = {isa = PBXBuildFile; fileRef = 9A337892279A5C9600805138 /* HierarchyLabelView.swift */; };
		9A337894279A5C9600805138 /* HierarchyLabelView.swift in Sources */ = {isa = PBXBuildFile; fileRef = 9A337892279A5C9600805138 /* HierarchyLabelView.swift */; };
		9A337896279A6F3C00805138 /* MemoEditViewModel.swift in Sources */ = {isa = PBXBuildFile; fileRef = 9A337895279A6F3C00805138 /* MemoEditViewModel.swift */; };
		9A337897279A6F3C00805138 /* MemoEditViewModel.swift in Sources */ = {isa = PBXBuildFile; fileRef = 9A337895279A6F3C00805138 /* MemoEditViewModel.swift */; };
		9A337899279A76AF00805138 /* FolderView2.swift in Sources */ = {isa = PBXBuildFile; fileRef = 9A33785C279817B700805138 /* FolderView2.swift */; };
		9A33789A279A76B100805138 /* FolderViewTest.swift in Sources */ = {isa = PBXBuildFile; fileRef = 9A3377B42790039200805138 /* FolderViewTest.swift */; };
		9A33789B279A76B700805138 /* MainView.swift in Sources */ = {isa = PBXBuildFile; fileRef = 9A04749627715D1200571D66 /* MainView.swift */; };
		9A33789C279A76C300805138 /* FolderLabelView3.swift in Sources */ = {isa = PBXBuildFile; fileRef = 9AC5D224278834EC007EAA28 /* FolderLabelView3.swift */; };
		9A895823277179E100E7B773 /* PlusMinusImage.swift in Sources */ = {isa = PBXBuildFile; fileRef = 9A895822277179E100E7B773 /* PlusMinusImage.swift */; };
		9A89582727717EB500E7B773 /* Sizes.swift in Sources */ = {isa = PBXBuildFile; fileRef = 9A89582627717EB500E7B773 /* Sizes.swift */; };
		9A89582D2771BE1000E7B773 /* MemoView.swift in Sources */ = {isa = PBXBuildFile; fileRef = 9A89582C2771BE1000E7B773 /* MemoView.swift */; };
		9A98E7522772C17500057A84 /* CustomTextEditor.swift in Sources */ = {isa = PBXBuildFile; fileRef = 9A98E7512772C17500057A84 /* CustomTextEditor.swift */; };
		9A98E7552772D28C00057A84 /* ChangeableImage.swift in Sources */ = {isa = PBXBuildFile; fileRef = 9A98E7542772D28C00057A84 /* ChangeableImage.swift */; };
		9A98E7582773021200057A84 /* ModelTest.swift in Sources */ = {isa = PBXBuildFile; fileRef = 9A98E7572773021200057A84 /* ModelTest.swift */; };
		9AC3B0DE279BCDAC008D378B /* VerCollapsibleFolder.swift in Sources */ = {isa = PBXBuildFile; fileRef = 9AC3B0DD279BCDAC008D378B /* VerCollapsibleFolder.swift */; };
		9AC3B0DF279BCDAC008D378B /* VerCollapsibleFolder.swift in Sources */ = {isa = PBXBuildFile; fileRef = 9AC3B0DD279BCDAC008D378B /* VerCollapsibleFolder.swift */; };
		9AC5D0F12782BBEB007EAA28 /* HorCollapsibleMind3.swift in Sources */ = {isa = PBXBuildFile; fileRef = 9AC5D0F02782BBEB007EAA28 /* HorCollapsibleMind3.swift */; };
		9AC5D10C27840554007EAA28 /* DeeepMemo.xcdatamodeld in Sources */ = {isa = PBXBuildFile; fileRef = 9AC5D10A27840554007EAA28 /* DeeepMemo.xcdatamodeld */; };
		9AC5D1292784092F007EAA28 /* Folder+helper.swift in Sources */ = {isa = PBXBuildFile; fileRef = 9AC5D1282784092F007EAA28 /* Folder+helper.swift */; };
		9AC5D12C27840939007EAA28 /* Memo+helper.swift in Sources */ = {isa = PBXBuildFile; fileRef = 9AC5D12B27840939007EAA28 /* Memo+helper.swift */; };
		9AC5D13A278521F9007EAA28 /* Memo For Tips and Tricks in Resources */ = {isa = PBXBuildFile; fileRef = 9AC5D139278521F9007EAA28 /* Memo For Tips and Tricks */; };
		9AC5D13D2785247D007EAA28 /* Terms in Resources */ = {isa = PBXBuildFile; fileRef = 9AC5D13C2785247D007EAA28 /* Terms */; };
		9AC5D1DB2785415F007EAA28 /* CloudKit.framework in Frameworks */ = {isa = PBXBuildFile; fileRef = 9AC5D1DA2785415F007EAA28 /* CloudKit.framework */; };
		9AC5D1E327854266007EAA28 /* macOSMemoApp.swift in Sources */ = {isa = PBXBuildFile; fileRef = 9AC5D1E227854266007EAA28 /* macOSMemoApp.swift */; };
		9AC5D1E527854266007EAA28 /* ContentView.swift in Sources */ = {isa = PBXBuildFile; fileRef = 9AC5D1E427854266007EAA28 /* ContentView.swift */; };
		9AC5D1E727854267007EAA28 /* Assets.xcassets in Resources */ = {isa = PBXBuildFile; fileRef = 9AC5D1E627854267007EAA28 /* Assets.xcassets */; };
		9AC5D1EA27854267007EAA28 /* Preview Assets.xcassets in Resources */ = {isa = PBXBuildFile; fileRef = 9AC5D1E927854267007EAA28 /* Preview Assets.xcassets */; };
		9AC5D1EF27854267007EAA28 /* macOSMemo.xcdatamodeld in Sources */ = {isa = PBXBuildFile; fileRef = 9AC5D1ED27854267007EAA28 /* macOSMemo.xcdatamodeld */; };
		9AC5D1F527854292007EAA28 /* CloudKit.framework in Frameworks */ = {isa = PBXBuildFile; fileRef = 9AC5D1F427854292007EAA28 /* CloudKit.framework */; };
		9AC5D1F827854405007EAA28 /* DeeepMemo.xcdatamodeld in Sources */ = {isa = PBXBuildFile; fileRef = 9AC5D10A27840554007EAA28 /* DeeepMemo.xcdatamodeld */; };
		9AC5D1FD278557D8007EAA28 /* UnitTestHelper.swift in Sources */ = {isa = PBXBuildFile; fileRef = 9AC5D1FC278557D8007EAA28 /* UnitTestHelper.swift */; };
		9AC5D1FF278558AC007EAA28 /* NSPredicate+helper.swift in Sources */ = {isa = PBXBuildFile; fileRef = 9AC5D1FE278558AC007EAA28 /* NSPredicate+helper.swift */; };
		9AC5D20127855C0A007EAA28 /* Persistence.swift in Sources */ = {isa = PBXBuildFile; fileRef = 9AC5D12E278409FD007EAA28 /* Persistence.swift */; };
		9AC5D20227855C0B007EAA28 /* Persistence.swift in Sources */ = {isa = PBXBuildFile; fileRef = 9AC5D12E278409FD007EAA28 /* Persistence.swift */; };
		9AC5D20927856E7D007EAA28 /* FolderTests.swift in Sources */ = {isa = PBXBuildFile; fileRef = 9AC5D20827856E7D007EAA28 /* FolderTests.swift */; };
		9AC5D20C27856F2F007EAA28 /* MemoTests.swift in Sources */ = {isa = PBXBuildFile; fileRef = 9AC5D20B27856F2F007EAA28 /* MemoTests.swift */; };
		9AC5D21327857993007EAA28 /* CoreDataTestView.swift in Sources */ = {isa = PBXBuildFile; fileRef = 9AC5D21227857993007EAA28 /* CoreDataTestView.swift */; };
		9AC5D21427857993007EAA28 /* CoreDataTestView.swift in Sources */ = {isa = PBXBuildFile; fileRef = 9AC5D21227857993007EAA28 /* CoreDataTestView.swift */; };
		9AC5D2192786F773007EAA28 /* HomeViewPrev.swift in Sources */ = {isa = PBXBuildFile; fileRef = 9AC5D2182786F773007EAA28 /* HomeViewPrev.swift */; };
		9AC5D21A2786F773007EAA28 /* HomeViewPrev.swift in Sources */ = {isa = PBXBuildFile; fileRef = 9AC5D2182786F773007EAA28 /* HomeViewPrev.swift */; };
		9AC5D21F2786F823007EAA28 /* TodoView.swift in Sources */ = {isa = PBXBuildFile; fileRef = 9AC5D21E2786F823007EAA28 /* TodoView.swift */; };
		9AC5D22227883475007EAA28 /* SubFolderPageView3.swift in Sources */ = {isa = PBXBuildFile; fileRef = 9AC5D22127883475007EAA28 /* SubFolderPageView3.swift */; };
		9AC5D225278834EC007EAA28 /* FolderLabelView3.swift in Sources */ = {isa = PBXBuildFile; fileRef = 9AC5D224278834EC007EAA28 /* FolderLabelView3.swift */; };
		9AC5D22B278BCD54007EAA28 /* SubFoldersToolView.swift in Sources */ = {isa = PBXBuildFile; fileRef = 9AC5D22A278BCD54007EAA28 /* SubFoldersToolView.swift */; };
		9AC5D22C278BCD54007EAA28 /* SubFoldersToolView.swift in Sources */ = {isa = PBXBuildFile; fileRef = 9AC5D22A278BCD54007EAA28 /* SubFoldersToolView.swift */; };
		9AC5D22E278BD8C6007EAA28 /* CurrentTodoLists in Resources */ = {isa = PBXBuildFile; fileRef = 9AC5D22D278BD8C6007EAA28 /* CurrentTodoLists */; };
		9AC5D22F278BD8C6007EAA28 /* CurrentTodoLists in Resources */ = {isa = PBXBuildFile; fileRef = 9AC5D22D278BD8C6007EAA28 /* CurrentTodoLists */; };
		9AC5D231278BE711007EAA28 /* ChangeFolderTitleTestView.swift in Sources */ = {isa = PBXBuildFile; fileRef = 9AC5D230278BE711007EAA28 /* ChangeFolderTitleTestView.swift */; };
		9AC5D232278BE711007EAA28 /* ChangeFolderTitleTestView.swift in Sources */ = {isa = PBXBuildFile; fileRef = 9AC5D230278BE711007EAA28 /* ChangeFolderTitleTestView.swift */; };
		9AC5D234278C3145007EAA28 /* MemoList2.swift in Sources */ = {isa = PBXBuildFile; fileRef = 9AC5D233278C3145007EAA28 /* MemoList2.swift */; };
		9AC5D235278C3145007EAA28 /* MemoList2.swift in Sources */ = {isa = PBXBuildFile; fileRef = 9AC5D233278C3145007EAA28 /* MemoList2.swift */; };
		9AC5D23D278D8435007EAA28 /* textFieldTestview.swift in Sources */ = {isa = PBXBuildFile; fileRef = 9AC5D23C278D8435007EAA28 /* textFieldTestview.swift */; };
		9AC5D23E278D8435007EAA28 /* textFieldTestview.swift in Sources */ = {isa = PBXBuildFile; fileRef = 9AC5D23C278D8435007EAA28 /* textFieldTestview.swift */; };
		9AD6EEC1277AD3EA00866456 /* MemosToolBarView.swift in Sources */ = {isa = PBXBuildFile; fileRef = 9AD6EEC0277AD3EA00866456 /* MemosToolBarView.swift */; };
		9AD6EEC4277C2C8A00866456 /* MemoBoxView.swift in Sources */ = {isa = PBXBuildFile; fileRef = 9AD6EEC3277C2C8A00866456 /* MemoBoxView.swift */; };
		9AD6EECA277C3E3E00866456 /* Extensions.swift in Sources */ = {isa = PBXBuildFile; fileRef = 9AD6EEC9277C3E3E00866456 /* Extensions.swift */; };
		9AD6EF11277D9DF100866456 /* MemoList.swift in Sources */ = {isa = PBXBuildFile; fileRef = 9AD6EF10277D9DF100866456 /* MemoList.swift */; };
		9AD6EF16277DA78800866456 /* PopUpButtonView.swift in Sources */ = {isa = PBXBuildFile; fileRef = 9AD6EF15277DA78800866456 /* PopUpButtonView.swift */; };
		9AD6EF19277DB5DE00866456 /* CollapsibleView.swift in Sources */ = {isa = PBXBuildFile; fileRef = 9AD6EF18277DB5DE00866456 /* CollapsibleView.swift */; };
		9AD6EF1C277DBD9F00866456 /* CollapsibleFolderList.swift in Sources */ = {isa = PBXBuildFile; fileRef = 9AD6EF1B277DBD9F00866456 /* CollapsibleFolderList.swift */; };
		9AD6EF20277DC1AD00866456 /* TestLazyAndScrollView.swift in Sources */ = {isa = PBXBuildFile; fileRef = 9AD6EF1F277DC1AD00866456 /* TestLazyAndScrollView.swift */; };
		9AD6EF26277EC5CF00866456 /* MindMapView.swift in Sources */ = {isa = PBXBuildFile; fileRef = 9AD6EF25277EC5CF00866456 /* MindMapView.swift */; };
		E545D1D6278C04CD00363BE3 /* ChangeMemoVarsTestView.swift in Sources */ = {isa = PBXBuildFile; fileRef = E545D1D5278C04CD00363BE3 /* ChangeMemoVarsTestView.swift */; };
		E545D1D7278C04CD00363BE3 /* ChangeMemoVarsTestView.swift in Sources */ = {isa = PBXBuildFile; fileRef = E545D1D5278C04CD00363BE3 /* ChangeMemoVarsTestView.swift */; };
		E596A6C527AD8D5000076E95 /* OrderViewModel.swift in Sources */ = {isa = PBXBuildFile; fileRef = E596A6C427AD8D5000076E95 /* OrderViewModel.swift */; };
		E596A6C627AD8D5000076E95 /* OrderViewModel.swift in Sources */ = {isa = PBXBuildFile; fileRef = E596A6C427AD8D5000076E95 /* OrderViewModel.swift */; };
/* End PBXBuildFile section */

/* Begin PBXContainerItemProxy section */
		9AC5D11927840609007EAA28 /* PBXContainerItemProxy */ = {
			isa = PBXContainerItemProxy;
			containerPortal = 9A04749027715D1100571D66 /* Project object */;
			proxyType = 1;
			remoteGlobalIDString = 9A04749B27715D1300571D66;
			remoteInfo = "DeeepMemo (iOS)";
		};
/* End PBXContainerItemProxy section */

/* Begin PBXFileReference section */
		9A046CC827B3A042003169C7 /* BookMarkedMemoBoxView.swift */ = {isa = PBXFileReference; lastKnownFileType = sourcecode.swift; path = BookMarkedMemoBoxView.swift; sourceTree = "<group>"; };
		9A04749527715D1200571D66 /* DeeepMemoApp.swift */ = {isa = PBXFileReference; lastKnownFileType = sourcecode.swift; path = DeeepMemoApp.swift; sourceTree = "<group>"; };
		9A04749627715D1200571D66 /* MainView.swift */ = {isa = PBXFileReference; lastKnownFileType = sourcecode.swift; path = MainView.swift; sourceTree = "<group>"; };
		9A04749727715D1300571D66 /* Assets.xcassets */ = {isa = PBXFileReference; lastKnownFileType = folder.assetcatalog; path = Assets.xcassets; sourceTree = "<group>"; };
		9A04749C27715D1300571D66 /* DeeepMemo.app */ = {isa = PBXFileReference; explicitFileType = wrapper.application; includeInIndex = 0; path = DeeepMemo.app; sourceTree = BUILT_PRODUCTS_DIR; };
		9A0474B327715FB200571D66 /* MainTabView.swift */ = {isa = PBXFileReference; lastKnownFileType = sourcecode.swift; path = MainTabView.swift; sourceTree = "<group>"; };
		9A0474BC27716E0000571D66 /* FolderView.swift */ = {isa = PBXFileReference; lastKnownFileType = sourcecode.swift; path = FolderView.swift; sourceTree = "<group>"; };
		9A0474BF2771709D00571D66 /* OverallMemo */ = {isa = PBXFileReference; lastKnownFileType = text; path = OverallMemo; sourceTree = "<group>"; };
		9A1D535827A925A1009294C1 /* TitleWithLevelView.swift */ = {isa = PBXFileReference; lastKnownFileType = sourcecode.swift; path = TitleWithLevelView.swift; sourceTree = "<group>"; };
		9A1D535B27A92F10009294C1 /* OrderingButtonLabel.swift */ = {isa = PBXFileReference; lastKnownFileType = sourcecode.swift; path = OrderingButtonLabel.swift; sourceTree = "<group>"; };
		9A1D535E27A93C51009294C1 /* PrettyTextFieldAlert.swift */ = {isa = PBXFileReference; lastKnownFileType = sourcecode.swift; path = PrettyTextFieldAlert.swift; sourceTree = "<group>"; };
		9A1D536127ACE2E3009294C1 /* SubFolderButtonImage.swift */ = {isa = PBXFileReference; lastKnownFileType = sourcecode.swift; path = SubFolderButtonImage.swift; sourceTree = "<group>"; };
		9A1D8538279FF32400B00156 /* DynamicFolderCell.swift */ = {isa = PBXFileReference; lastKnownFileType = sourcecode.swift; path = DynamicFolderCell.swift; sourceTree = "<group>"; };
		9A1D853E27A16BE800B00156 /* SubMemoList.swift */ = {isa = PBXFileReference; lastKnownFileType = sourcecode.swift; path = SubMemoList.swift; sourceTree = "<group>"; };
		9A1D854427A24F9400B00156 /* SubFolderView.swift */ = {isa = PBXFileReference; lastKnownFileType = sourcecode.swift; path = SubFolderView.swift; sourceTree = "<group>"; };
		9A1D856A27A3E98D00B00156 /* SelectingFolderView.swift */ = {isa = PBXFileReference; lastKnownFileType = sourcecode.swift; path = SelectingFolderView.swift; sourceTree = "<group>"; };
		9A3377AF278EC6F000805138 /* SubFolderElementView.swift */ = {isa = PBXFileReference; lastKnownFileType = sourcecode.swift; path = SubFolderElementView.swift; sourceTree = "<group>"; };
		9A3377B2278FFF2D00805138 /* TextViewWrapper.swift */ = {isa = PBXFileReference; lastKnownFileType = sourcecode.swift; path = TextViewWrapper.swift; sourceTree = "<group>"; };
		9A3377B42790039200805138 /* FolderViewTest.swift */ = {isa = PBXFileReference; lastKnownFileType = sourcecode.swift; path = FolderViewTest.swift; sourceTree = "<group>"; };
		9A3377B62790060100805138 /* MemosToolBarViewTest.swift */ = {isa = PBXFileReference; lastKnownFileType = sourcecode.swift; path = MemosToolBarViewTest.swift; sourceTree = "<group>"; };
		9A3377B827900BF200805138 /* MemoListTest.swift */ = {isa = PBXFileReference; lastKnownFileType = sourcecode.swift; path = MemoListTest.swift; sourceTree = "<group>"; };
		9A3377FC27915C2900805138 /* MemoMsg.swift */ = {isa = PBXFileReference; lastKnownFileType = sourcecode.swift; path = MemoMsg.swift; sourceTree = "<group>"; };
		9A3378002795736200805138 /* ColorExt.swift */ = {isa = PBXFileReference; lastKnownFileType = sourcecode.swift; path = ColorExt.swift; sourceTree = "<group>"; };
		9A337803279576CC00805138 /* testView.swift */ = {isa = PBXFileReference; lastKnownFileType = sourcecode.swift; path = testView.swift; sourceTree = "<group>"; };
		9A3378062796A5CB00805138 /* FilteredMemoList.swift */ = {isa = PBXFileReference; lastKnownFileType = sourcecode.swift; path = FilteredMemoList.swift; sourceTree = "<group>"; };
		9A3378092796B10E00805138 /* HomeView.swift */ = {isa = PBXFileReference; lastKnownFileType = sourcecode.swift; path = HomeView.swift; sourceTree = "<group>"; };
		9A3378262796DECA00805138 /* SkillsMemo */ = {isa = PBXFileReference; lastKnownFileType = text; path = SkillsMemo; sourceTree = "<group>"; };
		9A33785C279817B700805138 /* FolderView2.swift */ = {isa = PBXFileReference; lastKnownFileType = sourcecode.swift; path = FolderView2.swift; sourceTree = "<group>"; };
		9A3378602798207800805138 /* SelectedMemoViewModel.swift */ = {isa = PBXFileReference; lastKnownFileType = sourcecode.swift; path = SelectedMemoViewModel.swift; sourceTree = "<group>"; };
		9A3378632798277400805138 /* PinViewModel.swift */ = {isa = PBXFileReference; lastKnownFileType = sourcecode.swift; path = PinViewModel.swift; sourceTree = "<group>"; };
		9A3378662799275E00805138 /* SubFolderPageView.swift */ = {isa = PBXFileReference; lastKnownFileType = sourcecode.swift; path = SubFolderPageView.swift; sourceTree = "<group>"; };
		9A33786927993ACA00805138 /* FolderOverView.swift */ = {isa = PBXFileReference; lastKnownFileType = sourcecode.swift; path = FolderOverView.swift; sourceTree = "<group>"; };
		9A33786C2799450100805138 /* HorCollapsibleMind.swift */ = {isa = PBXFileReference; lastKnownFileType = sourcecode.swift; path = HorCollapsibleMind.swift; sourceTree = "<group>"; };
		9A33788927996F8300805138 /* ContainedMemos.swift */ = {isa = PBXFileReference; lastKnownFileType = sourcecode.swift; path = ContainedMemos.swift; sourceTree = "<group>"; };
		9A33788F279A56C500805138 /* FolderEditViewModel.swift */ = {isa = PBXFileReference; lastKnownFileType = sourcecode.swift; path = FolderEditViewModel.swift; sourceTree = "<group>"; };
		9A337892279A5C9600805138 /* HierarchyLabelView.swift */ = {isa = PBXFileReference; lastKnownFileType = sourcecode.swift; path = HierarchyLabelView.swift; sourceTree = "<group>"; };
		9A337895279A6F3C00805138 /* MemoEditViewModel.swift */ = {isa = PBXFileReference; lastKnownFileType = sourcecode.swift; path = MemoEditViewModel.swift; sourceTree = "<group>"; };
		9A895822277179E100E7B773 /* PlusMinusImage.swift */ = {isa = PBXFileReference; lastKnownFileType = sourcecode.swift; path = PlusMinusImage.swift; sourceTree = "<group>"; };
		9A89582627717EB500E7B773 /* Sizes.swift */ = {isa = PBXFileReference; lastKnownFileType = sourcecode.swift; path = Sizes.swift; sourceTree = "<group>"; };
		9A89582C2771BE1000E7B773 /* MemoView.swift */ = {isa = PBXFileReference; lastKnownFileType = sourcecode.swift; path = MemoView.swift; sourceTree = "<group>"; };
		9A98E7512772C17500057A84 /* CustomTextEditor.swift */ = {isa = PBXFileReference; lastKnownFileType = sourcecode.swift; path = CustomTextEditor.swift; sourceTree = "<group>"; };
		9A98E7542772D28C00057A84 /* ChangeableImage.swift */ = {isa = PBXFileReference; lastKnownFileType = sourcecode.swift; path = ChangeableImage.swift; sourceTree = "<group>"; };
		9A98E7572773021200057A84 /* ModelTest.swift */ = {isa = PBXFileReference; lastKnownFileType = sourcecode.swift; path = ModelTest.swift; sourceTree = "<group>"; };
		9AC3B0DD279BCDAC008D378B /* VerCollapsibleFolder.swift */ = {isa = PBXFileReference; lastKnownFileType = sourcecode.swift; path = VerCollapsibleFolder.swift; sourceTree = "<group>"; };
		9AC5D0F02782BBEB007EAA28 /* HorCollapsibleMind3.swift */ = {isa = PBXFileReference; lastKnownFileType = sourcecode.swift; path = HorCollapsibleMind3.swift; sourceTree = "<group>"; };
		9AC5D10B27840554007EAA28 /* Model.xcdatamodel */ = {isa = PBXFileReference; lastKnownFileType = wrapper.xcdatamodel; path = Model.xcdatamodel; sourceTree = "<group>"; };
		9AC5D11527840609007EAA28 /* DeeepMemoTests.xctest */ = {isa = PBXFileReference; explicitFileType = wrapper.cfbundle; includeInIndex = 0; path = DeeepMemoTests.xctest; sourceTree = BUILT_PRODUCTS_DIR; };
		9AC5D1282784092F007EAA28 /* Folder+helper.swift */ = {isa = PBXFileReference; lastKnownFileType = sourcecode.swift; path = "Folder+helper.swift"; sourceTree = "<group>"; };
		9AC5D12B27840939007EAA28 /* Memo+helper.swift */ = {isa = PBXFileReference; lastKnownFileType = sourcecode.swift; path = "Memo+helper.swift"; sourceTree = "<group>"; };
		9AC5D12E278409FD007EAA28 /* Persistence.swift */ = {isa = PBXFileReference; lastKnownFileType = sourcecode.swift; path = Persistence.swift; sourceTree = "<group>"; };
		9AC5D139278521F9007EAA28 /* Memo For Tips and Tricks */ = {isa = PBXFileReference; lastKnownFileType = text; path = "Memo For Tips and Tricks"; sourceTree = "<group>"; };
		9AC5D13C2785247D007EAA28 /* Terms */ = {isa = PBXFileReference; lastKnownFileType = text; path = Terms; sourceTree = "<group>"; };
		9AC5D1D827854159007EAA28 /* DeeepMemo (iOS).entitlements */ = {isa = PBXFileReference; lastKnownFileType = text.plist.entitlements; path = "DeeepMemo (iOS).entitlements"; sourceTree = "<group>"; };
		9AC5D1DA2785415F007EAA28 /* CloudKit.framework */ = {isa = PBXFileReference; lastKnownFileType = wrapper.framework; name = CloudKit.framework; path = Platforms/iPhoneOS.platform/Developer/SDKs/iPhoneOS15.2.sdk/System/Library/Frameworks/CloudKit.framework; sourceTree = DEVELOPER_DIR; };
		9AC5D1E027854266007EAA28 /* macOSMemo.app */ = {isa = PBXFileReference; explicitFileType = wrapper.application; includeInIndex = 0; path = macOSMemo.app; sourceTree = BUILT_PRODUCTS_DIR; };
		9AC5D1E227854266007EAA28 /* macOSMemoApp.swift */ = {isa = PBXFileReference; lastKnownFileType = sourcecode.swift; path = macOSMemoApp.swift; sourceTree = "<group>"; };
		9AC5D1E427854266007EAA28 /* ContentView.swift */ = {isa = PBXFileReference; lastKnownFileType = sourcecode.swift; path = ContentView.swift; sourceTree = "<group>"; };
		9AC5D1E627854267007EAA28 /* Assets.xcassets */ = {isa = PBXFileReference; lastKnownFileType = folder.assetcatalog; path = Assets.xcassets; sourceTree = "<group>"; };
		9AC5D1E927854267007EAA28 /* Preview Assets.xcassets */ = {isa = PBXFileReference; lastKnownFileType = folder.assetcatalog; path = "Preview Assets.xcassets"; sourceTree = "<group>"; };
		9AC5D1EE27854267007EAA28 /* macOSMemo.xcdatamodel */ = {isa = PBXFileReference; lastKnownFileType = wrapper.xcdatamodel; path = macOSMemo.xcdatamodel; sourceTree = "<group>"; };
		9AC5D1F027854267007EAA28 /* macOSMemo.entitlements */ = {isa = PBXFileReference; lastKnownFileType = text.plist.entitlements; path = macOSMemo.entitlements; sourceTree = "<group>"; };
		9AC5D1F427854292007EAA28 /* CloudKit.framework */ = {isa = PBXFileReference; lastKnownFileType = wrapper.framework; name = CloudKit.framework; path = System/Library/Frameworks/CloudKit.framework; sourceTree = SDKROOT; };
		9AC5D1F727854387007EAA28 /* DeeepMemo--iOS--Info.plist */ = {isa = PBXFileReference; lastKnownFileType = text.plist; path = "DeeepMemo--iOS--Info.plist"; sourceTree = "<group>"; };
		9AC5D1FC278557D8007EAA28 /* UnitTestHelper.swift */ = {isa = PBXFileReference; lastKnownFileType = sourcecode.swift; path = UnitTestHelper.swift; sourceTree = "<group>"; };
		9AC5D1FE278558AC007EAA28 /* NSPredicate+helper.swift */ = {isa = PBXFileReference; lastKnownFileType = sourcecode.swift; path = "NSPredicate+helper.swift"; sourceTree = "<group>"; };
		9AC5D20727856E7D007EAA28 /* DeeepMemoTests-Bridging-Header.h */ = {isa = PBXFileReference; lastKnownFileType = sourcecode.c.h; path = "DeeepMemoTests-Bridging-Header.h"; sourceTree = "<group>"; };
		9AC5D20827856E7D007EAA28 /* FolderTests.swift */ = {isa = PBXFileReference; lastKnownFileType = sourcecode.swift; path = FolderTests.swift; sourceTree = "<group>"; };
		9AC5D20B27856F2F007EAA28 /* MemoTests.swift */ = {isa = PBXFileReference; lastKnownFileType = sourcecode.swift; path = MemoTests.swift; sourceTree = "<group>"; };
		9AC5D21227857993007EAA28 /* CoreDataTestView.swift */ = {isa = PBXFileReference; lastKnownFileType = sourcecode.swift; path = CoreDataTestView.swift; sourceTree = "<group>"; };
		9AC5D2182786F773007EAA28 /* HomeViewPrev.swift */ = {isa = PBXFileReference; lastKnownFileType = sourcecode.swift; path = HomeViewPrev.swift; sourceTree = "<group>"; };
		9AC5D21E2786F823007EAA28 /* TodoView.swift */ = {isa = PBXFileReference; lastKnownFileType = sourcecode.swift; path = TodoView.swift; sourceTree = "<group>"; };
		9AC5D22127883475007EAA28 /* SubFolderPageView3.swift */ = {isa = PBXFileReference; lastKnownFileType = sourcecode.swift; path = SubFolderPageView3.swift; sourceTree = "<group>"; };
		9AC5D224278834EC007EAA28 /* FolderLabelView3.swift */ = {isa = PBXFileReference; lastKnownFileType = sourcecode.swift; path = FolderLabelView3.swift; sourceTree = "<group>"; };
		9AC5D22A278BCD54007EAA28 /* SubFoldersToolView.swift */ = {isa = PBXFileReference; lastKnownFileType = sourcecode.swift; path = SubFoldersToolView.swift; sourceTree = "<group>"; };
		9AC5D22D278BD8C6007EAA28 /* CurrentTodoLists */ = {isa = PBXFileReference; lastKnownFileType = text; path = CurrentTodoLists; sourceTree = "<group>"; };
		9AC5D230278BE711007EAA28 /* ChangeFolderTitleTestView.swift */ = {isa = PBXFileReference; lastKnownFileType = sourcecode.swift; path = ChangeFolderTitleTestView.swift; sourceTree = "<group>"; };
		9AC5D233278C3145007EAA28 /* MemoList2.swift */ = {isa = PBXFileReference; lastKnownFileType = sourcecode.swift; path = MemoList2.swift; sourceTree = "<group>"; };
		9AC5D23C278D8435007EAA28 /* textFieldTestview.swift */ = {isa = PBXFileReference; lastKnownFileType = sourcecode.swift; path = textFieldTestview.swift; sourceTree = "<group>"; };
		9AD6EEC0277AD3EA00866456 /* MemosToolBarView.swift */ = {isa = PBXFileReference; lastKnownFileType = sourcecode.swift; path = MemosToolBarView.swift; sourceTree = "<group>"; };
		9AD6EEC3277C2C8A00866456 /* MemoBoxView.swift */ = {isa = PBXFileReference; lastKnownFileType = sourcecode.swift; path = MemoBoxView.swift; sourceTree = "<group>"; };
		9AD6EEC9277C3E3E00866456 /* Extensions.swift */ = {isa = PBXFileReference; lastKnownFileType = sourcecode.swift; path = Extensions.swift; sourceTree = "<group>"; };
		9AD6EF10277D9DF100866456 /* MemoList.swift */ = {isa = PBXFileReference; lastKnownFileType = sourcecode.swift; path = MemoList.swift; sourceTree = "<group>"; };
		9AD6EF15277DA78800866456 /* PopUpButtonView.swift */ = {isa = PBXFileReference; lastKnownFileType = sourcecode.swift; path = PopUpButtonView.swift; sourceTree = "<group>"; };
		9AD6EF18277DB5DE00866456 /* CollapsibleView.swift */ = {isa = PBXFileReference; lastKnownFileType = sourcecode.swift; path = CollapsibleView.swift; sourceTree = "<group>"; };
		9AD6EF1B277DBD9F00866456 /* CollapsibleFolderList.swift */ = {isa = PBXFileReference; lastKnownFileType = sourcecode.swift; path = CollapsibleFolderList.swift; sourceTree = "<group>"; };
		9AD6EF1F277DC1AD00866456 /* TestLazyAndScrollView.swift */ = {isa = PBXFileReference; lastKnownFileType = sourcecode.swift; path = TestLazyAndScrollView.swift; sourceTree = "<group>"; };
		9AD6EF25277EC5CF00866456 /* MindMapView.swift */ = {isa = PBXFileReference; lastKnownFileType = sourcecode.swift; path = MindMapView.swift; sourceTree = "<group>"; };
		E545D1D5278C04CD00363BE3 /* ChangeMemoVarsTestView.swift */ = {isa = PBXFileReference; lastKnownFileType = sourcecode.swift; path = ChangeMemoVarsTestView.swift; sourceTree = "<group>"; };
		E596A6C427AD8D5000076E95 /* OrderViewModel.swift */ = {isa = PBXFileReference; lastKnownFileType = sourcecode.swift; path = OrderViewModel.swift; sourceTree = "<group>"; };
/* End PBXFileReference section */

/* Begin PBXFrameworksBuildPhase section */
		9A04749927715D1300571D66 /* Frameworks */ = {
			isa = PBXFrameworksBuildPhase;
			buildActionMask = 2147483647;
			files = (
				9AC5D1DB2785415F007EAA28 /* CloudKit.framework in Frameworks */,
			);
			runOnlyForDeploymentPostprocessing = 0;
		};
		9AC5D11227840609007EAA28 /* Frameworks */ = {
			isa = PBXFrameworksBuildPhase;
			buildActionMask = 2147483647;
			files = (
			);
			runOnlyForDeploymentPostprocessing = 0;
		};
		9AC5D1DD27854266007EAA28 /* Frameworks */ = {
			isa = PBXFrameworksBuildPhase;
			buildActionMask = 2147483647;
			files = (
				9AC5D1F527854292007EAA28 /* CloudKit.framework in Frameworks */,
			);
			runOnlyForDeploymentPostprocessing = 0;
		};
/* End PBXFrameworksBuildPhase section */

/* Begin PBXGroup section */
		9A04748F27715D1100571D66 = {
			isa = PBXGroup;
			children = (
				9A046CC827B3A042003169C7 /* BookMarkedMemoBoxView.swift */,
				9AC5D13F278528FA007EAA28 /* PersonalMemos */,
				9AC5D1F727854387007EAA28 /* DeeepMemo--iOS--Info.plist */,
				9AC5D1D827854159007EAA28 /* DeeepMemo (iOS).entitlements */,
				9AC5D0F32782C59C007EAA28 /* ViewModels */,
				9A0474BA27716DCB00571D66 /* Models */,
				9A89582527717EAC00E7B773 /* Utils */,
				9A04749727715D1300571D66 /* Assets.xcassets */,
				9A0474B927716DBC00571D66 /* Views */,
				9AC5D1E127854266007EAA28 /* macOSMemo */,
				9A04749D27715D1300571D66 /* Products */,
				9AC5D1D92785415F007EAA28 /* Frameworks */,
				9AC5D20727856E7D007EAA28 /* DeeepMemoTests-Bridging-Header.h */,
			);
			sourceTree = "<group>";
		};
		9A04749D27715D1300571D66 /* Products */ = {
			isa = PBXGroup;
			children = (
				9A04749C27715D1300571D66 /* DeeepMemo.app */,
				9AC5D11527840609007EAA28 /* DeeepMemoTests.xctest */,
				9AC5D1E027854266007EAA28 /* macOSMemo.app */,
			);
			name = Products;
			sourceTree = "<group>";
		};
		9A0474B927716DBC00571D66 /* Views */ = {
			isa = PBXGroup;
			children = (
				9A04749527715D1200571D66 /* DeeepMemoApp.swift */,
				9A3378092796B10E00805138 /* HomeView.swift */,
				9AD6EF28277EC64A00866456 /* MindMap */,
				9AD6EF14277D9EE800866456 /* Folder */,
				9AD6EF13277D9EE200866456 /* Memo */,
				9A3377DA2790313200805138 /* Components */,
				9A337898279A76A500805138 /* PreviousViews */,
				9A1D536427ACE3A2009294C1 /* Tests */,
			);
			path = Views;
			sourceTree = "<group>";
		};
		9A0474BA27716DCB00571D66 /* Models */ = {
			isa = PBXGroup;
			children = (
				9AC5D10A27840554007EAA28 /* DeeepMemo.xcdatamodeld */,
				9AC5D12E278409FD007EAA28 /* Persistence.swift */,
				9AC5D1282784092F007EAA28 /* Folder+helper.swift */,
				9AC5D1FC278557D8007EAA28 /* UnitTestHelper.swift */,
				9AC5D12B27840939007EAA28 /* Memo+helper.swift */,
				9AC5D1FE278558AC007EAA28 /* NSPredicate+helper.swift */,
				9A3377FC27915C2900805138 /* MemoMsg.swift */,
			);
			path = Models;
			sourceTree = "<group>";
		};
		9A1D536427ACE3A2009294C1 /* Tests */ = {
			isa = PBXGroup;
			children = (
				9A3378632798277400805138 /* PinViewModel.swift */,
				9A3378602798207800805138 /* SelectedMemoViewModel.swift */,
				9A98E7572773021200057A84 /* ModelTest.swift */,
				9A33786C2799450100805138 /* HorCollapsibleMind.swift */,
				9A3377B827900BF200805138 /* MemoListTest.swift */,
				9A3378662799275E00805138 /* SubFolderPageView.swift */,
			);
			path = Tests;
			sourceTree = "<group>";
		};
		9A3377DA2790313200805138 /* Components */ = {
			isa = PBXGroup;
			children = (
				9A895822277179E100E7B773 /* PlusMinusImage.swift */,
				9A98E7542772D28C00057A84 /* ChangeableImage.swift */,
				9A1D536127ACE2E3009294C1 /* SubFolderButtonImage.swift */,
				9A337892279A5C9600805138 /* HierarchyLabelView.swift */,
				9A1D535B27A92F10009294C1 /* OrderingButtonLabel.swift */,
				9A1D535E27A93C51009294C1 /* PrettyTextFieldAlert.swift */,
			);
			path = Components;
			sourceTree = "<group>";
		};
		9A3377FF2791877200805138 /* NotUsing */ = {
			isa = PBXGroup;
			children = (
				9AD6EF15277DA78800866456 /* PopUpButtonView.swift */,
				9A98E7512772C17500057A84 /* CustomTextEditor.swift */,
				9AC5D21E2786F823007EAA28 /* TodoView.swift */,
				9A0474B327715FB200571D66 /* MainTabView.swift */,
				9AD6EF18277DB5DE00866456 /* CollapsibleView.swift */,
			);
			path = NotUsing;
			sourceTree = "<group>";
		};
		9A337898279A76A500805138 /* PreviousViews */ = {
			isa = PBXGroup;
			children = (
				9AC5D2112785798A007EAA28 /* Tester */,
				9AC5D20B27856F2F007EAA28 /* MemoTests.swift */,
				9A1D853E27A16BE800B00156 /* SubMemoList.swift */,
				9AC5D22A278BCD54007EAA28 /* SubFoldersToolView.swift */,
				9AD6EF1B277DBD9F00866456 /* CollapsibleFolderList.swift */,
				9AC5D233278C3145007EAA28 /* MemoList2.swift */,
				9AC5D20827856E7D007EAA28 /* FolderTests.swift */,
				9A33786927993ACA00805138 /* FolderOverView.swift */,
				9A3377AF278EC6F000805138 /* SubFolderElementView.swift */,
				9AC5D23C278D8435007EAA28 /* textFieldTestview.swift */,
				9AC5D0F02782BBEB007EAA28 /* HorCollapsibleMind3.swift */,
				9A04749627715D1200571D66 /* MainView.swift */,
				9AC5D2182786F773007EAA28 /* HomeViewPrev.swift */,
				9A33785C279817B700805138 /* FolderView2.swift */,
				9A3377B42790039200805138 /* FolderViewTest.swift */,
				9AC5D224278834EC007EAA28 /* FolderLabelView3.swift */,
				9AC5D22127883475007EAA28 /* SubFolderPageView3.swift */,
				9A3377B62790060100805138 /* MemosToolBarViewTest.swift */,
				9AC3B0DD279BCDAC008D378B /* VerCollapsibleFolder.swift */,
				9AD6EF1E277DC19800866456 /* Testing */,
			);
			path = PreviousViews;
			sourceTree = "<group>";
		};
		9A89582527717EAC00E7B773 /* Utils */ = {
			isa = PBXGroup;
			children = (
				9AD6EEC9277C3E3E00866456 /* Extensions.swift */,
				9A3377B2278FFF2D00805138 /* TextViewWrapper.swift */,
				9A89582627717EB500E7B773 /* Sizes.swift */,
				9A3378002795736200805138 /* ColorExt.swift */,
			);
			path = Utils;
			sourceTree = "<group>";
		};
		9AC5D0F32782C59C007EAA28 /* ViewModels */ = {
			isa = PBXGroup;
			children = (
				9A33788F279A56C500805138 /* FolderEditViewModel.swift */,
				9A337895279A6F3C00805138 /* MemoEditViewModel.swift */,
				E596A6C427AD8D5000076E95 /* OrderViewModel.swift */,
			);
			path = ViewModels;
			sourceTree = "<group>";
		};
		9AC5D13F278528FA007EAA28 /* PersonalMemos */ = {
			isa = PBXGroup;
			children = (
				9A0474BF2771709D00571D66 /* OverallMemo */,
				9AC5D139278521F9007EAA28 /* Memo For Tips and Tricks */,
				9AC5D13C2785247D007EAA28 /* Terms */,
				9AC5D22D278BD8C6007EAA28 /* CurrentTodoLists */,
				9A3378262796DECA00805138 /* SkillsMemo */,
			);
			path = PersonalMemos;
			sourceTree = "<group>";
		};
		9AC5D1D92785415F007EAA28 /* Frameworks */ = {
			isa = PBXGroup;
			children = (
				9AC5D1F427854292007EAA28 /* CloudKit.framework */,
				9AC5D1DA2785415F007EAA28 /* CloudKit.framework */,
			);
			name = Frameworks;
			sourceTree = "<group>";
		};
		9AC5D1E127854266007EAA28 /* macOSMemo */ = {
			isa = PBXGroup;
			children = (
				9AC5D1E227854266007EAA28 /* macOSMemoApp.swift */,
				9AC5D1E427854266007EAA28 /* ContentView.swift */,
				9AC5D1E627854267007EAA28 /* Assets.xcassets */,
				9AC5D1F027854267007EAA28 /* macOSMemo.entitlements */,
				9AC5D1ED27854267007EAA28 /* macOSMemo.xcdatamodeld */,
				9AC5D1E827854267007EAA28 /* Preview Content */,
			);
			path = macOSMemo;
			sourceTree = "<group>";
		};
		9AC5D1E827854267007EAA28 /* Preview Content */ = {
			isa = PBXGroup;
			children = (
				9AC5D1E927854267007EAA28 /* Preview Assets.xcassets */,
			);
			path = "Preview Content";
			sourceTree = "<group>";
		};
		9AC5D2112785798A007EAA28 /* Tester */ = {
			isa = PBXGroup;
			children = (
				9AC5D21227857993007EAA28 /* CoreDataTestView.swift */,
				9AC5D230278BE711007EAA28 /* ChangeFolderTitleTestView.swift */,
				E545D1D5278C04CD00363BE3 /* ChangeMemoVarsTestView.swift */,
				9A337803279576CC00805138 /* testView.swift */,
			);
			path = Tester;
			sourceTree = "<group>";
		};
		9AD6EF13277D9EE200866456 /* Memo */ = {
			isa = PBXGroup;
			children = (
				9A89582C2771BE1000E7B773 /* MemoView.swift */,
				9AD6EF10277D9DF100866456 /* MemoList.swift */,
				9A3378062796A5CB00805138 /* FilteredMemoList.swift */,
				9AD6EEC3277C2C8A00866456 /* MemoBoxView.swift */,
				9A33788927996F8300805138 /* ContainedMemos.swift */,
				9AD6EEC0277AD3EA00866456 /* MemosToolBarView.swift */,
			);
			path = Memo;
			sourceTree = "<group>";
		};
		9AD6EF14277D9EE800866456 /* Folder */ = {
			isa = PBXGroup;
			children = (
				9A0474BC27716E0000571D66 /* FolderView.swift */,
				9A1D854427A24F9400B00156 /* SubFolderView.swift */,
			);
			name = Folder;
			path = Subviews;
			sourceTree = "<group>";
		};
		9AD6EF1E277DC19800866456 /* Testing */ = {
			isa = PBXGroup;
			children = (
				9A3377FF2791877200805138 /* NotUsing */,
				9AD6EF1F277DC1AD00866456 /* TestLazyAndScrollView.swift */,
			);
			path = Testing;
			sourceTree = "<group>";
		};
		9AD6EF28277EC64A00866456 /* MindMap */ = {
			isa = PBXGroup;
			children = (
				9AD6EF25277EC5CF00866456 /* MindMapView.swift */,
				9A1D8538279FF32400B00156 /* DynamicFolderCell.swift */,
				9A1D535827A925A1009294C1 /* TitleWithLevelView.swift */,
				9A1D856A27A3E98D00B00156 /* SelectingFolderView.swift */,
			);
			path = MindMap;
			sourceTree = "<group>";
		};
/* End PBXGroup section */

/* Begin PBXNativeTarget section */
		9A04749B27715D1300571D66 /* DeeepMemo (iOS) */ = {
			isa = PBXNativeTarget;
			buildConfigurationList = 9A0474AD27715D1400571D66 /* Build configuration list for PBXNativeTarget "DeeepMemo (iOS)" */;
			buildPhases = (
				9A04749827715D1300571D66 /* Sources */,
				9A04749927715D1300571D66 /* Frameworks */,
				9A04749A27715D1300571D66 /* Resources */,
			);
			buildRules = (
			);
			dependencies = (
			);
			name = "DeeepMemo (iOS)";
			productName = "DeeepMemo (iOS)";
			productReference = 9A04749C27715D1300571D66 /* DeeepMemo.app */;
			productType = "com.apple.product-type.application";
		};
		9AC5D11427840609007EAA28 /* DeeepMemoTests */ = {
			isa = PBXNativeTarget;
			buildConfigurationList = 9AC5D11B27840609007EAA28 /* Build configuration list for PBXNativeTarget "DeeepMemoTests" */;
			buildPhases = (
				9AC5D11127840609007EAA28 /* Sources */,
				9AC5D11227840609007EAA28 /* Frameworks */,
				9AC5D11327840609007EAA28 /* Resources */,
			);
			buildRules = (
			);
			dependencies = (
				9AC5D11A27840609007EAA28 /* PBXTargetDependency */,
			);
			name = DeeepMemoTests;
			productName = DeeepMemoTests;
			productReference = 9AC5D11527840609007EAA28 /* DeeepMemoTests.xctest */;
			productType = "com.apple.product-type.bundle.unit-test";
		};
		9AC5D1DF27854266007EAA28 /* macOSMemo */ = {
			isa = PBXNativeTarget;
			buildConfigurationList = 9AC5D1F127854268007EAA28 /* Build configuration list for PBXNativeTarget "macOSMemo" */;
			buildPhases = (
				9AC5D1DC27854266007EAA28 /* Sources */,
				9AC5D1DD27854266007EAA28 /* Frameworks */,
				9AC5D1DE27854266007EAA28 /* Resources */,
			);
			buildRules = (
			);
			dependencies = (
			);
			name = macOSMemo;
			productName = macOSMemo;
			productReference = 9AC5D1E027854266007EAA28 /* macOSMemo.app */;
			productType = "com.apple.product-type.application";
		};
/* End PBXNativeTarget section */

/* Begin PBXProject section */
		9A04749027715D1100571D66 /* Project object */ = {
			isa = PBXProject;
			attributes = {
				BuildIndependentTargetsInParallel = 1;
				LastSwiftUpdateCheck = 1320;
				LastUpgradeCheck = 1320;
				TargetAttributes = {
					9A04749B27715D1300571D66 = {
						CreatedOnToolsVersion = 13.2;
					};
					9AC5D11427840609007EAA28 = {
						CreatedOnToolsVersion = 13.2.1;
						LastSwiftMigration = 1320;
						TestTargetID = 9A04749B27715D1300571D66;
					};
					9AC5D1DF27854266007EAA28 = {
						CreatedOnToolsVersion = 13.2.1;
					};
				};
			};
			buildConfigurationList = 9A04749327715D1100571D66 /* Build configuration list for PBXProject "DeeepMemo" */;
			compatibilityVersion = "Xcode 13.0";
			developmentRegion = en;
			hasScannedForEncodings = 0;
			knownRegions = (
				en,
				Base,
			);
			mainGroup = 9A04748F27715D1100571D66;
			productRefGroup = 9A04749D27715D1300571D66 /* Products */;
			projectDirPath = "";
			projectRoot = "";
			targets = (
				9A04749B27715D1300571D66 /* DeeepMemo (iOS) */,
				9AC5D1DF27854266007EAA28 /* macOSMemo */,
				9AC5D11427840609007EAA28 /* DeeepMemoTests */,
			);
		};
/* End PBXProject section */

/* Begin PBXResourcesBuildPhase section */
		9A04749A27715D1300571D66 /* Resources */ = {
			isa = PBXResourcesBuildPhase;
			buildActionMask = 2147483647;
			files = (
				9AC5D13D2785247D007EAA28 /* Terms in Resources */,
				9AC5D13A278521F9007EAA28 /* Memo For Tips and Tricks in Resources */,
				9A3378272796DECA00805138 /* SkillsMemo in Resources */,
				9A0474C02771709D00571D66 /* OverallMemo in Resources */,
				9A0474A927715D1400571D66 /* Assets.xcassets in Resources */,
				9AC5D22E278BD8C6007EAA28 /* CurrentTodoLists in Resources */,
			);
			runOnlyForDeploymentPostprocessing = 0;
		};
		9AC5D11327840609007EAA28 /* Resources */ = {
			isa = PBXResourcesBuildPhase;
			buildActionMask = 2147483647;
			files = (
			);
			runOnlyForDeploymentPostprocessing = 0;
		};
		9AC5D1DE27854266007EAA28 /* Resources */ = {
			isa = PBXResourcesBuildPhase;
			buildActionMask = 2147483647;
			files = (
				9AC5D1EA27854267007EAA28 /* Preview Assets.xcassets in Resources */,
				9AC5D22F278BD8C6007EAA28 /* CurrentTodoLists in Resources */,
				9A3378282796DECA00805138 /* SkillsMemo in Resources */,
				9AC5D1E727854267007EAA28 /* Assets.xcassets in Resources */,
			);
			runOnlyForDeploymentPostprocessing = 0;
		};
/* End PBXResourcesBuildPhase section */

/* Begin PBXSourcesBuildPhase section */
		9A04749827715D1300571D66 /* Sources */ = {
			isa = PBXSourcesBuildPhase;
			buildActionMask = 2147483647;
			files = (
				9AD6EF19277DB5DE00866456 /* CollapsibleView.swift in Sources */,
				9A98E7582773021200057A84 /* ModelTest.swift in Sources */,
				9A1D856B27A3E98D00B00156 /* SelectingFolderView.swift in Sources */,
				9A337804279576CC00805138 /* testView.swift in Sources */,
				9A3377B52790039200805138 /* FolderViewTest.swift in Sources */,
				9A046CC927B3A042003169C7 /* BookMarkedMemoBoxView.swift in Sources */,
				9AC5D23D278D8435007EAA28 /* textFieldTestview.swift in Sources */,
				9AD6EF11277D9DF100866456 /* MemoList.swift in Sources */,
				9AC5D1FD278557D8007EAA28 /* UnitTestHelper.swift in Sources */,
				9A337890279A56C500805138 /* FolderEditViewModel.swift in Sources */,
				9A3377B3278FFF2D00805138 /* TextViewWrapper.swift in Sources */,
				9AD6EECA277C3E3E00866456 /* Extensions.swift in Sources */,
				9A3378672799275E00805138 /* SubFolderPageView.swift in Sources */,
				9AD6EF16277DA78800866456 /* PopUpButtonView.swift in Sources */,
				9A1D8539279FF32400B00156 /* DynamicFolderCell.swift in Sources */,
				9AD6EF20277DC1AD00866456 /* TestLazyAndScrollView.swift in Sources */,
				9A89582D2771BE1000E7B773 /* MemoView.swift in Sources */,
				9AC5D22227883475007EAA28 /* SubFolderPageView3.swift in Sources */,
				9A3378642798277400805138 /* PinViewModel.swift in Sources */,
				9AC5D20127855C0A007EAA28 /* Persistence.swift in Sources */,
				9A1D854527A24F9400B00156 /* SubFolderView.swift in Sources */,
				9AC5D234278C3145007EAA28 /* MemoList2.swift in Sources */,
				9A0474BD27716E0000571D66 /* FolderView.swift in Sources */,
				9AC5D2192786F773007EAA28 /* HomeViewPrev.swift in Sources */,
				9A0474A727715D1400571D66 /* MainView.swift in Sources */,
				9A33788A27996F8300805138 /* ContainedMemos.swift in Sources */,
				9AC5D21327857993007EAA28 /* CoreDataTestView.swift in Sources */,
				9A3378012795736200805138 /* ColorExt.swift in Sources */,
				9A98E7552772D28C00057A84 /* ChangeableImage.swift in Sources */,
				9AC5D12C27840939007EAA28 /* Memo+helper.swift in Sources */,
				9AD6EEC1277AD3EA00866456 /* MemosToolBarView.swift in Sources */,
				9A1D535C27A92F10009294C1 /* OrderingButtonLabel.swift in Sources */,
				9A3377B927900BF200805138 /* MemoListTest.swift in Sources */,
				9AC5D225278834EC007EAA28 /* FolderLabelView3.swift in Sources */,
				9A1D853F27A16BE800B00156 /* SubMemoList.swift in Sources */,
				E545D1D6278C04CD00363BE3 /* ChangeMemoVarsTestView.swift in Sources */,
				9A0474A527715D1400571D66 /* DeeepMemoApp.swift in Sources */,
				9AC5D22B278BCD54007EAA28 /* SubFoldersToolView.swift in Sources */,
				9A1D535927A925A1009294C1 /* TitleWithLevelView.swift in Sources */,
				9A89582727717EB500E7B773 /* Sizes.swift in Sources */,
				9AC3B0DE279BCDAC008D378B /* VerCollapsibleFolder.swift in Sources */,
				9AC5D1FF278558AC007EAA28 /* NSPredicate+helper.swift in Sources */,
				9AC5D1292784092F007EAA28 /* Folder+helper.swift in Sources */,
				9A3378612798207800805138 /* SelectedMemoViewModel.swift in Sources */,
				9AC5D21F2786F823007EAA28 /* TodoView.swift in Sources */,
				9A33786A27993ACA00805138 /* FolderOverView.swift in Sources */,
				9A3377FD27915C2900805138 /* MemoMsg.swift in Sources */,
				9A3377B72790060100805138 /* MemosToolBarViewTest.swift in Sources */,
				E596A6C527AD8D5000076E95 /* OrderViewModel.swift in Sources */,
				9A33785D279817B700805138 /* FolderView2.swift in Sources */,
				9A895823277179E100E7B773 /* PlusMinusImage.swift in Sources */,
				9A1D535F27A93C51009294C1 /* PrettyTextFieldAlert.swift in Sources */,
				9AD6EF1C277DBD9F00866456 /* CollapsibleFolderList.swift in Sources */,
				9A98E7522772C17500057A84 /* CustomTextEditor.swift in Sources */,
				9A337896279A6F3C00805138 /* MemoEditViewModel.swift in Sources */,
				9AD6EF26277EC5CF00866456 /* MindMapView.swift in Sources */,
				9A33786D2799450100805138 /* HorCollapsibleMind.swift in Sources */,
				9A3378072796A5CB00805138 /* FilteredMemoList.swift in Sources */,
				9A337893279A5C9600805138 /* HierarchyLabelView.swift in Sources */,
				9AC5D231278BE711007EAA28 /* ChangeFolderTitleTestView.swift in Sources */,
				9A33780A2796B10E00805138 /* HomeView.swift in Sources */,
				9AD6EEC4277C2C8A00866456 /* MemoBoxView.swift in Sources */,
				9AC5D0F12782BBEB007EAA28 /* HorCollapsibleMind3.swift in Sources */,
				9A0474B427715FB200571D66 /* MainTabView.swift in Sources */,
				9A1D536227ACE2E3009294C1 /* SubFolderButtonImage.swift in Sources */,
				9AC5D10C27840554007EAA28 /* DeeepMemo.xcdatamodeld in Sources */,
			);
			runOnlyForDeploymentPostprocessing = 0;
		};
		9AC5D11127840609007EAA28 /* Sources */ = {
			isa = PBXSourcesBuildPhase;
			buildActionMask = 2147483647;
			files = (
				9AC5D20927856E7D007EAA28 /* FolderTests.swift in Sources */,
				9AC5D20C27856F2F007EAA28 /* MemoTests.swift in Sources */,
			);
			runOnlyForDeploymentPostprocessing = 0;
		};
		9AC5D1DC27854266007EAA28 /* Sources */ = {
			isa = PBXSourcesBuildPhase;
			buildActionMask = 2147483647;
			files = (
				9AC5D23E278D8435007EAA28 /* textFieldTestview.swift in Sources */,
				9A1D535A27A925A1009294C1 /* TitleWithLevelView.swift in Sources */,
				9A3377FE27915C2900805138 /* MemoMsg.swift in Sources */,
				9A33786B27993ACA00805138 /* FolderOverView.swift in Sources */,
				9AC5D1E527854266007EAA28 /* ContentView.swift in Sources */,
				9A046CCA27B3A042003169C7 /* BookMarkedMemoBoxView.swift in Sources */,
				9A337897279A6F3C00805138 /* MemoEditViewModel.swift in Sources */,
				9A1D535D27A92F10009294C1 /* OrderingButtonLabel.swift in Sources */,
				9A33789A279A76B100805138 /* FolderViewTest.swift in Sources */,
				9A33789B279A76B700805138 /* MainView.swift in Sources */,
				9A1D854027A16BE800B00156 /* SubMemoList.swift in Sources */,
				9A337891279A56C500805138 /* FolderEditViewModel.swift in Sources */,
				9A3378082796A5CB00805138 /* FilteredMemoList.swift in Sources */,
				9A33788B27996F8300805138 /* ContainedMemos.swift in Sources */,
				E545D1D7278C04CD00363BE3 /* ChangeMemoVarsTestView.swift in Sources */,
				9AC5D22C278BCD54007EAA28 /* SubFoldersToolView.swift in Sources */,
				9AC5D1E327854266007EAA28 /* macOSMemoApp.swift in Sources */,
				9A1D536727ACE516009294C1 /* DeeepMemoApp.swift in Sources */,
				9AC3B0DF279BCDAC008D378B /* VerCollapsibleFolder.swift in Sources */,
				9AC5D21A2786F773007EAA28 /* HomeViewPrev.swift in Sources */,
				9A33789C279A76C300805138 /* FolderLabelView3.swift in Sources */,
				9AC5D1EF27854267007EAA28 /* macOSMemo.xcdatamodeld in Sources */,
				9AC5D21427857993007EAA28 /* CoreDataTestView.swift in Sources */,
				9AC5D1F827854405007EAA28 /* DeeepMemo.xcdatamodeld in Sources */,
				E596A6C627AD8D5000076E95 /* OrderViewModel.swift in Sources */,
				9A337899279A76AF00805138 /* FolderView2.swift in Sources */,
				9A1D536627ACE454009294C1 /* MindMapView.swift in Sources */,
				9A1D854627A24F9400B00156 /* SubFolderView.swift in Sources */,
				9AC5D232278BE711007EAA28 /* ChangeFolderTitleTestView.swift in Sources */,
				9A1D853A279FF32400B00156 /* DynamicFolderCell.swift in Sources */,
				9A33780B2796B10E00805138 /* HomeView.swift in Sources */,
				9A3378022795736200805138 /* ColorExt.swift in Sources */,
				9AC5D235278C3145007EAA28 /* MemoList2.swift in Sources */,
				9A337805279576CC00805138 /* testView.swift in Sources */,
				9A337894279A5C9600805138 /* HierarchyLabelView.swift in Sources */,
				9A1D536527ACE439009294C1 /* FolderView.swift in Sources */,
				9AC5D20227855C0B007EAA28 /* Persistence.swift in Sources */,
				9A1D536327ACE2E3009294C1 /* SubFolderButtonImage.swift in Sources */,
				9A1D536027A93C51009294C1 /* PrettyTextFieldAlert.swift in Sources */,
			);
			runOnlyForDeploymentPostprocessing = 0;
		};
/* End PBXSourcesBuildPhase section */

/* Begin PBXTargetDependency section */
		9AC5D11A27840609007EAA28 /* PBXTargetDependency */ = {
			isa = PBXTargetDependency;
			target = 9A04749B27715D1300571D66 /* DeeepMemo (iOS) */;
			targetProxy = 9AC5D11927840609007EAA28 /* PBXContainerItemProxy */;
		};
/* End PBXTargetDependency section */

/* Begin XCBuildConfiguration section */
		9A0474AB27715D1400571D66 /* Debug */ = {
			isa = XCBuildConfiguration;
			buildSettings = {
				ALWAYS_SEARCH_USER_PATHS = NO;
				CLANG_ANALYZER_NONNULL = YES;
				CLANG_ANALYZER_NUMBER_OBJECT_CONVERSION = YES_AGGRESSIVE;
				CLANG_CXX_LANGUAGE_STANDARD = "gnu++17";
				CLANG_CXX_LIBRARY = "libc++";
				CLANG_ENABLE_MODULES = YES;
				CLANG_ENABLE_OBJC_ARC = YES;
				CLANG_ENABLE_OBJC_WEAK = YES;
				CLANG_WARN_BLOCK_CAPTURE_AUTORELEASING = YES;
				CLANG_WARN_BOOL_CONVERSION = YES;
				CLANG_WARN_COMMA = YES;
				CLANG_WARN_CONSTANT_CONVERSION = YES;
				CLANG_WARN_DEPRECATED_OBJC_IMPLEMENTATIONS = YES;
				CLANG_WARN_DIRECT_OBJC_ISA_USAGE = YES_ERROR;
				CLANG_WARN_DOCUMENTATION_COMMENTS = YES;
				CLANG_WARN_EMPTY_BODY = YES;
				CLANG_WARN_ENUM_CONVERSION = YES;
				CLANG_WARN_INFINITE_RECURSION = YES;
				CLANG_WARN_INT_CONVERSION = YES;
				CLANG_WARN_NON_LITERAL_NULL_CONVERSION = YES;
				CLANG_WARN_OBJC_IMPLICIT_RETAIN_SELF = YES;
				CLANG_WARN_OBJC_LITERAL_CONVERSION = YES;
				CLANG_WARN_OBJC_ROOT_CLASS = YES_ERROR;
				CLANG_WARN_QUOTED_INCLUDE_IN_FRAMEWORK_HEADER = YES;
				CLANG_WARN_RANGE_LOOP_ANALYSIS = YES;
				CLANG_WARN_STRICT_PROTOTYPES = YES;
				CLANG_WARN_SUSPICIOUS_MOVE = YES;
				CLANG_WARN_UNGUARDED_AVAILABILITY = YES_AGGRESSIVE;
				CLANG_WARN_UNREACHABLE_CODE = YES;
				CLANG_WARN__DUPLICATE_METHOD_MATCH = YES;
				COPY_PHASE_STRIP = NO;
				DEBUG_INFORMATION_FORMAT = dwarf;
				ENABLE_STRICT_OBJC_MSGSEND = YES;
				ENABLE_TESTABILITY = YES;
				GCC_C_LANGUAGE_STANDARD = gnu11;
				GCC_DYNAMIC_NO_PIC = NO;
				GCC_NO_COMMON_BLOCKS = YES;
				GCC_OPTIMIZATION_LEVEL = 0;
				GCC_PREPROCESSOR_DEFINITIONS = (
					"DEBUG=1",
					"$(inherited)",
				);
				GCC_WARN_64_TO_32_BIT_CONVERSION = YES;
				GCC_WARN_ABOUT_RETURN_TYPE = YES_ERROR;
				GCC_WARN_UNDECLARED_SELECTOR = YES;
				GCC_WARN_UNINITIALIZED_AUTOS = YES_AGGRESSIVE;
				GCC_WARN_UNUSED_FUNCTION = YES;
				GCC_WARN_UNUSED_VARIABLE = YES;
				MTL_ENABLE_DEBUG_INFO = INCLUDE_SOURCE;
				MTL_FAST_MATH = YES;
				ONLY_ACTIVE_ARCH = YES;
				SWIFT_ACTIVE_COMPILATION_CONDITIONS = DEBUG;
				SWIFT_OPTIMIZATION_LEVEL = "-Onone";
			};
			name = Debug;
		};
		9A0474AC27715D1400571D66 /* Release */ = {
			isa = XCBuildConfiguration;
			buildSettings = {
				ALWAYS_SEARCH_USER_PATHS = NO;
				CLANG_ANALYZER_NONNULL = YES;
				CLANG_ANALYZER_NUMBER_OBJECT_CONVERSION = YES_AGGRESSIVE;
				CLANG_CXX_LANGUAGE_STANDARD = "gnu++17";
				CLANG_CXX_LIBRARY = "libc++";
				CLANG_ENABLE_MODULES = YES;
				CLANG_ENABLE_OBJC_ARC = YES;
				CLANG_ENABLE_OBJC_WEAK = YES;
				CLANG_WARN_BLOCK_CAPTURE_AUTORELEASING = YES;
				CLANG_WARN_BOOL_CONVERSION = YES;
				CLANG_WARN_COMMA = YES;
				CLANG_WARN_CONSTANT_CONVERSION = YES;
				CLANG_WARN_DEPRECATED_OBJC_IMPLEMENTATIONS = YES;
				CLANG_WARN_DIRECT_OBJC_ISA_USAGE = YES_ERROR;
				CLANG_WARN_DOCUMENTATION_COMMENTS = YES;
				CLANG_WARN_EMPTY_BODY = YES;
				CLANG_WARN_ENUM_CONVERSION = YES;
				CLANG_WARN_INFINITE_RECURSION = YES;
				CLANG_WARN_INT_CONVERSION = YES;
				CLANG_WARN_NON_LITERAL_NULL_CONVERSION = YES;
				CLANG_WARN_OBJC_IMPLICIT_RETAIN_SELF = YES;
				CLANG_WARN_OBJC_LITERAL_CONVERSION = YES;
				CLANG_WARN_OBJC_ROOT_CLASS = YES_ERROR;
				CLANG_WARN_QUOTED_INCLUDE_IN_FRAMEWORK_HEADER = YES;
				CLANG_WARN_RANGE_LOOP_ANALYSIS = YES;
				CLANG_WARN_STRICT_PROTOTYPES = YES;
				CLANG_WARN_SUSPICIOUS_MOVE = YES;
				CLANG_WARN_UNGUARDED_AVAILABILITY = YES_AGGRESSIVE;
				CLANG_WARN_UNREACHABLE_CODE = YES;
				CLANG_WARN__DUPLICATE_METHOD_MATCH = YES;
				COPY_PHASE_STRIP = NO;
				DEBUG_INFORMATION_FORMAT = "dwarf-with-dsym";
				ENABLE_NS_ASSERTIONS = NO;
				ENABLE_STRICT_OBJC_MSGSEND = YES;
				GCC_C_LANGUAGE_STANDARD = gnu11;
				GCC_NO_COMMON_BLOCKS = YES;
				GCC_WARN_64_TO_32_BIT_CONVERSION = YES;
				GCC_WARN_ABOUT_RETURN_TYPE = YES_ERROR;
				GCC_WARN_UNDECLARED_SELECTOR = YES;
				GCC_WARN_UNINITIALIZED_AUTOS = YES_AGGRESSIVE;
				GCC_WARN_UNUSED_FUNCTION = YES;
				GCC_WARN_UNUSED_VARIABLE = YES;
				MTL_ENABLE_DEBUG_INFO = NO;
				MTL_FAST_MATH = YES;
				SWIFT_COMPILATION_MODE = wholemodule;
				SWIFT_OPTIMIZATION_LEVEL = "-O";
			};
			name = Release;
		};
		9A0474AE27715D1400571D66 /* Debug */ = {
			isa = XCBuildConfiguration;
			buildSettings = {
				ASSETCATALOG_COMPILER_APPICON_NAME = AppIcon;
				ASSETCATALOG_COMPILER_GLOBAL_ACCENT_COLOR_NAME = AccentColor;
				CODE_SIGN_ENTITLEMENTS = "DeeepMemo (iOS).entitlements";
				CODE_SIGN_STYLE = Automatic;
				CURRENT_PROJECT_VERSION = 1;
				DEVELOPMENT_TEAM = F23GD77ZRK;
				ENABLE_PREVIEWS = YES;
				GENERATE_INFOPLIST_FILE = YES;
				INFOPLIST_FILE = "DeeepMemo--iOS--Info.plist";
				INFOPLIST_KEY_NSPhotoLibraryUsageDescription = "";
				INFOPLIST_KEY_UIApplicationSceneManifest_Generation = YES;
				INFOPLIST_KEY_UIApplicationSupportsIndirectInputEvents = YES;
				INFOPLIST_KEY_UILaunchScreen_Generation = YES;
				INFOPLIST_KEY_UISupportedInterfaceOrientations = UIInterfaceOrientationPortrait;
				INFOPLIST_KEY_UISupportedInterfaceOrientations_iPad = "UIInterfaceOrientationPortrait UIInterfaceOrientationPortraitUpsideDown UIInterfaceOrientationLandscapeLeft UIInterfaceOrientationLandscapeRight";
				INFOPLIST_KEY_UISupportedInterfaceOrientations_iPhone = "UIInterfaceOrientationPortrait UIInterfaceOrientationLandscapeLeft UIInterfaceOrientationLandscapeRight";
				IPHONEOS_DEPLOYMENT_TARGET = 15.2;
				LD_RUNPATH_SEARCH_PATHS = (
					"$(inherited)",
					"@executable_path/Frameworks",
				);
				MARKETING_VERSION = 1.0;
				PRODUCT_BUNDLE_IDENTIFIER = "hanmok-main.DeeepMemo";
				PRODUCT_NAME = DeeepMemo;
				SDKROOT = iphoneos;
				SWIFT_EMIT_LOC_STRINGS = YES;
				SWIFT_VERSION = 5.0;
				TARGETED_DEVICE_FAMILY = "1,2";
			};
			name = Debug;
		};
		9A0474AF27715D1400571D66 /* Release */ = {
			isa = XCBuildConfiguration;
			buildSettings = {
				ASSETCATALOG_COMPILER_APPICON_NAME = AppIcon;
				ASSETCATALOG_COMPILER_GLOBAL_ACCENT_COLOR_NAME = AccentColor;
				CODE_SIGN_ENTITLEMENTS = "DeeepMemo (iOS).entitlements";
				CODE_SIGN_STYLE = Automatic;
				CURRENT_PROJECT_VERSION = 1;
				DEVELOPMENT_TEAM = F23GD77ZRK;
				ENABLE_PREVIEWS = YES;
				GENERATE_INFOPLIST_FILE = YES;
				INFOPLIST_FILE = "DeeepMemo--iOS--Info.plist";
				INFOPLIST_KEY_NSPhotoLibraryUsageDescription = "";
				INFOPLIST_KEY_UIApplicationSceneManifest_Generation = YES;
				INFOPLIST_KEY_UIApplicationSupportsIndirectInputEvents = YES;
				INFOPLIST_KEY_UILaunchScreen_Generation = YES;
				INFOPLIST_KEY_UISupportedInterfaceOrientations = UIInterfaceOrientationPortrait;
				INFOPLIST_KEY_UISupportedInterfaceOrientations_iPad = "UIInterfaceOrientationPortrait UIInterfaceOrientationPortraitUpsideDown UIInterfaceOrientationLandscapeLeft UIInterfaceOrientationLandscapeRight";
				INFOPLIST_KEY_UISupportedInterfaceOrientations_iPhone = "UIInterfaceOrientationPortrait UIInterfaceOrientationLandscapeLeft UIInterfaceOrientationLandscapeRight";
				IPHONEOS_DEPLOYMENT_TARGET = 15.2;
				LD_RUNPATH_SEARCH_PATHS = (
					"$(inherited)",
					"@executable_path/Frameworks",
				);
				MARKETING_VERSION = 1.0;
				PRODUCT_BUNDLE_IDENTIFIER = "hanmok-main.DeeepMemo";
				PRODUCT_NAME = DeeepMemo;
				SDKROOT = iphoneos;
				SWIFT_EMIT_LOC_STRINGS = YES;
				SWIFT_VERSION = 5.0;
				TARGETED_DEVICE_FAMILY = "1,2";
				VALIDATE_PRODUCT = YES;
			};
			name = Release;
		};
		9AC5D11C27840609007EAA28 /* Debug */ = {
			isa = XCBuildConfiguration;
			buildSettings = {
				BUNDLE_LOADER = "$(TEST_HOST)";
				CLANG_ENABLE_MODULES = YES;
				CODE_SIGN_STYLE = Automatic;
				CURRENT_PROJECT_VERSION = 1;
				DEVELOPMENT_TEAM = F23GD77ZRK;
				GENERATE_INFOPLIST_FILE = YES;
				IPHONEOS_DEPLOYMENT_TARGET = 15.2;
				LD_RUNPATH_SEARCH_PATHS = (
					"$(inherited)",
					"@executable_path/Frameworks",
					"@loader_path/Frameworks",
				);
				MARKETING_VERSION = 1.0;
				PRODUCT_BUNDLE_IDENTIFIER = "hanmok-main.DeeepMemoTests";
				PRODUCT_NAME = "$(TARGET_NAME)";
				SDKROOT = iphoneos;
				SWIFT_EMIT_LOC_STRINGS = NO;
				SWIFT_OBJC_BRIDGING_HEADER = "DeeepMemoTests-Bridging-Header.h";
				SWIFT_OPTIMIZATION_LEVEL = "-Onone";
				SWIFT_VERSION = 5.0;
				TARGETED_DEVICE_FAMILY = "1,2";
				TEST_HOST = "$(BUILT_PRODUCTS_DIR)/DeeepMemo.app/DeeepMemo";
			};
			name = Debug;
		};
		9AC5D11D27840609007EAA28 /* Release */ = {
			isa = XCBuildConfiguration;
			buildSettings = {
				BUNDLE_LOADER = "$(TEST_HOST)";
				CLANG_ENABLE_MODULES = YES;
				CODE_SIGN_STYLE = Automatic;
				CURRENT_PROJECT_VERSION = 1;
				DEVELOPMENT_TEAM = F23GD77ZRK;
				GENERATE_INFOPLIST_FILE = YES;
				IPHONEOS_DEPLOYMENT_TARGET = 15.2;
				LD_RUNPATH_SEARCH_PATHS = (
					"$(inherited)",
					"@executable_path/Frameworks",
					"@loader_path/Frameworks",
				);
				MARKETING_VERSION = 1.0;
				PRODUCT_BUNDLE_IDENTIFIER = "hanmok-main.DeeepMemoTests";
				PRODUCT_NAME = "$(TARGET_NAME)";
				SDKROOT = iphoneos;
				SWIFT_EMIT_LOC_STRINGS = NO;
				SWIFT_OBJC_BRIDGING_HEADER = "DeeepMemoTests-Bridging-Header.h";
				SWIFT_VERSION = 5.0;
				TARGETED_DEVICE_FAMILY = "1,2";
				TEST_HOST = "$(BUILT_PRODUCTS_DIR)/DeeepMemo.app/DeeepMemo";
				VALIDATE_PRODUCT = YES;
			};
			name = Release;
		};
		9AC5D1F227854268007EAA28 /* Debug */ = {
			isa = XCBuildConfiguration;
			buildSettings = {
				ASSETCATALOG_COMPILER_APPICON_NAME = AppIcon;
				ASSETCATALOG_COMPILER_GLOBAL_ACCENT_COLOR_NAME = AccentColor;
				CODE_SIGN_ENTITLEMENTS = macOSMemo/macOSMemo.entitlements;
				CODE_SIGN_IDENTITY = "-";
				CODE_SIGN_STYLE = Automatic;
				COMBINE_HIDPI_IMAGES = YES;
				CURRENT_PROJECT_VERSION = 1;
				DEVELOPMENT_ASSET_PATHS = "\"macOSMemo/Preview Content\"";
				DEVELOPMENT_TEAM = F23GD77ZRK;
				ENABLE_HARDENED_RUNTIME = YES;
				ENABLE_PREVIEWS = YES;
				GENERATE_INFOPLIST_FILE = YES;
				INFOPLIST_KEY_NSHumanReadableCopyright = "";
				LD_RUNPATH_SEARCH_PATHS = (
					"$(inherited)",
					"@executable_path/../Frameworks",
				);
				MACOSX_DEPLOYMENT_TARGET = 12.0;
				MARKETING_VERSION = 1.0;
				PRODUCT_BUNDLE_IDENTIFIER = "hanmok-main.macOSMemo";
				PRODUCT_NAME = "$(TARGET_NAME)";
				SDKROOT = macosx;
				SWIFT_EMIT_LOC_STRINGS = YES;
				SWIFT_VERSION = 5.0;
			};
			name = Debug;
		};
		9AC5D1F327854268007EAA28 /* Release */ = {
			isa = XCBuildConfiguration;
			buildSettings = {
				ASSETCATALOG_COMPILER_APPICON_NAME = AppIcon;
				ASSETCATALOG_COMPILER_GLOBAL_ACCENT_COLOR_NAME = AccentColor;
				CODE_SIGN_ENTITLEMENTS = macOSMemo/macOSMemo.entitlements;
				CODE_SIGN_IDENTITY = "-";
				CODE_SIGN_STYLE = Automatic;
				COMBINE_HIDPI_IMAGES = YES;
				CURRENT_PROJECT_VERSION = 1;
				DEVELOPMENT_ASSET_PATHS = "\"macOSMemo/Preview Content\"";
				DEVELOPMENT_TEAM = F23GD77ZRK;
				ENABLE_HARDENED_RUNTIME = YES;
				ENABLE_PREVIEWS = YES;
				GENERATE_INFOPLIST_FILE = YES;
				INFOPLIST_KEY_NSHumanReadableCopyright = "";
				LD_RUNPATH_SEARCH_PATHS = (
					"$(inherited)",
					"@executable_path/../Frameworks",
				);
				MACOSX_DEPLOYMENT_TARGET = 12.0;
				MARKETING_VERSION = 1.0;
				PRODUCT_BUNDLE_IDENTIFIER = "hanmok-main.macOSMemo";
				PRODUCT_NAME = "$(TARGET_NAME)";
				SDKROOT = macosx;
				SWIFT_EMIT_LOC_STRINGS = YES;
				SWIFT_VERSION = 5.0;
			};
			name = Release;
		};
/* End XCBuildConfiguration section */

/* Begin XCConfigurationList section */
		9A04749327715D1100571D66 /* Build configuration list for PBXProject "DeeepMemo" */ = {
			isa = XCConfigurationList;
			buildConfigurations = (
				9A0474AB27715D1400571D66 /* Debug */,
				9A0474AC27715D1400571D66 /* Release */,
			);
			defaultConfigurationIsVisible = 0;
			defaultConfigurationName = Release;
		};
		9A0474AD27715D1400571D66 /* Build configuration list for PBXNativeTarget "DeeepMemo (iOS)" */ = {
			isa = XCConfigurationList;
			buildConfigurations = (
				9A0474AE27715D1400571D66 /* Debug */,
				9A0474AF27715D1400571D66 /* Release */,
			);
			defaultConfigurationIsVisible = 0;
			defaultConfigurationName = Release;
		};
		9AC5D11B27840609007EAA28 /* Build configuration list for PBXNativeTarget "DeeepMemoTests" */ = {
			isa = XCConfigurationList;
			buildConfigurations = (
				9AC5D11C27840609007EAA28 /* Debug */,
				9AC5D11D27840609007EAA28 /* Release */,
			);
			defaultConfigurationIsVisible = 0;
			defaultConfigurationName = Release;
		};
		9AC5D1F127854268007EAA28 /* Build configuration list for PBXNativeTarget "macOSMemo" */ = {
			isa = XCConfigurationList;
			buildConfigurations = (
				9AC5D1F227854268007EAA28 /* Debug */,
				9AC5D1F327854268007EAA28 /* Release */,
			);
			defaultConfigurationIsVisible = 0;
			defaultConfigurationName = Release;
		};
/* End XCConfigurationList section */

/* Begin XCVersionGroup section */
		9AC5D10A27840554007EAA28 /* DeeepMemo.xcdatamodeld */ = {
			isa = XCVersionGroup;
			children = (
				9AC5D10B27840554007EAA28 /* Model.xcdatamodel */,
			);
			currentVersion = 9AC5D10B27840554007EAA28 /* Model.xcdatamodel */;
			path = DeeepMemo.xcdatamodeld;
			sourceTree = "<group>";
			versionGroupType = wrapper.xcdatamodel;
		};
		9AC5D1ED27854267007EAA28 /* macOSMemo.xcdatamodeld */ = {
			isa = XCVersionGroup;
			children = (
				9AC5D1EE27854267007EAA28 /* macOSMemo.xcdatamodel */,
			);
			currentVersion = 9AC5D1EE27854267007EAA28 /* macOSMemo.xcdatamodel */;
			path = macOSMemo.xcdatamodeld;
			sourceTree = "<group>";
			versionGroupType = wrapper.xcdatamodel;
		};
/* End XCVersionGroup section */
	};
	rootObject = 9A04749027715D1100571D66 /* Project object */;
}
