// !$*UTF8*$!
{
	archiveVersion = 1;
	classes = {
	};
	objectVersion = 55;
	objects = {

/* Begin PBXBuildFile section */
		9A0474A527715D1400571D66 /* DeeepMemoApp.swift in Sources */ = {isa = PBXBuildFile; fileRef = 9A04749527715D1200571D66 /* DeeepMemoApp.swift */; };
		9A0474A627715D1400571D66 /* DeeepMemoApp.swift in Sources */ = {isa = PBXBuildFile; fileRef = 9A04749527715D1200571D66 /* DeeepMemoApp.swift */; };
		9A0474A727715D1400571D66 /* MainView.swift in Sources */ = {isa = PBXBuildFile; fileRef = 9A04749627715D1200571D66 /* MainView.swift */; };
		9A0474A827715D1400571D66 /* MainView.swift in Sources */ = {isa = PBXBuildFile; fileRef = 9A04749627715D1200571D66 /* MainView.swift */; };
		9A0474A927715D1400571D66 /* Assets.xcassets in Resources */ = {isa = PBXBuildFile; fileRef = 9A04749727715D1300571D66 /* Assets.xcassets */; };
		9A0474AA27715D1400571D66 /* Assets.xcassets in Resources */ = {isa = PBXBuildFile; fileRef = 9A04749727715D1300571D66 /* Assets.xcassets */; };
		9A0474B427715FB200571D66 /* MainTabView.swift in Sources */ = {isa = PBXBuildFile; fileRef = 9A0474B327715FB200571D66 /* MainTabView.swift */; };
		9A0474B527715FB200571D66 /* MainTabView.swift in Sources */ = {isa = PBXBuildFile; fileRef = 9A0474B327715FB200571D66 /* MainTabView.swift */; };
		9A0474B727716BD300571D66 /* MemoStruct.swift in Sources */ = {isa = PBXBuildFile; fileRef = 9A0474B627716BD300571D66 /* MemoStruct.swift */; };
		9A0474B827716BD300571D66 /* MemoStruct.swift in Sources */ = {isa = PBXBuildFile; fileRef = 9A0474B627716BD300571D66 /* MemoStruct.swift */; };
		9A0474BD27716E0000571D66 /* FolderView.swift in Sources */ = {isa = PBXBuildFile; fileRef = 9A0474BC27716E0000571D66 /* FolderView.swift */; };
		9A0474BE27716E0000571D66 /* FolderView.swift in Sources */ = {isa = PBXBuildFile; fileRef = 9A0474BC27716E0000571D66 /* FolderView.swift */; };
		9A0474C02771709D00571D66 /* OverallMemo in Resources */ = {isa = PBXBuildFile; fileRef = 9A0474BF2771709D00571D66 /* OverallMemo */; };
		9A0474C12771709D00571D66 /* OverallMemo in Resources */ = {isa = PBXBuildFile; fileRef = 9A0474BF2771709D00571D66 /* OverallMemo */; };
		9A0474C32771740400571D66 /* NavigationText.swift in Sources */ = {isa = PBXBuildFile; fileRef = 9A0474C22771740400571D66 /* NavigationText.swift */; };
		9A0474C42771740400571D66 /* NavigationText.swift in Sources */ = {isa = PBXBuildFile; fileRef = 9A0474C22771740400571D66 /* NavigationText.swift */; };
		9A895823277179E100E7B773 /* PlusImage.swift in Sources */ = {isa = PBXBuildFile; fileRef = 9A895822277179E100E7B773 /* PlusImage.swift */; };
		9A895824277179E100E7B773 /* PlusImage.swift in Sources */ = {isa = PBXBuildFile; fileRef = 9A895822277179E100E7B773 /* PlusImage.swift */; };
		9A89582727717EB500E7B773 /* Sizes.swift in Sources */ = {isa = PBXBuildFile; fileRef = 9A89582627717EB500E7B773 /* Sizes.swift */; };
		9A89582827717EB500E7B773 /* Sizes.swift in Sources */ = {isa = PBXBuildFile; fileRef = 9A89582627717EB500E7B773 /* Sizes.swift */; };
		9A89582A27719E1800E7B773 /* SubFolderList.swift in Sources */ = {isa = PBXBuildFile; fileRef = 9A89582927719E1800E7B773 /* SubFolderList.swift */; };
		9A89582B27719E1800E7B773 /* SubFolderList.swift in Sources */ = {isa = PBXBuildFile; fileRef = 9A89582927719E1800E7B773 /* SubFolderList.swift */; };
		9A89582D2771BE1000E7B773 /* MemoView.swift in Sources */ = {isa = PBXBuildFile; fileRef = 9A89582C2771BE1000E7B773 /* MemoView.swift */; };
		9A89582E2771BE1000E7B773 /* MemoView.swift in Sources */ = {isa = PBXBuildFile; fileRef = 9A89582C2771BE1000E7B773 /* MemoView.swift */; };
		9A98E7522772C17500057A84 /* CustomTextEditor.swift in Sources */ = {isa = PBXBuildFile; fileRef = 9A98E7512772C17500057A84 /* CustomTextEditor.swift */; };
		9A98E7532772C17500057A84 /* CustomTextEditor.swift in Sources */ = {isa = PBXBuildFile; fileRef = 9A98E7512772C17500057A84 /* CustomTextEditor.swift */; };
		9A98E7552772D28C00057A84 /* ChangeableImage.swift in Sources */ = {isa = PBXBuildFile; fileRef = 9A98E7542772D28C00057A84 /* ChangeableImage.swift */; };
		9A98E7562772D28C00057A84 /* ChangeableImage.swift in Sources */ = {isa = PBXBuildFile; fileRef = 9A98E7542772D28C00057A84 /* ChangeableImage.swift */; };
		9A98E7582773021200057A84 /* ModelTest.swift in Sources */ = {isa = PBXBuildFile; fileRef = 9A98E7572773021200057A84 /* ModelTest.swift */; };
		9A98E7592773021200057A84 /* ModelTest.swift in Sources */ = {isa = PBXBuildFile; fileRef = 9A98E7572773021200057A84 /* ModelTest.swift */; };
		9AC5D0F12782BBEB007EAA28 /* HorCollapsibleMind.swift in Sources */ = {isa = PBXBuildFile; fileRef = 9AC5D0F02782BBEB007EAA28 /* HorCollapsibleMind.swift */; };
		9AC5D0F22782BBEB007EAA28 /* HorCollapsibleMind.swift in Sources */ = {isa = PBXBuildFile; fileRef = 9AC5D0F02782BBEB007EAA28 /* HorCollapsibleMind.swift */; };
		9AD6EEBE277AC9F700866456 /* SubFolderToolBarView.swift in Sources */ = {isa = PBXBuildFile; fileRef = 9AD6EEBD277AC9F700866456 /* SubFolderToolBarView.swift */; };
		9AD6EEBF277AC9F700866456 /* SubFolderToolBarView.swift in Sources */ = {isa = PBXBuildFile; fileRef = 9AD6EEBD277AC9F700866456 /* SubFolderToolBarView.swift */; };
		9AD6EEC1277AD3EA00866456 /* MemosToolBarView.swift in Sources */ = {isa = PBXBuildFile; fileRef = 9AD6EEC0277AD3EA00866456 /* MemosToolBarView.swift */; };
		9AD6EEC2277AD3EA00866456 /* MemosToolBarView.swift in Sources */ = {isa = PBXBuildFile; fileRef = 9AD6EEC0277AD3EA00866456 /* MemosToolBarView.swift */; };
		9AD6EEC4277C2C8A00866456 /* MemoBoxView.swift in Sources */ = {isa = PBXBuildFile; fileRef = 9AD6EEC3277C2C8A00866456 /* MemoBoxView.swift */; };
		9AD6EEC5277C2C8A00866456 /* MemoBoxView.swift in Sources */ = {isa = PBXBuildFile; fileRef = 9AD6EEC3277C2C8A00866456 /* MemoBoxView.swift */; };
		9AD6EEC7277C36AF00866456 /* MemoViewModel.swift in Sources */ = {isa = PBXBuildFile; fileRef = 9AD6EEC6277C36AF00866456 /* MemoViewModel.swift */; };
		9AD6EEC8277C36AF00866456 /* MemoViewModel.swift in Sources */ = {isa = PBXBuildFile; fileRef = 9AD6EEC6277C36AF00866456 /* MemoViewModel.swift */; };
		9AD6EECA277C3E3E00866456 /* Extensions.swift in Sources */ = {isa = PBXBuildFile; fileRef = 9AD6EEC9277C3E3E00866456 /* Extensions.swift */; };
		9AD6EECB277C3E3E00866456 /* Extensions.swift in Sources */ = {isa = PBXBuildFile; fileRef = 9AD6EEC9277C3E3E00866456 /* Extensions.swift */; };
		9AD6EF11277D9DF100866456 /* MemoList.swift in Sources */ = {isa = PBXBuildFile; fileRef = 9AD6EF10277D9DF100866456 /* MemoList.swift */; };
		9AD6EF12277D9DF100866456 /* MemoList.swift in Sources */ = {isa = PBXBuildFile; fileRef = 9AD6EF10277D9DF100866456 /* MemoList.swift */; };
		9AD6EF16277DA78800866456 /* PopUpButtonView.swift in Sources */ = {isa = PBXBuildFile; fileRef = 9AD6EF15277DA78800866456 /* PopUpButtonView.swift */; };
		9AD6EF17277DA78800866456 /* PopUpButtonView.swift in Sources */ = {isa = PBXBuildFile; fileRef = 9AD6EF15277DA78800866456 /* PopUpButtonView.swift */; };
		9AD6EF19277DB5DE00866456 /* CollapsibleView.swift in Sources */ = {isa = PBXBuildFile; fileRef = 9AD6EF18277DB5DE00866456 /* CollapsibleView.swift */; };
		9AD6EF1A277DB5DE00866456 /* CollapsibleView.swift in Sources */ = {isa = PBXBuildFile; fileRef = 9AD6EF18277DB5DE00866456 /* CollapsibleView.swift */; };
		9AD6EF1C277DBD9F00866456 /* CollapsibleFolderList.swift in Sources */ = {isa = PBXBuildFile; fileRef = 9AD6EF1B277DBD9F00866456 /* CollapsibleFolderList.swift */; };
		9AD6EF1D277DBD9F00866456 /* CollapsibleFolderList.swift in Sources */ = {isa = PBXBuildFile; fileRef = 9AD6EF1B277DBD9F00866456 /* CollapsibleFolderList.swift */; };
		9AD6EF20277DC1AD00866456 /* TestLazyAndScrollView.swift in Sources */ = {isa = PBXBuildFile; fileRef = 9AD6EF1F277DC1AD00866456 /* TestLazyAndScrollView.swift */; };
		9AD6EF21277DC1AD00866456 /* TestLazyAndScrollView.swift in Sources */ = {isa = PBXBuildFile; fileRef = 9AD6EF1F277DC1AD00866456 /* TestLazyAndScrollView.swift */; };
		9AD6EF23277DCDFF00866456 /* SubFolderView.swift in Sources */ = {isa = PBXBuildFile; fileRef = 9AD6EF22277DCDFF00866456 /* SubFolderView.swift */; };
		9AD6EF24277DCDFF00866456 /* SubFolderView.swift in Sources */ = {isa = PBXBuildFile; fileRef = 9AD6EF22277DCDFF00866456 /* SubFolderView.swift */; };
		9AD6EF26277EC5CF00866456 /* MindMapView.swift in Sources */ = {isa = PBXBuildFile; fileRef = 9AD6EF25277EC5CF00866456 /* MindMapView.swift */; };
		9AD6EF27277EC5CF00866456 /* MindMapView.swift in Sources */ = {isa = PBXBuildFile; fileRef = 9AD6EF25277EC5CF00866456 /* MindMapView.swift */; };
		9AD6EF2A277EC65300866456 /* MindNodeView.swift in Sources */ = {isa = PBXBuildFile; fileRef = 9AD6EF29277EC65300866456 /* MindNodeView.swift */; };
		9AD6EF2B277EC65300866456 /* MindNodeView.swift in Sources */ = {isa = PBXBuildFile; fileRef = 9AD6EF29277EC65300866456 /* MindNodeView.swift */; };
		9AD6EF2D277EDCC500866456 /* CollapsibleMind.swift in Sources */ = {isa = PBXBuildFile; fileRef = 9AD6EF2C277EDCC500866456 /* CollapsibleMind.swift */; };
		9AD6EF2E277EDCC500866456 /* CollapsibleMind.swift in Sources */ = {isa = PBXBuildFile; fileRef = 9AD6EF2C277EDCC500866456 /* CollapsibleMind.swift */; };
/* End PBXBuildFile section */

/* Begin PBXFileReference section */
		9A04749527715D1200571D66 /* DeeepMemoApp.swift */ = {isa = PBXFileReference; lastKnownFileType = sourcecode.swift; path = DeeepMemoApp.swift; sourceTree = "<group>"; };
		9A04749627715D1200571D66 /* MainView.swift */ = {isa = PBXFileReference; lastKnownFileType = sourcecode.swift; path = MainView.swift; sourceTree = "<group>"; };
		9A04749727715D1300571D66 /* Assets.xcassets */ = {isa = PBXFileReference; lastKnownFileType = folder.assetcatalog; path = Assets.xcassets; sourceTree = "<group>"; };
		9A04749C27715D1300571D66 /* DeeepMemo.app */ = {isa = PBXFileReference; explicitFileType = wrapper.application; includeInIndex = 0; path = DeeepMemo.app; sourceTree = BUILT_PRODUCTS_DIR; };
		9A0474A227715D1400571D66 /* DeeepMemo.app */ = {isa = PBXFileReference; explicitFileType = wrapper.application; includeInIndex = 0; path = DeeepMemo.app; sourceTree = BUILT_PRODUCTS_DIR; };
		9A0474A427715D1400571D66 /* macOS.entitlements */ = {isa = PBXFileReference; lastKnownFileType = text.plist.entitlements; path = macOS.entitlements; sourceTree = "<group>"; };
		9A0474B327715FB200571D66 /* MainTabView.swift */ = {isa = PBXFileReference; lastKnownFileType = sourcecode.swift; path = MainTabView.swift; sourceTree = "<group>"; };
		9A0474B627716BD300571D66 /* MemoStruct.swift */ = {isa = PBXFileReference; lastKnownFileType = sourcecode.swift; path = MemoStruct.swift; sourceTree = "<group>"; };
		9A0474BC27716E0000571D66 /* FolderView.swift */ = {isa = PBXFileReference; lastKnownFileType = sourcecode.swift; path = FolderView.swift; sourceTree = "<group>"; };
		9A0474BF2771709D00571D66 /* OverallMemo */ = {isa = PBXFileReference; lastKnownFileType = text; path = OverallMemo; sourceTree = "<group>"; };
		9A0474C22771740400571D66 /* NavigationText.swift */ = {isa = PBXFileReference; lastKnownFileType = sourcecode.swift; path = NavigationText.swift; sourceTree = "<group>"; };
		9A895822277179E100E7B773 /* PlusImage.swift */ = {isa = PBXFileReference; lastKnownFileType = sourcecode.swift; path = PlusImage.swift; sourceTree = "<group>"; };
		9A89582627717EB500E7B773 /* Sizes.swift */ = {isa = PBXFileReference; lastKnownFileType = sourcecode.swift; path = Sizes.swift; sourceTree = "<group>"; };
		9A89582927719E1800E7B773 /* SubFolderList.swift */ = {isa = PBXFileReference; lastKnownFileType = sourcecode.swift; path = SubFolderList.swift; sourceTree = "<group>"; };
		9A89582C2771BE1000E7B773 /* MemoView.swift */ = {isa = PBXFileReference; lastKnownFileType = sourcecode.swift; path = MemoView.swift; sourceTree = "<group>"; };
		9A98E7512772C17500057A84 /* CustomTextEditor.swift */ = {isa = PBXFileReference; lastKnownFileType = sourcecode.swift; path = CustomTextEditor.swift; sourceTree = "<group>"; };
		9A98E7542772D28C00057A84 /* ChangeableImage.swift */ = {isa = PBXFileReference; lastKnownFileType = sourcecode.swift; path = ChangeableImage.swift; sourceTree = "<group>"; };
		9A98E7572773021200057A84 /* ModelTest.swift */ = {isa = PBXFileReference; lastKnownFileType = sourcecode.swift; path = ModelTest.swift; sourceTree = "<group>"; };
		9AC5D0F02782BBEB007EAA28 /* HorCollapsibleMind.swift */ = {isa = PBXFileReference; lastKnownFileType = sourcecode.swift; path = HorCollapsibleMind.swift; sourceTree = "<group>"; };
		9AD6EEBD277AC9F700866456 /* SubFolderToolBarView.swift */ = {isa = PBXFileReference; lastKnownFileType = sourcecode.swift; path = SubFolderToolBarView.swift; sourceTree = "<group>"; };
		9AD6EEC0277AD3EA00866456 /* MemosToolBarView.swift */ = {isa = PBXFileReference; lastKnownFileType = sourcecode.swift; path = MemosToolBarView.swift; sourceTree = "<group>"; };
		9AD6EEC3277C2C8A00866456 /* MemoBoxView.swift */ = {isa = PBXFileReference; lastKnownFileType = sourcecode.swift; path = MemoBoxView.swift; sourceTree = "<group>"; };
		9AD6EEC6277C36AF00866456 /* MemoViewModel.swift */ = {isa = PBXFileReference; lastKnownFileType = sourcecode.swift; path = MemoViewModel.swift; sourceTree = "<group>"; };
		9AD6EEC9277C3E3E00866456 /* Extensions.swift */ = {isa = PBXFileReference; lastKnownFileType = sourcecode.swift; path = Extensions.swift; sourceTree = "<group>"; };
		9AD6EF10277D9DF100866456 /* MemoList.swift */ = {isa = PBXFileReference; lastKnownFileType = sourcecode.swift; path = MemoList.swift; sourceTree = "<group>"; };
		9AD6EF15277DA78800866456 /* PopUpButtonView.swift */ = {isa = PBXFileReference; lastKnownFileType = sourcecode.swift; path = PopUpButtonView.swift; sourceTree = "<group>"; };
		9AD6EF18277DB5DE00866456 /* CollapsibleView.swift */ = {isa = PBXFileReference; lastKnownFileType = sourcecode.swift; path = CollapsibleView.swift; sourceTree = "<group>"; };
		9AD6EF1B277DBD9F00866456 /* CollapsibleFolderList.swift */ = {isa = PBXFileReference; lastKnownFileType = sourcecode.swift; path = CollapsibleFolderList.swift; sourceTree = "<group>"; };
		9AD6EF1F277DC1AD00866456 /* TestLazyAndScrollView.swift */ = {isa = PBXFileReference; lastKnownFileType = sourcecode.swift; path = TestLazyAndScrollView.swift; sourceTree = "<group>"; };
		9AD6EF22277DCDFF00866456 /* SubFolderView.swift */ = {isa = PBXFileReference; lastKnownFileType = sourcecode.swift; path = SubFolderView.swift; sourceTree = "<group>"; };
		9AD6EF25277EC5CF00866456 /* MindMapView.swift */ = {isa = PBXFileReference; lastKnownFileType = sourcecode.swift; path = MindMapView.swift; sourceTree = "<group>"; };
		9AD6EF29277EC65300866456 /* MindNodeView.swift */ = {isa = PBXFileReference; lastKnownFileType = sourcecode.swift; path = MindNodeView.swift; sourceTree = "<group>"; };
		9AD6EF2C277EDCC500866456 /* CollapsibleMind.swift */ = {isa = PBXFileReference; lastKnownFileType = sourcecode.swift; path = CollapsibleMind.swift; sourceTree = "<group>"; };
/* End PBXFileReference section */

/* Begin PBXFrameworksBuildPhase section */
		9A04749927715D1300571D66 /* Frameworks */ = {
			isa = PBXFrameworksBuildPhase;
			buildActionMask = 2147483647;
			files = (
			);
			runOnlyForDeploymentPostprocessing = 0;
		};
		9A04749F27715D1300571D66 /* Frameworks */ = {
			isa = PBXFrameworksBuildPhase;
			buildActionMask = 2147483647;
			files = (
			);
			runOnlyForDeploymentPostprocessing = 0;
		};
/* End PBXFrameworksBuildPhase section */

/* Begin PBXGroup section */
		9A04748F27715D1100571D66 = {
			isa = PBXGroup;
			children = (
				9AC5D0F02782BBEB007EAA28 /* HorCollapsibleMind.swift */,
				9AD6EEC6277C36AF00866456 /* MemoViewModel.swift */,
				9A04749427715D1200571D66 /* Shared */,
				9A0474A327715D1400571D66 /* macOS */,
				9A04749D27715D1300571D66 /* Products */,
			);
			sourceTree = "<group>";
		};
		9A04749427715D1200571D66 /* Shared */ = {
			isa = PBXGroup;
			children = (
				9A04749527715D1200571D66 /* DeeepMemoApp.swift */,
				9A0474BF2771709D00571D66 /* OverallMemo */,
				9A0474BA27716DCB00571D66 /* Models */,
				9A0474B927716DBC00571D66 /* Views */,
				9A89582527717EAC00E7B773 /* Utils */,
				9A04749727715D1300571D66 /* Assets.xcassets */,
			);
			path = Shared;
			sourceTree = "<group>";
		};
		9A04749D27715D1300571D66 /* Products */ = {
			isa = PBXGroup;
			children = (
				9A04749C27715D1300571D66 /* DeeepMemo.app */,
				9A0474A227715D1400571D66 /* DeeepMemo.app */,
			);
			name = Products;
			sourceTree = "<group>";
		};
		9A0474A327715D1400571D66 /* macOS */ = {
			isa = PBXGroup;
			children = (
				9A0474A427715D1400571D66 /* macOS.entitlements */,
			);
			path = macOS;
			sourceTree = "<group>";
		};
		9A0474B927716DBC00571D66 /* Views */ = {
			isa = PBXGroup;
			children = (
				9A04749627715D1200571D66 /* MainView.swift */,
				9A0474BC27716E0000571D66 /* FolderView.swift */,
				9A89582C2771BE1000E7B773 /* MemoView.swift */,
				9AD6EF25277EC5CF00866456 /* MindMapView.swift */,
				9A0474BB27716DD200571D66 /* Subviews */,
			);
			path = Views;
			sourceTree = "<group>";
		};
		9A0474BA27716DCB00571D66 /* Models */ = {
			isa = PBXGroup;
			children = (
				9A0474B627716BD300571D66 /* MemoStruct.swift */,
				9A98E7572773021200057A84 /* ModelTest.swift */,
			);
			path = Models;
			sourceTree = "<group>";
		};
		9A0474BB27716DD200571D66 /* Subviews */ = {
			isa = PBXGroup;
			children = (
				9AD6EF14277D9EE800866456 /* Folder */,
				9AD6EF13277D9EE200866456 /* Memo */,
				9A98E7542772D28C00057A84 /* ChangeableImage.swift */,
				9AD6EF28277EC64A00866456 /* MindMap */,
				9A0474B327715FB200571D66 /* MainTabView.swift */,
				9A0474C22771740400571D66 /* NavigationText.swift */,
				9A895822277179E100E7B773 /* PlusImage.swift */,
				9A98E7512772C17500057A84 /* CustomTextEditor.swift */,
				9AD6EF15277DA78800866456 /* PopUpButtonView.swift */,
				9AD6EF18277DB5DE00866456 /* CollapsibleView.swift */,
				9AD6EF1E277DC19800866456 /* Testing */,
			);
			path = Subviews;
			sourceTree = "<group>";
		};
		9A89582527717EAC00E7B773 /* Utils */ = {
			isa = PBXGroup;
			children = (
				9AD6EEC9277C3E3E00866456 /* Extensions.swift */,
				9A89582627717EB500E7B773 /* Sizes.swift */,
			);
			path = Utils;
			sourceTree = "<group>";
		};
		9AD6EF13277D9EE200866456 /* Memo */ = {
			isa = PBXGroup;
			children = (
				9AD6EF10277D9DF100866456 /* MemoList.swift */,
				9AD6EEC3277C2C8A00866456 /* MemoBoxView.swift */,
				9AD6EEC0277AD3EA00866456 /* MemosToolBarView.swift */,
			);
			path = Memo;
			sourceTree = "<group>";
		};
		9AD6EF14277D9EE800866456 /* Folder */ = {
			isa = PBXGroup;
			children = (
				9A89582927719E1800E7B773 /* SubFolderList.swift */,
				9AD6EEBD277AC9F700866456 /* SubFolderToolBarView.swift */,
				9AD6EF1B277DBD9F00866456 /* CollapsibleFolderList.swift */,
				9AD6EF22277DCDFF00866456 /* SubFolderView.swift */,
			);
			name = Folder;
			sourceTree = "<group>";
		};
		9AD6EF1E277DC19800866456 /* Testing */ = {
			isa = PBXGroup;
			children = (
				9AD6EF1F277DC1AD00866456 /* TestLazyAndScrollView.swift */,
			);
			path = Testing;
			sourceTree = "<group>";
		};
		9AD6EF28277EC64A00866456 /* MindMap */ = {
			isa = PBXGroup;
			children = (
				9AD6EF2C277EDCC500866456 /* CollapsibleMind.swift */,
				9AD6EF29277EC65300866456 /* MindNodeView.swift */,
			);
			path = MindMap;
			sourceTree = "<group>";
		};
/* End PBXGroup section */

/* Begin PBXNativeTarget section */
		9A04749B27715D1300571D66 /* DeeepMemo (iOS) */ = {
			isa = PBXNativeTarget;
			buildConfigurationList = 9A0474AD27715D1400571D66 /* Build configuration list for PBXNativeTarget "DeeepMemo (iOS)" */;
			buildPhases = (
				9A04749827715D1300571D66 /* Sources */,
				9A04749927715D1300571D66 /* Frameworks */,
				9A04749A27715D1300571D66 /* Resources */,
			);
			buildRules = (
			);
			dependencies = (
			);
			name = "DeeepMemo (iOS)";
			productName = "DeeepMemo (iOS)";
			productReference = 9A04749C27715D1300571D66 /* DeeepMemo.app */;
			productType = "com.apple.product-type.application";
		};
		9A0474A127715D1300571D66 /* DeeepMemo (macOS) */ = {
			isa = PBXNativeTarget;
			buildConfigurationList = 9A0474B027715D1400571D66 /* Build configuration list for PBXNativeTarget "DeeepMemo (macOS)" */;
			buildPhases = (
				9A04749E27715D1300571D66 /* Sources */,
				9A04749F27715D1300571D66 /* Frameworks */,
				9A0474A027715D1300571D66 /* Resources */,
			);
			buildRules = (
			);
			dependencies = (
			);
			name = "DeeepMemo (macOS)";
			productName = "DeeepMemo (macOS)";
			productReference = 9A0474A227715D1400571D66 /* DeeepMemo.app */;
			productType = "com.apple.product-type.application";
		};
/* End PBXNativeTarget section */

/* Begin PBXProject section */
		9A04749027715D1100571D66 /* Project object */ = {
			isa = PBXProject;
			attributes = {
				BuildIndependentTargetsInParallel = 1;
				LastSwiftUpdateCheck = 1320;
				LastUpgradeCheck = 1320;
				TargetAttributes = {
					9A04749B27715D1300571D66 = {
						CreatedOnToolsVersion = 13.2;
					};
					9A0474A127715D1300571D66 = {
						CreatedOnToolsVersion = 13.2;
					};
				};
			};
			buildConfigurationList = 9A04749327715D1100571D66 /* Build configuration list for PBXProject "DeeepMemo" */;
			compatibilityVersion = "Xcode 13.0";
			developmentRegion = en;
			hasScannedForEncodings = 0;
			knownRegions = (
				en,
				Base,
			);
			mainGroup = 9A04748F27715D1100571D66;
			productRefGroup = 9A04749D27715D1300571D66 /* Products */;
			projectDirPath = "";
			projectRoot = "";
			targets = (
				9A04749B27715D1300571D66 /* DeeepMemo (iOS) */,
				9A0474A127715D1300571D66 /* DeeepMemo (macOS) */,
			);
		};
/* End PBXProject section */

/* Begin PBXResourcesBuildPhase section */
		9A04749A27715D1300571D66 /* Resources */ = {
			isa = PBXResourcesBuildPhase;
			buildActionMask = 2147483647;
			files = (
				9A0474C02771709D00571D66 /* OverallMemo in Resources */,
				9A0474A927715D1400571D66 /* Assets.xcassets in Resources */,
			);
			runOnlyForDeploymentPostprocessing = 0;
		};
		9A0474A027715D1300571D66 /* Resources */ = {
			isa = PBXResourcesBuildPhase;
			buildActionMask = 2147483647;
			files = (
				9A0474C12771709D00571D66 /* OverallMemo in Resources */,
				9A0474AA27715D1400571D66 /* Assets.xcassets in Resources */,
			);
			runOnlyForDeploymentPostprocessing = 0;
		};
/* End PBXResourcesBuildPhase section */

/* Begin PBXSourcesBuildPhase section */
		9A04749827715D1300571D66 /* Sources */ = {
			isa = PBXSourcesBuildPhase;
			buildActionMask = 2147483647;
			files = (
				9AD6EF19277DB5DE00866456 /* CollapsibleView.swift in Sources */,
				9A98E7582773021200057A84 /* ModelTest.swift in Sources */,
				9AD6EF2A277EC65300866456 /* MindNodeView.swift in Sources */,
				9AD6EF11277D9DF100866456 /* MemoList.swift in Sources */,
				9AD6EECA277C3E3E00866456 /* Extensions.swift in Sources */,
				9AD6EF16277DA78800866456 /* PopUpButtonView.swift in Sources */,
				9AD6EF20277DC1AD00866456 /* TestLazyAndScrollView.swift in Sources */,
				9A89582D2771BE1000E7B773 /* MemoView.swift in Sources */,
				9A0474BD27716E0000571D66 /* FolderView.swift in Sources */,
				9A0474C32771740400571D66 /* NavigationText.swift in Sources */,
				9A0474A727715D1400571D66 /* MainView.swift in Sources */,
				9AD6EEBE277AC9F700866456 /* SubFolderToolBarView.swift in Sources */,
				9A89582A27719E1800E7B773 /* SubFolderList.swift in Sources */,
				9A98E7552772D28C00057A84 /* ChangeableImage.swift in Sources */,
				9AD6EEC1277AD3EA00866456 /* MemosToolBarView.swift in Sources */,
				9A0474A527715D1400571D66 /* DeeepMemoApp.swift in Sources */,
				9AD6EF2D277EDCC500866456 /* CollapsibleMind.swift in Sources */,
				9AD6EF23277DCDFF00866456 /* SubFolderView.swift in Sources */,
				9AD6EEC7277C36AF00866456 /* MemoViewModel.swift in Sources */,
				9A89582727717EB500E7B773 /* Sizes.swift in Sources */,
				9A0474B727716BD300571D66 /* MemoStruct.swift in Sources */,
				9A895823277179E100E7B773 /* PlusImage.swift in Sources */,
				9AD6EF1C277DBD9F00866456 /* CollapsibleFolderList.swift in Sources */,
				9A98E7522772C17500057A84 /* CustomTextEditor.swift in Sources */,
				9AD6EF26277EC5CF00866456 /* MindMapView.swift in Sources */,
				9AD6EEC4277C2C8A00866456 /* MemoBoxView.swift in Sources */,
				9AC5D0F12782BBEB007EAA28 /* HorCollapsibleMind.swift in Sources */,
				9A0474B427715FB200571D66 /* MainTabView.swift in Sources */,
			);
			runOnlyForDeploymentPostprocessing = 0;
		};
		9A04749E27715D1300571D66 /* Sources */ = {
			isa = PBXSourcesBuildPhase;
			buildActionMask = 2147483647;
			files = (
				9AD6EF1A277DB5DE00866456 /* CollapsibleView.swift in Sources */,
				9A98E7592773021200057A84 /* ModelTest.swift in Sources */,
				9AD6EF2B277EC65300866456 /* MindNodeView.swift in Sources */,
				9AD6EF12277D9DF100866456 /* MemoList.swift in Sources */,
				9AD6EECB277C3E3E00866456 /* Extensions.swift in Sources */,
				9AD6EF17277DA78800866456 /* PopUpButtonView.swift in Sources */,
				9AD6EF21277DC1AD00866456 /* TestLazyAndScrollView.swift in Sources */,
				9A89582E2771BE1000E7B773 /* MemoView.swift in Sources */,
				9A0474BE27716E0000571D66 /* FolderView.swift in Sources */,
				9A0474C42771740400571D66 /* NavigationText.swift in Sources */,
				9A0474A827715D1400571D66 /* MainView.swift in Sources */,
				9AD6EEBF277AC9F700866456 /* SubFolderToolBarView.swift in Sources */,
				9A89582B27719E1800E7B773 /* SubFolderList.swift in Sources */,
				9A98E7562772D28C00057A84 /* ChangeableImage.swift in Sources */,
				9AD6EEC2277AD3EA00866456 /* MemosToolBarView.swift in Sources */,
				9A0474A627715D1400571D66 /* DeeepMemoApp.swift in Sources */,
				9AD6EF2E277EDCC500866456 /* CollapsibleMind.swift in Sources */,
				9AD6EF24277DCDFF00866456 /* SubFolderView.swift in Sources */,
				9AD6EEC8277C36AF00866456 /* MemoViewModel.swift in Sources */,
				9A89582827717EB500E7B773 /* Sizes.swift in Sources */,
				9A0474B827716BD300571D66 /* MemoStruct.swift in Sources */,
				9A895824277179E100E7B773 /* PlusImage.swift in Sources */,
				9AD6EF1D277DBD9F00866456 /* CollapsibleFolderList.swift in Sources */,
				9A98E7532772C17500057A84 /* CustomTextEditor.swift in Sources */,
				9AD6EF27277EC5CF00866456 /* MindMapView.swift in Sources */,
				9AD6EEC5277C2C8A00866456 /* MemoBoxView.swift in Sources */,
				9AC5D0F22782BBEB007EAA28 /* HorCollapsibleMind.swift in Sources */,
				9A0474B527715FB200571D66 /* MainTabView.swift in Sources */,
			);
			runOnlyForDeploymentPostprocessing = 0;
		};
/* End PBXSourcesBuildPhase section */

/* Begin XCBuildConfiguration section */
		9A0474AB27715D1400571D66 /* Debug */ = {
			isa = XCBuildConfiguration;
			buildSettings = {
				ALWAYS_SEARCH_USER_PATHS = NO;
				CLANG_ANALYZER_NONNULL = YES;
				CLANG_ANALYZER_NUMBER_OBJECT_CONVERSION = YES_AGGRESSIVE;
				CLANG_CXX_LANGUAGE_STANDARD = "gnu++17";
				CLANG_CXX_LIBRARY = "libc++";
				CLANG_ENABLE_MODULES = YES;
				CLANG_ENABLE_OBJC_ARC = YES;
				CLANG_ENABLE_OBJC_WEAK = YES;
				CLANG_WARN_BLOCK_CAPTURE_AUTORELEASING = YES;
				CLANG_WARN_BOOL_CONVERSION = YES;
				CLANG_WARN_COMMA = YES;
				CLANG_WARN_CONSTANT_CONVERSION = YES;
				CLANG_WARN_DEPRECATED_OBJC_IMPLEMENTATIONS = YES;
				CLANG_WARN_DIRECT_OBJC_ISA_USAGE = YES_ERROR;
				CLANG_WARN_DOCUMENTATION_COMMENTS = YES;
				CLANG_WARN_EMPTY_BODY = YES;
				CLANG_WARN_ENUM_CONVERSION = YES;
				CLANG_WARN_INFINITE_RECURSION = YES;
				CLANG_WARN_INT_CONVERSION = YES;
				CLANG_WARN_NON_LITERAL_NULL_CONVERSION = YES;
				CLANG_WARN_OBJC_IMPLICIT_RETAIN_SELF = YES;
				CLANG_WARN_OBJC_LITERAL_CONVERSION = YES;
				CLANG_WARN_OBJC_ROOT_CLASS = YES_ERROR;
				CLANG_WARN_QUOTED_INCLUDE_IN_FRAMEWORK_HEADER = YES;
				CLANG_WARN_RANGE_LOOP_ANALYSIS = YES;
				CLANG_WARN_STRICT_PROTOTYPES = YES;
				CLANG_WARN_SUSPICIOUS_MOVE = YES;
				CLANG_WARN_UNGUARDED_AVAILABILITY = YES_AGGRESSIVE;
				CLANG_WARN_UNREACHABLE_CODE = YES;
				CLANG_WARN__DUPLICATE_METHOD_MATCH = YES;
				COPY_PHASE_STRIP = NO;
				DEBUG_INFORMATION_FORMAT = dwarf;
				ENABLE_STRICT_OBJC_MSGSEND = YES;
				ENABLE_TESTABILITY = YES;
				GCC_C_LANGUAGE_STANDARD = gnu11;
				GCC_DYNAMIC_NO_PIC = NO;
				GCC_NO_COMMON_BLOCKS = YES;
				GCC_OPTIMIZATION_LEVEL = 0;
				GCC_PREPROCESSOR_DEFINITIONS = (
					"DEBUG=1",
					"$(inherited)",
				);
				GCC_WARN_64_TO_32_BIT_CONVERSION = YES;
				GCC_WARN_ABOUT_RETURN_TYPE = YES_ERROR;
				GCC_WARN_UNDECLARED_SELECTOR = YES;
				GCC_WARN_UNINITIALIZED_AUTOS = YES_AGGRESSIVE;
				GCC_WARN_UNUSED_FUNCTION = YES;
				GCC_WARN_UNUSED_VARIABLE = YES;
				MTL_ENABLE_DEBUG_INFO = INCLUDE_SOURCE;
				MTL_FAST_MATH = YES;
				ONLY_ACTIVE_ARCH = YES;
				SWIFT_ACTIVE_COMPILATION_CONDITIONS = DEBUG;
				SWIFT_OPTIMIZATION_LEVEL = "-Onone";
			};
			name = Debug;
		};
		9A0474AC27715D1400571D66 /* Release */ = {
			isa = XCBuildConfiguration;
			buildSettings = {
				ALWAYS_SEARCH_USER_PATHS = NO;
				CLANG_ANALYZER_NONNULL = YES;
				CLANG_ANALYZER_NUMBER_OBJECT_CONVERSION = YES_AGGRESSIVE;
				CLANG_CXX_LANGUAGE_STANDARD = "gnu++17";
				CLANG_CXX_LIBRARY = "libc++";
				CLANG_ENABLE_MODULES = YES;
				CLANG_ENABLE_OBJC_ARC = YES;
				CLANG_ENABLE_OBJC_WEAK = YES;
				CLANG_WARN_BLOCK_CAPTURE_AUTORELEASING = YES;
				CLANG_WARN_BOOL_CONVERSION = YES;
				CLANG_WARN_COMMA = YES;
				CLANG_WARN_CONSTANT_CONVERSION = YES;
				CLANG_WARN_DEPRECATED_OBJC_IMPLEMENTATIONS = YES;
				CLANG_WARN_DIRECT_OBJC_ISA_USAGE = YES_ERROR;
				CLANG_WARN_DOCUMENTATION_COMMENTS = YES;
				CLANG_WARN_EMPTY_BODY = YES;
				CLANG_WARN_ENUM_CONVERSION = YES;
				CLANG_WARN_INFINITE_RECURSION = YES;
				CLANG_WARN_INT_CONVERSION = YES;
				CLANG_WARN_NON_LITERAL_NULL_CONVERSION = YES;
				CLANG_WARN_OBJC_IMPLICIT_RETAIN_SELF = YES;
				CLANG_WARN_OBJC_LITERAL_CONVERSION = YES;
				CLANG_WARN_OBJC_ROOT_CLASS = YES_ERROR;
				CLANG_WARN_QUOTED_INCLUDE_IN_FRAMEWORK_HEADER = YES;
				CLANG_WARN_RANGE_LOOP_ANALYSIS = YES;
				CLANG_WARN_STRICT_PROTOTYPES = YES;
				CLANG_WARN_SUSPICIOUS_MOVE = YES;
				CLANG_WARN_UNGUARDED_AVAILABILITY = YES_AGGRESSIVE;
				CLANG_WARN_UNREACHABLE_CODE = YES;
				CLANG_WARN__DUPLICATE_METHOD_MATCH = YES;
				COPY_PHASE_STRIP = NO;
				DEBUG_INFORMATION_FORMAT = "dwarf-with-dsym";
				ENABLE_NS_ASSERTIONS = NO;
				ENABLE_STRICT_OBJC_MSGSEND = YES;
				GCC_C_LANGUAGE_STANDARD = gnu11;
				GCC_NO_COMMON_BLOCKS = YES;
				GCC_WARN_64_TO_32_BIT_CONVERSION = YES;
				GCC_WARN_ABOUT_RETURN_TYPE = YES_ERROR;
				GCC_WARN_UNDECLARED_SELECTOR = YES;
				GCC_WARN_UNINITIALIZED_AUTOS = YES_AGGRESSIVE;
				GCC_WARN_UNUSED_FUNCTION = YES;
				GCC_WARN_UNUSED_VARIABLE = YES;
				MTL_ENABLE_DEBUG_INFO = NO;
				MTL_FAST_MATH = YES;
				SWIFT_COMPILATION_MODE = wholemodule;
				SWIFT_OPTIMIZATION_LEVEL = "-O";
			};
			name = Release;
		};
		9A0474AE27715D1400571D66 /* Debug */ = {
			isa = XCBuildConfiguration;
			buildSettings = {
				ASSETCATALOG_COMPILER_APPICON_NAME = AppIcon;
				ASSETCATALOG_COMPILER_GLOBAL_ACCENT_COLOR_NAME = AccentColor;
				CODE_SIGN_STYLE = Automatic;
				CURRENT_PROJECT_VERSION = 1;
				DEVELOPMENT_TEAM = F23GD77ZRK;
				ENABLE_PREVIEWS = YES;
				GENERATE_INFOPLIST_FILE = YES;
				INFOPLIST_KEY_UIApplicationSceneManifest_Generation = YES;
				INFOPLIST_KEY_UIApplicationSupportsIndirectInputEvents = YES;
				INFOPLIST_KEY_UILaunchScreen_Generation = YES;
				INFOPLIST_KEY_UISupportedInterfaceOrientations_iPad = "UIInterfaceOrientationPortrait UIInterfaceOrientationPortraitUpsideDown UIInterfaceOrientationLandscapeLeft UIInterfaceOrientationLandscapeRight";
				INFOPLIST_KEY_UISupportedInterfaceOrientations_iPhone = "UIInterfaceOrientationPortrait UIInterfaceOrientationLandscapeLeft UIInterfaceOrientationLandscapeRight";
				IPHONEOS_DEPLOYMENT_TARGET = 15.2;
				LD_RUNPATH_SEARCH_PATHS = (
					"$(inherited)",
					"@executable_path/Frameworks",
				);
				MARKETING_VERSION = 1.0;
				PRODUCT_BUNDLE_IDENTIFIER = "hanmok-main.DeeepMemo";
				PRODUCT_NAME = DeeepMemo;
				SDKROOT = iphoneos;
				SWIFT_EMIT_LOC_STRINGS = YES;
				SWIFT_VERSION = 5.0;
				TARGETED_DEVICE_FAMILY = "1,2";
			};
			name = Debug;
		};
		9A0474AF27715D1400571D66 /* Release */ = {
			isa = XCBuildConfiguration;
			buildSettings = {
				ASSETCATALOG_COMPILER_APPICON_NAME = AppIcon;
				ASSETCATALOG_COMPILER_GLOBAL_ACCENT_COLOR_NAME = AccentColor;
				CODE_SIGN_STYLE = Automatic;
				CURRENT_PROJECT_VERSION = 1;
				DEVELOPMENT_TEAM = F23GD77ZRK;
				ENABLE_PREVIEWS = YES;
				GENERATE_INFOPLIST_FILE = YES;
				INFOPLIST_KEY_UIApplicationSceneManifest_Generation = YES;
				INFOPLIST_KEY_UIApplicationSupportsIndirectInputEvents = YES;
				INFOPLIST_KEY_UILaunchScreen_Generation = YES;
				INFOPLIST_KEY_UISupportedInterfaceOrientations_iPad = "UIInterfaceOrientationPortrait UIInterfaceOrientationPortraitUpsideDown UIInterfaceOrientationLandscapeLeft UIInterfaceOrientationLandscapeRight";
				INFOPLIST_KEY_UISupportedInterfaceOrientations_iPhone = "UIInterfaceOrientationPortrait UIInterfaceOrientationLandscapeLeft UIInterfaceOrientationLandscapeRight";
				IPHONEOS_DEPLOYMENT_TARGET = 15.2;
				LD_RUNPATH_SEARCH_PATHS = (
					"$(inherited)",
					"@executable_path/Frameworks",
				);
				MARKETING_VERSION = 1.0;
				PRODUCT_BUNDLE_IDENTIFIER = "hanmok-main.DeeepMemo";
				PRODUCT_NAME = DeeepMemo;
				SDKROOT = iphoneos;
				SWIFT_EMIT_LOC_STRINGS = YES;
				SWIFT_VERSION = 5.0;
				TARGETED_DEVICE_FAMILY = "1,2";
				VALIDATE_PRODUCT = YES;
			};
			name = Release;
		};
		9A0474B127715D1400571D66 /* Debug */ = {
			isa = XCBuildConfiguration;
			buildSettings = {
				ASSETCATALOG_COMPILER_APPICON_NAME = AppIcon;
				ASSETCATALOG_COMPILER_GLOBAL_ACCENT_COLOR_NAME = AccentColor;
				CODE_SIGN_ENTITLEMENTS = macOS/macOS.entitlements;
				CODE_SIGN_STYLE = Automatic;
				COMBINE_HIDPI_IMAGES = YES;
				CURRENT_PROJECT_VERSION = 1;
				DEVELOPMENT_TEAM = F23GD77ZRK;
				ENABLE_HARDENED_RUNTIME = YES;
				ENABLE_PREVIEWS = YES;
				GENERATE_INFOPLIST_FILE = YES;
				INFOPLIST_KEY_NSHumanReadableCopyright = "";
				LD_RUNPATH_SEARCH_PATHS = (
					"$(inherited)",
					"@executable_path/../Frameworks",
				);
				MACOSX_DEPLOYMENT_TARGET = 12.0;
				MARKETING_VERSION = 1.0;
				PRODUCT_BUNDLE_IDENTIFIER = "hanmok-main.DeeepMemo";
				PRODUCT_NAME = DeeepMemo;
				SDKROOT = macosx;
				SWIFT_EMIT_LOC_STRINGS = YES;
				SWIFT_VERSION = 5.0;
			};
			name = Debug;
		};
		9A0474B227715D1400571D66 /* Release */ = {
			isa = XCBuildConfiguration;
			buildSettings = {
				ASSETCATALOG_COMPILER_APPICON_NAME = AppIcon;
				ASSETCATALOG_COMPILER_GLOBAL_ACCENT_COLOR_NAME = AccentColor;
				CODE_SIGN_ENTITLEMENTS = macOS/macOS.entitlements;
				CODE_SIGN_STYLE = Automatic;
				COMBINE_HIDPI_IMAGES = YES;
				CURRENT_PROJECT_VERSION = 1;
				DEVELOPMENT_TEAM = F23GD77ZRK;
				ENABLE_HARDENED_RUNTIME = YES;
				ENABLE_PREVIEWS = YES;
				GENERATE_INFOPLIST_FILE = YES;
				INFOPLIST_KEY_NSHumanReadableCopyright = "";
				LD_RUNPATH_SEARCH_PATHS = (
					"$(inherited)",
					"@executable_path/../Frameworks",
				);
				MACOSX_DEPLOYMENT_TARGET = 12.0;
				MARKETING_VERSION = 1.0;
				PRODUCT_BUNDLE_IDENTIFIER = "hanmok-main.DeeepMemo";
				PRODUCT_NAME = DeeepMemo;
				SDKROOT = macosx;
				SWIFT_EMIT_LOC_STRINGS = YES;
				SWIFT_VERSION = 5.0;
			};
			name = Release;
		};
/* End XCBuildConfiguration section */

/* Begin XCConfigurationList section */
		9A04749327715D1100571D66 /* Build configuration list for PBXProject "DeeepMemo" */ = {
			isa = XCConfigurationList;
			buildConfigurations = (
				9A0474AB27715D1400571D66 /* Debug */,
				9A0474AC27715D1400571D66 /* Release */,
			);
			defaultConfigurationIsVisible = 0;
			defaultConfigurationName = Release;
		};
		9A0474AD27715D1400571D66 /* Build configuration list for PBXNativeTarget "DeeepMemo (iOS)" */ = {
			isa = XCConfigurationList;
			buildConfigurations = (
				9A0474AE27715D1400571D66 /* Debug */,
				9A0474AF27715D1400571D66 /* Release */,
			);
			defaultConfigurationIsVisible = 0;
			defaultConfigurationName = Release;
		};
		9A0474B027715D1400571D66 /* Build configuration list for PBXNativeTarget "DeeepMemo (macOS)" */ = {
			isa = XCConfigurationList;
			buildConfigurations = (
				9A0474B127715D1400571D66 /* Debug */,
				9A0474B227715D1400571D66 /* Release */,
			);
			defaultConfigurationIsVisible = 0;
			defaultConfigurationName = Release;
		};
/* End XCConfigurationList section */
	};
	rootObject = 9A04749027715D1100571D66 /* Project object */;
}
