// !$*UTF8*$!
{
	archiveVersion = 1;
	classes = {
	};
	objectVersion = 55;
	objects = {

/* Begin PBXBuildFile section */
		9A013F6A27BA535400C612ED /* DynamicTopFolderCell.swift in Sources */ = {isa = PBXBuildFile; fileRef = 9A013F6927BA535400C612ED /* DynamicTopFolderCell.swift */; };
		9A046CC927B3A042003169C7 /* BookmarkedMemoBoxView.swift in Sources */ = {isa = PBXBuildFile; fileRef = 9A046CC827B3A042003169C7 /* BookmarkedMemoBoxView.swift */; };
		9A046CCC27B3A72E003169C7 /* CollapsingTest.swift in Sources */ = {isa = PBXBuildFile; fileRef = 9A046CCB27B3A72E003169C7 /* CollapsingTest.swift */; };
		9A046D1B27B67508003169C7 /* OrderingAppStorage.swift in Sources */ = {isa = PBXBuildFile; fileRef = 9A046D1A27B67508003169C7 /* OrderingAppStorage.swift */; };
		9A0474A527715D1400571D66 /* DeeepMemoApp.swift in Sources */ = {isa = PBXBuildFile; fileRef = 9A04749527715D1200571D66 /* DeeepMemoApp.swift */; };
		9A0474A727715D1400571D66 /* MainView.swift in Sources */ = {isa = PBXBuildFile; fileRef = 9A04749627715D1200571D66 /* MainView.swift */; };
		9A0474A927715D1400571D66 /* Assets.xcassets in Resources */ = {isa = PBXBuildFile; fileRef = 9A04749727715D1300571D66 /* Assets.xcassets */; };
		9A0474BD27716E0000571D66 /* FolderView.swift in Sources */ = {isa = PBXBuildFile; fileRef = 9A0474BC27716E0000571D66 /* FolderView.swift */; };
		9A0474C02771709D00571D66 /* OverallMemo in Resources */ = {isa = PBXBuildFile; fileRef = 9A0474BF2771709D00571D66 /* OverallMemo */; };
		9A04BF2027C8CD2000F3972D /* CustomTextView.swift in Sources */ = {isa = PBXBuildFile; fileRef = 9A04BF1F27C8CD2000F3972D /* CustomTextView.swift */; };
		9A1D535927A925A1009294C1 /* TitleWithLevelView.swift in Sources */ = {isa = PBXBuildFile; fileRef = 9A1D535827A925A1009294C1 /* TitleWithLevelView.swift */; };
		9A1D535F27A93C51009294C1 /* PrettyTextFieldAlert.swift in Sources */ = {isa = PBXBuildFile; fileRef = 9A1D535E27A93C51009294C1 /* PrettyTextFieldAlert.swift */; };
		9A1D536227ACE2E3009294C1 /* SubFolderButtonImage.swift in Sources */ = {isa = PBXBuildFile; fileRef = 9A1D536127ACE2E3009294C1 /* SubFolderButtonImage.swift */; };
		9A1D8539279FF32400B00156 /* DynamicFolderCell.swift in Sources */ = {isa = PBXBuildFile; fileRef = 9A1D8538279FF32400B00156 /* DynamicFolderCell.swift */; };
		9A1D853F27A16BE800B00156 /* SubMemoList.swift in Sources */ = {isa = PBXBuildFile; fileRef = 9A1D853E27A16BE800B00156 /* SubMemoList.swift */; };
		9A1D854527A24F9400B00156 /* SubFolderView.swift in Sources */ = {isa = PBXBuildFile; fileRef = 9A1D854427A24F9400B00156 /* SubFolderView.swift */; };
		9A1D856B27A3E98D00B00156 /* SelectingFolderView.swift in Sources */ = {isa = PBXBuildFile; fileRef = 9A1D856A27A3E98D00B00156 /* SelectingFolderView.swift */; };
		9A3377B3278FFF2D00805138 /* TextViewWrapper.swift in Sources */ = {isa = PBXBuildFile; fileRef = 9A3377B2278FFF2D00805138 /* TextViewWrapper.swift */; };
		9A3377B52790039200805138 /* FolderViewTest.swift in Sources */ = {isa = PBXBuildFile; fileRef = 9A3377B42790039200805138 /* FolderViewTest.swift */; };
		9A3377B72790060100805138 /* MemosToolBarViewTest.swift in Sources */ = {isa = PBXBuildFile; fileRef = 9A3377B62790060100805138 /* MemosToolBarViewTest.swift */; };
		9A3377B927900BF200805138 /* MemoListTest.swift in Sources */ = {isa = PBXBuildFile; fileRef = 9A3377B827900BF200805138 /* MemoListTest.swift */; };
		9A3378012795736200805138 /* ColorExt.swift in Sources */ = {isa = PBXBuildFile; fileRef = 9A3378002795736200805138 /* ColorExt.swift */; };
		9A337804279576CC00805138 /* testView.swift in Sources */ = {isa = PBXBuildFile; fileRef = 9A337803279576CC00805138 /* testView.swift */; };
		9A3378072796A5CB00805138 /* FilteredMemoList.swift in Sources */ = {isa = PBXBuildFile; fileRef = 9A3378062796A5CB00805138 /* FilteredMemoList.swift */; };
		9A33780A2796B10E00805138 /* HomeView.swift in Sources */ = {isa = PBXBuildFile; fileRef = 9A3378092796B10E00805138 /* HomeView.swift */; };
		9A3378272796DECA00805138 /* ProblemsAndSolutions in Resources */ = {isa = PBXBuildFile; fileRef = 9A3378262796DECA00805138 /* ProblemsAndSolutions */; };
		9A33785D279817B700805138 /* FolderView2.swift in Sources */ = {isa = PBXBuildFile; fileRef = 9A33785C279817B700805138 /* FolderView2.swift */; };
		9A3378612798207800805138 /* SelectedMemoViewModel.swift in Sources */ = {isa = PBXBuildFile; fileRef = 9A3378602798207800805138 /* SelectedMemoViewModel.swift */; };
		9A3378642798277400805138 /* PinViewModel.swift in Sources */ = {isa = PBXBuildFile; fileRef = 9A3378632798277400805138 /* PinViewModel.swift */; };
		9A3378672799275E00805138 /* SubFolderPageView.swift in Sources */ = {isa = PBXBuildFile; fileRef = 9A3378662799275E00805138 /* SubFolderPageView.swift */; };
		9A33786A27993ACA00805138 /* FolderOverView.swift in Sources */ = {isa = PBXBuildFile; fileRef = 9A33786927993ACA00805138 /* FolderOverView.swift */; };
		9A33786D2799450100805138 /* HorCollapsibleMind.swift in Sources */ = {isa = PBXBuildFile; fileRef = 9A33786C2799450100805138 /* HorCollapsibleMind.swift */; };
		9A337890279A56C500805138 /* FolderEditViewModel.swift in Sources */ = {isa = PBXBuildFile; fileRef = 9A33788F279A56C500805138 /* FolderEditViewModel.swift */; };
		9A337893279A5C9600805138 /* HierarchyLabelView.swift in Sources */ = {isa = PBXBuildFile; fileRef = 9A337892279A5C9600805138 /* HierarchyLabelView.swift */; };
		9A337896279A6F3C00805138 /* MemoEditViewModel.swift in Sources */ = {isa = PBXBuildFile; fileRef = 9A337895279A6F3C00805138 /* MemoEditViewModel.swift */; };
		9A895823277179E100E7B773 /* PlusImage.swift in Sources */ = {isa = PBXBuildFile; fileRef = 9A895822277179E100E7B773 /* PlusImage.swift */; };
		9A89582727717EB500E7B773 /* Sizes.swift in Sources */ = {isa = PBXBuildFile; fileRef = 9A89582627717EB500E7B773 /* Sizes.swift */; };
		9A98E7552772D28C00057A84 /* ChangeableImage.swift in Sources */ = {isa = PBXBuildFile; fileRef = 9A98E7542772D28C00057A84 /* ChangeableImage.swift */; };
		9A98E7582773021200057A84 /* ModelTest.swift in Sources */ = {isa = PBXBuildFile; fileRef = 9A98E7572773021200057A84 /* ModelTest.swift */; };
		9AA266E127BE347C00AC75DB /* MemoBoxView.swift in Sources */ = {isa = PBXBuildFile; fileRef = 9AA266E027BE347C00AC75DB /* MemoBoxView.swift */; };
		9AA2672C27BE45BD00AC75DB /* UIColorExt.swift in Sources */ = {isa = PBXBuildFile; fileRef = 9AA2672B27BE45BD00AC75DB /* UIColorExt.swift */; };
		9AA2672F27BE4D3700AC75DB /* ColorPickerView.swift in Sources */ = {isa = PBXBuildFile; fileRef = 9AA2672E27BE4D3700AC75DB /* ColorPickerView.swift */; };
		9AA2673227BE4E2900AC75DB /* FavColors.swift in Sources */ = {isa = PBXBuildFile; fileRef = 9AA2673127BE4E2900AC75DB /* FavColors.swift */; };
		9AB724D227CD2C6B006A825C /* Localizable.strings in Resources */ = {isa = PBXBuildFile; fileRef = 9AB724D427CD2C6B006A825C /* Localizable.strings */; };
		9AB724D727CD2D17006A825C /* LocalizedStringStorage.swift in Sources */ = {isa = PBXBuildFile; fileRef = 9AB724D627CD2D17006A825C /* LocalizedStringStorage.swift */; };
		9AB724DA27CE79EC006A825C /* TrashFolderView.swift in Sources */ = {isa = PBXBuildFile; fileRef = 9AB724D927CE79EC006A825C /* TrashFolderView.swift */; };
		9AB724DC27CE7B18006A825C /* MemosToolBarViewForTrash.swift in Sources */ = {isa = PBXBuildFile; fileRef = 9AB724DB27CE7B18006A825C /* MemosToolBarViewForTrash.swift */; };
		9AB724E027CF9FEA006A825C /* TrashBinSubMemoList.swift in Sources */ = {isa = PBXBuildFile; fileRef = 9AB724DF27CF9FEA006A825C /* TrashBinSubMemoList.swift */; };
		9AB724E227CFA181006A825C /* TrashMemoView.swift in Sources */ = {isa = PBXBuildFile; fileRef = 9AB724E127CFA181006A825C /* TrashMemoView.swift */; };
		9AB724FE27D00DA9006A825C /* SwipeTestView.swift in Sources */ = {isa = PBXBuildFile; fileRef = E54FE17E27C7C896000FFA81 /* SwipeTestView.swift */; };
		9AB7250327D00EC3006A825C /* FolderOrderingButton.swift in Sources */ = {isa = PBXBuildFile; fileRef = 9AB7250227D00EC3006A825C /* FolderOrderingButton.swift */; };
		9AB7250527D00F03006A825C /* FolderAscDecButton.swift in Sources */ = {isa = PBXBuildFile; fileRef = 9AB7250427D00F03006A825C /* FolderAscDecButton.swift */; };
		9AB7250727D00F24006A825C /* MemoOrderingButton.swift in Sources */ = {isa = PBXBuildFile; fileRef = 9AB7250627D00F24006A825C /* MemoOrderingButton.swift */; };
		9AB7250927D00F36006A825C /* MemoAscDecButton.swift in Sources */ = {isa = PBXBuildFile; fileRef = 9AB7250827D00F36006A825C /* MemoAscDecButton.swift */; };
		9AB7250B27D00F53006A825C /* FolderOrderingMenu.swift in Sources */ = {isa = PBXBuildFile; fileRef = 9AB7250A27D00F53006A825C /* FolderOrderingMenu.swift */; };
		9AB7250D27D00F78006A825C /* MemoOrderingMenu.swift in Sources */ = {isa = PBXBuildFile; fileRef = 9AB7250C27D00F78006A825C /* MemoOrderingMenu.swift */; };
		9AB7250F27D00FF8006A825C /* TrashBinViewModel.swift in Sources */ = {isa = PBXBuildFile; fileRef = 9AB7250E27D00FF8006A825C /* TrashBinViewModel.swift */; };
		9AB7251127D01023006A825C /* TrashBinCell.swift in Sources */ = {isa = PBXBuildFile; fileRef = 9AB7251027D01023006A825C /* TrashBinCell.swift */; };
		9AB7251327D0107E006A825C /* TrashBinMemoList.swift in Sources */ = {isa = PBXBuildFile; fileRef = 9AB7251227D0107E006A825C /* TrashBinMemoList.swift */; };
		9AB7251527D01186006A825C /* FastFolderWithLevelGroup.swift in Sources */ = {isa = PBXBuildFile; fileRef = 9AB7251427D01186006A825C /* FastFolderWithLevelGroup.swift */; };
		9AB7251727D01B21006A825C /* CheckableFolderCell.swift in Sources */ = {isa = PBXBuildFile; fileRef = 9AB7251627D01B21006A825C /* CheckableFolderCell.swift */; };
		9AB7251927D02045006A825C /* SystemImage.swift in Sources */ = {isa = PBXBuildFile; fileRef = 9AB7251827D02045006A825C /* SystemImage.swift */; };
		9AB7253F27D3B3E3006A825C /* MemoTextView1.swift in Sources */ = {isa = PBXBuildFile; fileRef = 9AB7253E27D3B3E3006A825C /* MemoTextView1.swift */; };
		9AC257D627C24AB200280DD2 /* CustomSearchView.swift in Sources */ = {isa = PBXBuildFile; fileRef = 9AC257D527C24A1600280DD2 /* CustomSearchView.swift */; };
		9AC3B0DE279BCDAC008D378B /* VerCollapsibleFolder.swift in Sources */ = {isa = PBXBuildFile; fileRef = 9AC3B0DD279BCDAC008D378B /* VerCollapsibleFolder.swift */; };
		9AC5D0F12782BBEB007EAA28 /* HorCollapsibleMind3.swift in Sources */ = {isa = PBXBuildFile; fileRef = 9AC5D0F02782BBEB007EAA28 /* HorCollapsibleMind3.swift */; };
		9AC5D10C27840554007EAA28 /* DeeepMemo.xcdatamodeld in Sources */ = {isa = PBXBuildFile; fileRef = 9AC5D10A27840554007EAA28 /* DeeepMemo.xcdatamodeld */; };
		9AC5D1292784092F007EAA28 /* Folder+helper.swift in Sources */ = {isa = PBXBuildFile; fileRef = 9AC5D1282784092F007EAA28 /* Folder+helper.swift */; };
		9AC5D12C27840939007EAA28 /* Memo+helper.swift in Sources */ = {isa = PBXBuildFile; fileRef = 9AC5D12B27840939007EAA28 /* Memo+helper.swift */; };
		9AC5D13A278521F9007EAA28 /* Memo For Tips and Tricks in Resources */ = {isa = PBXBuildFile; fileRef = 9AC5D139278521F9007EAA28 /* Memo For Tips and Tricks */; };
		9AC5D13D2785247D007EAA28 /* Terms in Resources */ = {isa = PBXBuildFile; fileRef = 9AC5D13C2785247D007EAA28 /* Terms */; };
		9AC5D1DB2785415F007EAA28 /* CloudKit.framework in Frameworks */ = {isa = PBXBuildFile; fileRef = 9AC5D1DA2785415F007EAA28 /* CloudKit.framework */; };
		9AC5D1FD278557D8007EAA28 /* UnitTestHelper.swift in Sources */ = {isa = PBXBuildFile; fileRef = 9AC5D1FC278557D8007EAA28 /* UnitTestHelper.swift */; };
		9AC5D1FF278558AC007EAA28 /* NSPredicate+helper.swift in Sources */ = {isa = PBXBuildFile; fileRef = 9AC5D1FE278558AC007EAA28 /* NSPredicate+helper.swift */; };
		9AC5D20127855C0A007EAA28 /* Persistence.swift in Sources */ = {isa = PBXBuildFile; fileRef = 9AC5D12E278409FD007EAA28 /* Persistence.swift */; };
		9AC5D20927856E7D007EAA28 /* FolderTests.swift in Sources */ = {isa = PBXBuildFile; fileRef = 9AC5D20827856E7D007EAA28 /* FolderTests.swift */; };
		9AC5D20C27856F2F007EAA28 /* MemoTests.swift in Sources */ = {isa = PBXBuildFile; fileRef = 9AC5D20B27856F2F007EAA28 /* MemoTests.swift */; };
		9AC5D21327857993007EAA28 /* CoreDataTestView.swift in Sources */ = {isa = PBXBuildFile; fileRef = 9AC5D21227857993007EAA28 /* CoreDataTestView.swift */; };
		9AC5D2192786F773007EAA28 /* HomeViewPrev.swift in Sources */ = {isa = PBXBuildFile; fileRef = 9AC5D2182786F773007EAA28 /* HomeViewPrev.swift */; };
		9AC5D22227883475007EAA28 /* SubFolderPageView3.swift in Sources */ = {isa = PBXBuildFile; fileRef = 9AC5D22127883475007EAA28 /* SubFolderPageView3.swift */; };
		9AC5D225278834EC007EAA28 /* FolderLabelView3.swift in Sources */ = {isa = PBXBuildFile; fileRef = 9AC5D224278834EC007EAA28 /* FolderLabelView3.swift */; };
		9AC5D22B278BCD54007EAA28 /* SubFoldersToolView.swift in Sources */ = {isa = PBXBuildFile; fileRef = 9AC5D22A278BCD54007EAA28 /* SubFoldersToolView.swift */; };
		9AC5D22E278BD8C6007EAA28 /* CurrentTodoLists in Resources */ = {isa = PBXBuildFile; fileRef = 9AC5D22D278BD8C6007EAA28 /* CurrentTodoLists */; };
		9AC5D231278BE711007EAA28 /* ChangeFolderTitleTestView.swift in Sources */ = {isa = PBXBuildFile; fileRef = 9AC5D230278BE711007EAA28 /* ChangeFolderTitleTestView.swift */; };
		9AC5D234278C3145007EAA28 /* MemoList2.swift in Sources */ = {isa = PBXBuildFile; fileRef = 9AC5D233278C3145007EAA28 /* MemoList2.swift */; };
		9AC5D23D278D8435007EAA28 /* textFieldTestview.swift in Sources */ = {isa = PBXBuildFile; fileRef = 9AC5D23C278D8435007EAA28 /* textFieldTestview.swift */; };
		9AD6EEC1277AD3EA00866456 /* MemosToolBarView.swift in Sources */ = {isa = PBXBuildFile; fileRef = 9AD6EEC0277AD3EA00866456 /* MemosToolBarView.swift */; };
		9AD6EECA277C3E3E00866456 /* Extensions.swift in Sources */ = {isa = PBXBuildFile; fileRef = 9AD6EEC9277C3E3E00866456 /* Extensions.swift */; };
		9AD6EF11277D9DF100866456 /* MemoList.swift in Sources */ = {isa = PBXBuildFile; fileRef = 9AD6EF10277D9DF100866456 /* MemoList.swift */; };
		9AD6EF16277DA78800866456 /* PopUpButtonView.swift in Sources */ = {isa = PBXBuildFile; fileRef = 9AD6EF15277DA78800866456 /* PopUpButtonView.swift */; };
		9AD6EF1C277DBD9F00866456 /* CollapsibleFolderList.swift in Sources */ = {isa = PBXBuildFile; fileRef = 9AD6EF1B277DBD9F00866456 /* CollapsibleFolderList.swift */; };
		9AD6EF26277EC5CF00866456 /* MindMapView.swift in Sources */ = {isa = PBXBuildFile; fileRef = 9AD6EF25277EC5CF00866456 /* MindMapView.swift */; };
		9AD8332327BD064A00506AE8 /* PhotoPickerPrac.swift in Sources */ = {isa = PBXBuildFile; fileRef = 9AD8332227BD064A00506AE8 /* PhotoPickerPrac.swift */; };
		9AD8332727BD0B7300506AE8 /* MemoTextView.swift in Sources */ = {isa = PBXBuildFile; fileRef = 9AD8332627BD0B7300506AE8 /* MemoTextView.swift */; };
		9AD8333727BE148A00506AE8 /* MemoView.swift in Sources */ = {isa = PBXBuildFile; fileRef = 9AD8333627BE148A00506AE8 /* MemoView.swift */; };
		9AE538F827C38E4700452999 /* AppStorageKeys.swift in Sources */ = {isa = PBXBuildFile; fileRef = 9AE538F727C38E4300452999 /* AppStorageKeys.swift */; };
		9AE5391B27C6374F00452999 /* PlainTextView.swift in Sources */ = {isa = PBXBuildFile; fileRef = 9AE5391A27C6374F00452999 /* PlainTextView.swift */; };
		E523DB3C27B8472C00D8D78B /* BookmarkedFolderView.swift in Sources */ = {isa = PBXBuildFile; fileRef = E523DB3B27B8472C00D8D78B /* BookmarkedFolderView.swift */; };
		E523DB4F27BE9A3000D8D78B /* ColorPaletteView.swift in Sources */ = {isa = PBXBuildFile; fileRef = E523DB4E27BE9A3000D8D78B /* ColorPaletteView.swift */; };
		E523DB5227C0073900D8D78B /* NewMemoView.swift in Sources */ = {isa = PBXBuildFile; fileRef = E523DB5127C0073900D8D78B /* NewMemoView.swift */; };
		E545D1D6278C04CD00363BE3 /* ChangeMemoVarsTestView.swift in Sources */ = {isa = PBXBuildFile; fileRef = E545D1D5278C04CD00363BE3 /* ChangeMemoVarsTestView.swift */; };
		E54FE18327C9455B000FFA81 /* SyntaxHighlightTextStorage.swift in Sources */ = {isa = PBXBuildFile; fileRef = E54FE18227C9455B000FFA81 /* SyntaxHighlightTextStorage.swift */; };
		E54FE18527C94595000FFA81 /* NoteEditorViewController.swift in Sources */ = {isa = PBXBuildFile; fileRef = E54FE18427C94594000FFA81 /* NoteEditorViewController.swift */; };
		E54FE18727C945DF000FFA81 /* Note.swift in Sources */ = {isa = PBXBuildFile; fileRef = E54FE18627C945DF000FFA81 /* Note.swift */; };
		E596A6C527AD8D5000076E95 /* OrderViewModel.swift in Sources */ = {isa = PBXBuildFile; fileRef = E596A6C427AD8D5000076E95 /* OrderViewModel.swift */; };
/* End PBXBuildFile section */

/* Begin PBXContainerItemProxy section */
		9AC5D11927840609007EAA28 /* PBXContainerItemProxy */ = {
			isa = PBXContainerItemProxy;
			containerPortal = 9A04749027715D1100571D66 /* Project object */;
			proxyType = 1;
			remoteGlobalIDString = 9A04749B27715D1300571D66;
			remoteInfo = "DeeepMemo (iOS)";
		};
/* End PBXContainerItemProxy section */

/* Begin PBXFileReference section */
		9A013F6927BA535400C612ED /* DynamicTopFolderCell.swift */ = {isa = PBXFileReference; lastKnownFileType = sourcecode.swift; path = DynamicTopFolderCell.swift; sourceTree = "<group>"; };
		9A046CC827B3A042003169C7 /* BookmarkedMemoBoxView.swift */ = {isa = PBXFileReference; lastKnownFileType = sourcecode.swift; path = BookmarkedMemoBoxView.swift; sourceTree = "<group>"; };
		9A046CCB27B3A72E003169C7 /* CollapsingTest.swift */ = {isa = PBXFileReference; lastKnownFileType = sourcecode.swift; path = CollapsingTest.swift; sourceTree = "<group>"; };
		9A046D1A27B67508003169C7 /* OrderingAppStorage.swift */ = {isa = PBXFileReference; lastKnownFileType = sourcecode.swift; path = OrderingAppStorage.swift; sourceTree = "<group>"; };
		9A04749527715D1200571D66 /* DeeepMemoApp.swift */ = {isa = PBXFileReference; lastKnownFileType = sourcecode.swift; path = DeeepMemoApp.swift; sourceTree = "<group>"; };
		9A04749627715D1200571D66 /* MainView.swift */ = {isa = PBXFileReference; lastKnownFileType = sourcecode.swift; path = MainView.swift; sourceTree = "<group>"; };
		9A04749727715D1300571D66 /* Assets.xcassets */ = {isa = PBXFileReference; lastKnownFileType = folder.assetcatalog; path = Assets.xcassets; sourceTree = "<group>"; };
		9A04749C27715D1300571D66 /* DeeepMemo.app */ = {isa = PBXFileReference; explicitFileType = wrapper.application; includeInIndex = 0; path = DeeepMemo.app; sourceTree = BUILT_PRODUCTS_DIR; };
		9A0474BC27716E0000571D66 /* FolderView.swift */ = {isa = PBXFileReference; lastKnownFileType = sourcecode.swift; path = FolderView.swift; sourceTree = "<group>"; };
		9A0474BF2771709D00571D66 /* OverallMemo */ = {isa = PBXFileReference; lastKnownFileType = text; path = OverallMemo; sourceTree = "<group>"; };
		9A04BF1F27C8CD2000F3972D /* CustomTextView.swift */ = {isa = PBXFileReference; lastKnownFileType = sourcecode.swift; path = CustomTextView.swift; sourceTree = "<group>"; };
		9A1D535827A925A1009294C1 /* TitleWithLevelView.swift */ = {isa = PBXFileReference; lastKnownFileType = sourcecode.swift; path = TitleWithLevelView.swift; sourceTree = "<group>"; };
		9A1D535E27A93C51009294C1 /* PrettyTextFieldAlert.swift */ = {isa = PBXFileReference; lastKnownFileType = sourcecode.swift; path = PrettyTextFieldAlert.swift; sourceTree = "<group>"; };
		9A1D536127ACE2E3009294C1 /* SubFolderButtonImage.swift */ = {isa = PBXFileReference; lastKnownFileType = sourcecode.swift; path = SubFolderButtonImage.swift; sourceTree = "<group>"; };
		9A1D8538279FF32400B00156 /* DynamicFolderCell.swift */ = {isa = PBXFileReference; lastKnownFileType = sourcecode.swift; path = DynamicFolderCell.swift; sourceTree = "<group>"; };
		9A1D853E27A16BE800B00156 /* SubMemoList.swift */ = {isa = PBXFileReference; lastKnownFileType = sourcecode.swift; path = SubMemoList.swift; sourceTree = "<group>"; };
		9A1D854427A24F9400B00156 /* SubFolderView.swift */ = {isa = PBXFileReference; lastKnownFileType = sourcecode.swift; path = SubFolderView.swift; sourceTree = "<group>"; };
		9A1D856A27A3E98D00B00156 /* SelectingFolderView.swift */ = {isa = PBXFileReference; lastKnownFileType = sourcecode.swift; path = SelectingFolderView.swift; sourceTree = "<group>"; };
		9A3377AF278EC6F000805138 /* SubFolderElementView.swift */ = {isa = PBXFileReference; lastKnownFileType = sourcecode.swift; path = SubFolderElementView.swift; sourceTree = "<group>"; };
		9A3377B2278FFF2D00805138 /* TextViewWrapper.swift */ = {isa = PBXFileReference; lastKnownFileType = sourcecode.swift; path = TextViewWrapper.swift; sourceTree = "<group>"; };
		9A3377B42790039200805138 /* FolderViewTest.swift */ = {isa = PBXFileReference; lastKnownFileType = sourcecode.swift; path = FolderViewTest.swift; sourceTree = "<group>"; };
		9A3377B62790060100805138 /* MemosToolBarViewTest.swift */ = {isa = PBXFileReference; lastKnownFileType = sourcecode.swift; path = MemosToolBarViewTest.swift; sourceTree = "<group>"; };
		9A3377B827900BF200805138 /* MemoListTest.swift */ = {isa = PBXFileReference; lastKnownFileType = sourcecode.swift; path = MemoListTest.swift; sourceTree = "<group>"; };
		9A3378002795736200805138 /* ColorExt.swift */ = {isa = PBXFileReference; lastKnownFileType = sourcecode.swift; path = ColorExt.swift; sourceTree = "<group>"; };
		9A337803279576CC00805138 /* testView.swift */ = {isa = PBXFileReference; lastKnownFileType = sourcecode.swift; path = testView.swift; sourceTree = "<group>"; };
		9A3378062796A5CB00805138 /* FilteredMemoList.swift */ = {isa = PBXFileReference; lastKnownFileType = sourcecode.swift; path = FilteredMemoList.swift; sourceTree = "<group>"; };
		9A3378092796B10E00805138 /* HomeView.swift */ = {isa = PBXFileReference; lastKnownFileType = sourcecode.swift; path = HomeView.swift; sourceTree = "<group>"; };
		9A3378262796DECA00805138 /* ProblemsAndSolutions */ = {isa = PBXFileReference; lastKnownFileType = text; path = ProblemsAndSolutions; sourceTree = "<group>"; };
		9A33785C279817B700805138 /* FolderView2.swift */ = {isa = PBXFileReference; lastKnownFileType = sourcecode.swift; path = FolderView2.swift; sourceTree = "<group>"; };
		9A3378602798207800805138 /* SelectedMemoViewModel.swift */ = {isa = PBXFileReference; lastKnownFileType = sourcecode.swift; path = SelectedMemoViewModel.swift; sourceTree = "<group>"; };
		9A3378632798277400805138 /* PinViewModel.swift */ = {isa = PBXFileReference; lastKnownFileType = sourcecode.swift; path = PinViewModel.swift; sourceTree = "<group>"; };
		9A3378662799275E00805138 /* SubFolderPageView.swift */ = {isa = PBXFileReference; lastKnownFileType = sourcecode.swift; path = SubFolderPageView.swift; sourceTree = "<group>"; };
		9A33786927993ACA00805138 /* FolderOverView.swift */ = {isa = PBXFileReference; lastKnownFileType = sourcecode.swift; path = FolderOverView.swift; sourceTree = "<group>"; };
		9A33786C2799450100805138 /* HorCollapsibleMind.swift */ = {isa = PBXFileReference; lastKnownFileType = sourcecode.swift; path = HorCollapsibleMind.swift; sourceTree = "<group>"; };
		9A33788F279A56C500805138 /* FolderEditViewModel.swift */ = {isa = PBXFileReference; lastKnownFileType = sourcecode.swift; path = FolderEditViewModel.swift; sourceTree = "<group>"; };
		9A337892279A5C9600805138 /* HierarchyLabelView.swift */ = {isa = PBXFileReference; lastKnownFileType = sourcecode.swift; path = HierarchyLabelView.swift; sourceTree = "<group>"; };
		9A337895279A6F3C00805138 /* MemoEditViewModel.swift */ = {isa = PBXFileReference; lastKnownFileType = sourcecode.swift; path = MemoEditViewModel.swift; sourceTree = "<group>"; };
		9A895822277179E100E7B773 /* PlusImage.swift */ = {isa = PBXFileReference; lastKnownFileType = sourcecode.swift; path = PlusImage.swift; sourceTree = "<group>"; };
		9A89582627717EB500E7B773 /* Sizes.swift */ = {isa = PBXFileReference; lastKnownFileType = sourcecode.swift; path = Sizes.swift; sourceTree = "<group>"; };
		9A98E7542772D28C00057A84 /* ChangeableImage.swift */ = {isa = PBXFileReference; lastKnownFileType = sourcecode.swift; path = ChangeableImage.swift; sourceTree = "<group>"; };
		9A98E7572773021200057A84 /* ModelTest.swift */ = {isa = PBXFileReference; lastKnownFileType = sourcecode.swift; path = ModelTest.swift; sourceTree = "<group>"; };
		9AA266E027BE347C00AC75DB /* MemoBoxView.swift */ = {isa = PBXFileReference; lastKnownFileType = sourcecode.swift; path = MemoBoxView.swift; sourceTree = "<group>"; };
		9AA2672B27BE45BD00AC75DB /* UIColorExt.swift */ = {isa = PBXFileReference; lastKnownFileType = sourcecode.swift; path = UIColorExt.swift; sourceTree = "<group>"; };
		9AA2672E27BE4D3700AC75DB /* ColorPickerView.swift */ = {isa = PBXFileReference; lastKnownFileType = sourcecode.swift; path = ColorPickerView.swift; sourceTree = "<group>"; };
		9AA2673127BE4E2900AC75DB /* FavColors.swift */ = {isa = PBXFileReference; lastKnownFileType = sourcecode.swift; path = FavColors.swift; sourceTree = "<group>"; };
		9AB724D327CD2C6B006A825C /* en */ = {isa = PBXFileReference; lastKnownFileType = text.plist.strings; name = en; path = en.lproj/Localizable.strings; sourceTree = "<group>"; };
		9AB724D527CD2C9B006A825C /* ko */ = {isa = PBXFileReference; lastKnownFileType = text.plist.strings; name = ko; path = ko.lproj/Localizable.strings; sourceTree = "<group>"; };
		9AB724D627CD2D17006A825C /* LocalizedStringStorage.swift */ = {isa = PBXFileReference; lastKnownFileType = sourcecode.swift; path = LocalizedStringStorage.swift; sourceTree = "<group>"; };
		9AB724D927CE79EC006A825C /* TrashFolderView.swift */ = {isa = PBXFileReference; lastKnownFileType = sourcecode.swift; path = TrashFolderView.swift; sourceTree = "<group>"; };
		9AB724DB27CE7B18006A825C /* MemosToolBarViewForTrash.swift */ = {isa = PBXFileReference; lastKnownFileType = sourcecode.swift; path = MemosToolBarViewForTrash.swift; sourceTree = "<group>"; };
		9AB724DF27CF9FEA006A825C /* TrashBinSubMemoList.swift */ = {isa = PBXFileReference; lastKnownFileType = sourcecode.swift; path = TrashBinSubMemoList.swift; sourceTree = "<group>"; };
		9AB724E127CFA181006A825C /* TrashMemoView.swift */ = {isa = PBXFileReference; lastKnownFileType = sourcecode.swift; path = TrashMemoView.swift; sourceTree = "<group>"; };
		9AB7250227D00EC3006A825C /* FolderOrderingButton.swift */ = {isa = PBXFileReference; lastKnownFileType = sourcecode.swift; path = FolderOrderingButton.swift; sourceTree = "<group>"; };
		9AB7250427D00F03006A825C /* FolderAscDecButton.swift */ = {isa = PBXFileReference; lastKnownFileType = sourcecode.swift; path = FolderAscDecButton.swift; sourceTree = "<group>"; };
		9AB7250627D00F24006A825C /* MemoOrderingButton.swift */ = {isa = PBXFileReference; lastKnownFileType = sourcecode.swift; path = MemoOrderingButton.swift; sourceTree = "<group>"; };
		9AB7250827D00F36006A825C /* MemoAscDecButton.swift */ = {isa = PBXFileReference; lastKnownFileType = sourcecode.swift; path = MemoAscDecButton.swift; sourceTree = "<group>"; };
		9AB7250A27D00F53006A825C /* FolderOrderingMenu.swift */ = {isa = PBXFileReference; lastKnownFileType = sourcecode.swift; path = FolderOrderingMenu.swift; sourceTree = "<group>"; };
		9AB7250C27D00F78006A825C /* MemoOrderingMenu.swift */ = {isa = PBXFileReference; lastKnownFileType = sourcecode.swift; path = MemoOrderingMenu.swift; sourceTree = "<group>"; };
		9AB7250E27D00FF8006A825C /* TrashBinViewModel.swift */ = {isa = PBXFileReference; lastKnownFileType = sourcecode.swift; path = TrashBinViewModel.swift; sourceTree = "<group>"; };
		9AB7251027D01023006A825C /* TrashBinCell.swift */ = {isa = PBXFileReference; lastKnownFileType = sourcecode.swift; path = TrashBinCell.swift; sourceTree = "<group>"; };
		9AB7251227D0107E006A825C /* TrashBinMemoList.swift */ = {isa = PBXFileReference; lastKnownFileType = sourcecode.swift; path = TrashBinMemoList.swift; sourceTree = "<group>"; };
		9AB7251427D01186006A825C /* FastFolderWithLevelGroup.swift */ = {isa = PBXFileReference; lastKnownFileType = sourcecode.swift; path = FastFolderWithLevelGroup.swift; sourceTree = "<group>"; };
		9AB7251627D01B21006A825C /* CheckableFolderCell.swift */ = {isa = PBXFileReference; lastKnownFileType = sourcecode.swift; path = CheckableFolderCell.swift; sourceTree = "<group>"; };
		9AB7251827D02045006A825C /* SystemImage.swift */ = {isa = PBXFileReference; lastKnownFileType = sourcecode.swift; path = SystemImage.swift; sourceTree = "<group>"; };
		9AB7253C27D39EAC006A825C /* RegexPrac.playground */ = {isa = PBXFileReference; lastKnownFileType = file.playground; path = RegexPrac.playground; sourceTree = "<group>"; xcLanguageSpecificationIdentifier = xcode.lang.swift; };
		9AB7253D27D3A120006A825C /* Regex Tips */ = {isa = PBXFileReference; lastKnownFileType = text; path = "Regex Tips"; sourceTree = "<group>"; };
		9AB7253E27D3B3E3006A825C /* MemoTextView1.swift */ = {isa = PBXFileReference; lastKnownFileType = sourcecode.swift; path = MemoTextView1.swift; sourceTree = "<group>"; };
		9AC257D527C24A1600280DD2 /* CustomSearchView.swift */ = {isa = PBXFileReference; lastKnownFileType = sourcecode.swift; path = CustomSearchView.swift; sourceTree = "<group>"; };
		9AC3B0DD279BCDAC008D378B /* VerCollapsibleFolder.swift */ = {isa = PBXFileReference; lastKnownFileType = sourcecode.swift; path = VerCollapsibleFolder.swift; sourceTree = "<group>"; };
		9AC5D0F02782BBEB007EAA28 /* HorCollapsibleMind3.swift */ = {isa = PBXFileReference; lastKnownFileType = sourcecode.swift; path = HorCollapsibleMind3.swift; sourceTree = "<group>"; };
		9AC5D10B27840554007EAA28 /* Model.xcdatamodel */ = {isa = PBXFileReference; lastKnownFileType = wrapper.xcdatamodel; path = Model.xcdatamodel; sourceTree = "<group>"; };
		9AC5D11527840609007EAA28 /* DeeepMemoTests.xctest */ = {isa = PBXFileReference; explicitFileType = wrapper.cfbundle; includeInIndex = 0; path = DeeepMemoTests.xctest; sourceTree = BUILT_PRODUCTS_DIR; };
		9AC5D1282784092F007EAA28 /* Folder+helper.swift */ = {isa = PBXFileReference; lastKnownFileType = sourcecode.swift; path = "Folder+helper.swift"; sourceTree = "<group>"; };
		9AC5D12B27840939007EAA28 /* Memo+helper.swift */ = {isa = PBXFileReference; lastKnownFileType = sourcecode.swift; path = "Memo+helper.swift"; sourceTree = "<group>"; };
		9AC5D12E278409FD007EAA28 /* Persistence.swift */ = {isa = PBXFileReference; lastKnownFileType = sourcecode.swift; path = Persistence.swift; sourceTree = "<group>"; };
		9AC5D139278521F9007EAA28 /* Memo For Tips and Tricks */ = {isa = PBXFileReference; lastKnownFileType = text; path = "Memo For Tips and Tricks"; sourceTree = "<group>"; };
		9AC5D13C2785247D007EAA28 /* Terms */ = {isa = PBXFileReference; lastKnownFileType = text; path = Terms; sourceTree = "<group>"; };
		9AC5D1D827854159007EAA28 /* DeeepMemo (iOS).entitlements */ = {isa = PBXFileReference; lastKnownFileType = text.plist.entitlements; path = "DeeepMemo (iOS).entitlements"; sourceTree = "<group>"; };
		9AC5D1DA2785415F007EAA28 /* CloudKit.framework */ = {isa = PBXFileReference; lastKnownFileType = wrapper.framework; name = CloudKit.framework; path = Platforms/iPhoneOS.platform/Developer/SDKs/iPhoneOS15.2.sdk/System/Library/Frameworks/CloudKit.framework; sourceTree = DEVELOPER_DIR; };
		9AC5D1F427854292007EAA28 /* CloudKit.framework */ = {isa = PBXFileReference; lastKnownFileType = wrapper.framework; name = CloudKit.framework; path = System/Library/Frameworks/CloudKit.framework; sourceTree = SDKROOT; };
		9AC5D1F727854387007EAA28 /* DeeepMemo--iOS--Info.plist */ = {isa = PBXFileReference; lastKnownFileType = text.plist; path = "DeeepMemo--iOS--Info.plist"; sourceTree = "<group>"; };
		9AC5D1FC278557D8007EAA28 /* UnitTestHelper.swift */ = {isa = PBXFileReference; lastKnownFileType = sourcecode.swift; path = UnitTestHelper.swift; sourceTree = "<group>"; };
		9AC5D1FE278558AC007EAA28 /* NSPredicate+helper.swift */ = {isa = PBXFileReference; lastKnownFileType = sourcecode.swift; path = "NSPredicate+helper.swift"; sourceTree = "<group>"; };
		9AC5D20727856E7D007EAA28 /* DeeepMemoTests-Bridging-Header.h */ = {isa = PBXFileReference; lastKnownFileType = sourcecode.c.h; path = "DeeepMemoTests-Bridging-Header.h"; sourceTree = "<group>"; };
		9AC5D20827856E7D007EAA28 /* FolderTests.swift */ = {isa = PBXFileReference; lastKnownFileType = sourcecode.swift; path = FolderTests.swift; sourceTree = "<group>"; };
		9AC5D20B27856F2F007EAA28 /* MemoTests.swift */ = {isa = PBXFileReference; lastKnownFileType = sourcecode.swift; path = MemoTests.swift; sourceTree = "<group>"; };
		9AC5D21227857993007EAA28 /* CoreDataTestView.swift */ = {isa = PBXFileReference; lastKnownFileType = sourcecode.swift; path = CoreDataTestView.swift; sourceTree = "<group>"; };
		9AC5D2182786F773007EAA28 /* HomeViewPrev.swift */ = {isa = PBXFileReference; lastKnownFileType = sourcecode.swift; path = HomeViewPrev.swift; sourceTree = "<group>"; };
		9AC5D22127883475007EAA28 /* SubFolderPageView3.swift */ = {isa = PBXFileReference; lastKnownFileType = sourcecode.swift; path = SubFolderPageView3.swift; sourceTree = "<group>"; };
		9AC5D224278834EC007EAA28 /* FolderLabelView3.swift */ = {isa = PBXFileReference; lastKnownFileType = sourcecode.swift; path = FolderLabelView3.swift; sourceTree = "<group>"; };
		9AC5D22A278BCD54007EAA28 /* SubFoldersToolView.swift */ = {isa = PBXFileReference; lastKnownFileType = sourcecode.swift; path = SubFoldersToolView.swift; sourceTree = "<group>"; };
		9AC5D22D278BD8C6007EAA28 /* CurrentTodoLists */ = {isa = PBXFileReference; lastKnownFileType = text; path = CurrentTodoLists; sourceTree = "<group>"; };
		9AC5D230278BE711007EAA28 /* ChangeFolderTitleTestView.swift */ = {isa = PBXFileReference; lastKnownFileType = sourcecode.swift; path = ChangeFolderTitleTestView.swift; sourceTree = "<group>"; };
		9AC5D233278C3145007EAA28 /* MemoList2.swift */ = {isa = PBXFileReference; lastKnownFileType = sourcecode.swift; path = MemoList2.swift; sourceTree = "<group>"; };
		9AC5D23C278D8435007EAA28 /* textFieldTestview.swift */ = {isa = PBXFileReference; lastKnownFileType = sourcecode.swift; path = textFieldTestview.swift; sourceTree = "<group>"; };
		9AD6EEC0277AD3EA00866456 /* MemosToolBarView.swift */ = {isa = PBXFileReference; lastKnownFileType = sourcecode.swift; path = MemosToolBarView.swift; sourceTree = "<group>"; };
		9AD6EEC9277C3E3E00866456 /* Extensions.swift */ = {isa = PBXFileReference; lastKnownFileType = sourcecode.swift; path = Extensions.swift; sourceTree = "<group>"; };
		9AD6EF10277D9DF100866456 /* MemoList.swift */ = {isa = PBXFileReference; lastKnownFileType = sourcecode.swift; path = MemoList.swift; sourceTree = "<group>"; };
		9AD6EF15277DA78800866456 /* PopUpButtonView.swift */ = {isa = PBXFileReference; lastKnownFileType = sourcecode.swift; path = PopUpButtonView.swift; sourceTree = "<group>"; };
		9AD6EF1B277DBD9F00866456 /* CollapsibleFolderList.swift */ = {isa = PBXFileReference; lastKnownFileType = sourcecode.swift; path = CollapsibleFolderList.swift; sourceTree = "<group>"; };
		9AD6EF25277EC5CF00866456 /* MindMapView.swift */ = {isa = PBXFileReference; lastKnownFileType = sourcecode.swift; path = MindMapView.swift; sourceTree = "<group>"; };
		9AD8332227BD064A00506AE8 /* PhotoPickerPrac.swift */ = {isa = PBXFileReference; lastKnownFileType = sourcecode.swift; path = PhotoPickerPrac.swift; sourceTree = "<group>"; };
		9AD8332627BD0B7300506AE8 /* MemoTextView.swift */ = {isa = PBXFileReference; lastKnownFileType = sourcecode.swift; path = MemoTextView.swift; sourceTree = "<group>"; };
		9AD8333627BE148A00506AE8 /* MemoView.swift */ = {isa = PBXFileReference; lastKnownFileType = sourcecode.swift; path = MemoView.swift; sourceTree = "<group>"; };
		9AE538F727C38E4300452999 /* AppStorageKeys.swift */ = {isa = PBXFileReference; lastKnownFileType = sourcecode.swift; path = AppStorageKeys.swift; sourceTree = "<group>"; };
		9AE5391A27C6374F00452999 /* PlainTextView.swift */ = {isa = PBXFileReference; lastKnownFileType = sourcecode.swift; path = PlainTextView.swift; sourceTree = "<group>"; };
		E523DB3B27B8472C00D8D78B /* BookmarkedFolderView.swift */ = {isa = PBXFileReference; lastKnownFileType = sourcecode.swift; path = BookmarkedFolderView.swift; sourceTree = "<group>"; };
		E523DB4E27BE9A3000D8D78B /* ColorPaletteView.swift */ = {isa = PBXFileReference; lastKnownFileType = sourcecode.swift; path = ColorPaletteView.swift; sourceTree = "<group>"; };
		E523DB5127C0073900D8D78B /* NewMemoView.swift */ = {isa = PBXFileReference; lastKnownFileType = sourcecode.swift; path = NewMemoView.swift; sourceTree = "<group>"; };
		E545D1D5278C04CD00363BE3 /* ChangeMemoVarsTestView.swift */ = {isa = PBXFileReference; lastKnownFileType = sourcecode.swift; path = ChangeMemoVarsTestView.swift; sourceTree = "<group>"; };
		E54FE17E27C7C896000FFA81 /* SwipeTestView.swift */ = {isa = PBXFileReference; lastKnownFileType = sourcecode.swift; path = SwipeTestView.swift; sourceTree = "<group>"; };
		E54FE18227C9455B000FFA81 /* SyntaxHighlightTextStorage.swift */ = {isa = PBXFileReference; lastKnownFileType = sourcecode.swift; path = SyntaxHighlightTextStorage.swift; sourceTree = "<group>"; };
		E54FE18427C94594000FFA81 /* NoteEditorViewController.swift */ = {isa = PBXFileReference; lastKnownFileType = sourcecode.swift; path = NoteEditorViewController.swift; sourceTree = "<group>"; };
		E54FE18627C945DF000FFA81 /* Note.swift */ = {isa = PBXFileReference; lastKnownFileType = sourcecode.swift; path = Note.swift; sourceTree = "<group>"; };
		E596A6C427AD8D5000076E95 /* OrderViewModel.swift */ = {isa = PBXFileReference; lastKnownFileType = sourcecode.swift; path = OrderViewModel.swift; sourceTree = "<group>"; };
/* End PBXFileReference section */

/* Begin PBXFrameworksBuildPhase section */
		9A04749927715D1300571D66 /* Frameworks */ = {
			isa = PBXFrameworksBuildPhase;
			buildActionMask = 2147483647;
			files = (
				9AC5D1DB2785415F007EAA28 /* CloudKit.framework in Frameworks */,
			);
			runOnlyForDeploymentPostprocessing = 0;
		};
		9AC5D11227840609007EAA28 /* Frameworks */ = {
			isa = PBXFrameworksBuildPhase;
			buildActionMask = 2147483647;
			files = (
			);
			runOnlyForDeploymentPostprocessing = 0;
		};
/* End PBXFrameworksBuildPhase section */

/* Begin PBXGroup section */
		9A04748F27715D1100571D66 = {
			isa = PBXGroup;
			children = (
				9A04749527715D1200571D66 /* DeeepMemoApp.swift */,
				9A3378092796B10E00805138 /* HomeView.swift */,
				9AB7250027D00E16006A825C /* TrashBin */,
				9AB724FD27D00D9A006A825C /* Prev */,
				9A0474B927716DBC00571D66 /* Views */,
				9A0474BA27716DCB00571D66 /* Models */,
				9AC5D0F32782C59C007EAA28 /* ViewModels */,
				9A89582527717EAC00E7B773 /* Utils */,
				9A04749727715D1300571D66 /* Assets.xcassets */,
				9AB724FF27D00DE4006A825C /* Localizable */,
				9AC5D13F278528FA007EAA28 /* PersonalMemos */,
				9AC5D1F727854387007EAA28 /* DeeepMemo--iOS--Info.plist */,
				9AC5D1D827854159007EAA28 /* DeeepMemo (iOS).entitlements */,
				9A04749D27715D1300571D66 /* Products */,
				9AC5D1D92785415F007EAA28 /* Frameworks */,
				9AC5D20727856E7D007EAA28 /* DeeepMemoTests-Bridging-Header.h */,
			);
			sourceTree = "<group>";
		};
		9A04749D27715D1300571D66 /* Products */ = {
			isa = PBXGroup;
			children = (
				9A04749C27715D1300571D66 /* DeeepMemo.app */,
				9AC5D11527840609007EAA28 /* DeeepMemoTests.xctest */,
			);
			name = Products;
			sourceTree = "<group>";
		};
		9A0474B927716DBC00571D66 /* Views */ = {
			isa = PBXGroup;
			children = (
				9AC257D527C24A1600280DD2 /* CustomSearchView.swift */,
				E523DB4727B9C73700D8D78B /* Bookmark */,
				9AD6EF28277EC64A00866456 /* MindMap */,
				9AD6EF14277D9EE800866456 /* Folder */,
				9AD6EF13277D9EE200866456 /* Memo */,
				9A3377DA2790313200805138 /* Components */,
			);
			path = Views;
			sourceTree = "<group>";
		};
		9A0474BA27716DCB00571D66 /* Models */ = {
			isa = PBXGroup;
			children = (
				9AC5D10A27840554007EAA28 /* DeeepMemo.xcdatamodeld */,
				9AC5D12E278409FD007EAA28 /* Persistence.swift */,
				9AC5D1282784092F007EAA28 /* Folder+helper.swift */,
				9AC5D1FC278557D8007EAA28 /* UnitTestHelper.swift */,
				9AC5D12B27840939007EAA28 /* Memo+helper.swift */,
				9AC5D1FE278558AC007EAA28 /* NSPredicate+helper.swift */,
				9AE538F727C38E4300452999 /* AppStorageKeys.swift */,
			);
			path = Models;
			sourceTree = "<group>";
		};
		9A1D536427ACE3A2009294C1 /* Tests */ = {
			isa = PBXGroup;
			children = (
				9A3378632798277400805138 /* PinViewModel.swift */,
				9A3378602798207800805138 /* SelectedMemoViewModel.swift */,
				9A98E7572773021200057A84 /* ModelTest.swift */,
				9A33786C2799450100805138 /* HorCollapsibleMind.swift */,
				9A3377B827900BF200805138 /* MemoListTest.swift */,
				9A3378662799275E00805138 /* SubFolderPageView.swift */,
			);
			path = Tests;
			sourceTree = "<group>";
		};
		9A3377DA2790313200805138 /* Components */ = {
			isa = PBXGroup;
			children = (
				9A895822277179E100E7B773 /* PlusImage.swift */,
				9A98E7542772D28C00057A84 /* ChangeableImage.swift */,
				9AB7251827D02045006A825C /* SystemImage.swift */,
				9A337892279A5C9600805138 /* HierarchyLabelView.swift */,
				9A1D535E27A93C51009294C1 /* PrettyTextFieldAlert.swift */,
				9A1D536127ACE2E3009294C1 /* SubFolderButtonImage.swift */,
				9AB7250127D00EB0006A825C /* Ordering */,
			);
			path = Components;
			sourceTree = "<group>";
		};
		9A3377FF2791877200805138 /* NotUsing */ = {
			isa = PBXGroup;
			children = (
				9AD6EF15277DA78800866456 /* PopUpButtonView.swift */,
			);
			path = NotUsing;
			sourceTree = "<group>";
		};
		9A337898279A76A500805138 /* PreviousViews */ = {
			isa = PBXGroup;
			children = (
				9AC5D2112785798A007EAA28 /* Tester */,
				9AC5D20B27856F2F007EAA28 /* MemoTests.swift */,
				9A1D853E27A16BE800B00156 /* SubMemoList.swift */,
				9AC5D22A278BCD54007EAA28 /* SubFoldersToolView.swift */,
				9AD6EF1B277DBD9F00866456 /* CollapsibleFolderList.swift */,
				9AC5D233278C3145007EAA28 /* MemoList2.swift */,
				9AC5D20827856E7D007EAA28 /* FolderTests.swift */,
				9A33786927993ACA00805138 /* FolderOverView.swift */,
				9A3377AF278EC6F000805138 /* SubFolderElementView.swift */,
				9AC5D23C278D8435007EAA28 /* textFieldTestview.swift */,
				9AC5D0F02782BBEB007EAA28 /* HorCollapsibleMind3.swift */,
				9A04749627715D1200571D66 /* MainView.swift */,
				9AC5D2182786F773007EAA28 /* HomeViewPrev.swift */,
				9A33785C279817B700805138 /* FolderView2.swift */,
				9A3377B42790039200805138 /* FolderViewTest.swift */,
				9AC5D224278834EC007EAA28 /* FolderLabelView3.swift */,
				9AC5D22127883475007EAA28 /* SubFolderPageView3.swift */,
				9A3377B62790060100805138 /* MemosToolBarViewTest.swift */,
				9AC3B0DD279BCDAC008D378B /* VerCollapsibleFolder.swift */,
				9AD6EF1E277DC19800866456 /* Testing */,
			);
			path = PreviousViews;
			sourceTree = "<group>";
		};
		9A89582527717EAC00E7B773 /* Utils */ = {
			isa = PBXGroup;
			children = (
				9AD6EEC9277C3E3E00866456 /* Extensions.swift */,
				9A89582627717EB500E7B773 /* Sizes.swift */,
				9A3378002795736200805138 /* ColorExt.swift */,
				9AA2672B27BE45BD00AC75DB /* UIColorExt.swift */,
			);
			path = Utils;
			sourceTree = "<group>";
		};
		9AA2673427BF58F300AC75DB /* PrevTests */ = {
			isa = PBXGroup;
			children = (
				9A046CCB27B3A72E003169C7 /* CollapsingTest.swift */,
			);
			path = PrevTests;
			sourceTree = "<group>";
		};
		9AB724FD27D00D9A006A825C /* Prev */ = {
			isa = PBXGroup;
			children = (
				9AD8332527BD0B5F00506AE8 /* Practices */,
				9AA2673127BE4E2900AC75DB /* FavColors.swift */,
				9A3377B2278FFF2D00805138 /* TextViewWrapper.swift */,
				9A046D1A27B67508003169C7 /* OrderingAppStorage.swift */,
				E523DB5427C007F000D8D78B /* Colors */,
				E54FE17E27C7C896000FFA81 /* SwipeTestView.swift */,
				9AE5391A27C6374F00452999 /* PlainTextView.swift */,
				9A04BF1F27C8CD2000F3972D /* CustomTextView.swift */,
				9A337898279A76A500805138 /* PreviousViews */,
				9A1D536427ACE3A2009294C1 /* Tests */,
			);
			path = Prev;
			sourceTree = "<group>";
		};
		9AB724FF27D00DE4006A825C /* Localizable */ = {
			isa = PBXGroup;
			children = (
				9AB724D427CD2C6B006A825C /* Localizable.strings */,
				9AB724D627CD2D17006A825C /* LocalizedStringStorage.swift */,
			);
			path = Localizable;
			sourceTree = "<group>";
		};
		9AB7250027D00E16006A825C /* TrashBin */ = {
			isa = PBXGroup;
			children = (
				9AB7251027D01023006A825C /* TrashBinCell.swift */,
				9AB724D927CE79EC006A825C /* TrashFolderView.swift */,
				9AB7251227D0107E006A825C /* TrashBinMemoList.swift */,
				9AB724DF27CF9FEA006A825C /* TrashBinSubMemoList.swift */,
				9AB724E127CFA181006A825C /* TrashMemoView.swift */,
				9AB724DB27CE7B18006A825C /* MemosToolBarViewForTrash.swift */,
			);
			path = TrashBin;
			sourceTree = "<group>";
		};
		9AB7250127D00EB0006A825C /* Ordering */ = {
			isa = PBXGroup;
			children = (
				9AB7250A27D00F53006A825C /* FolderOrderingMenu.swift */,
				9AB7250C27D00F78006A825C /* MemoOrderingMenu.swift */,
				9AB7250827D00F36006A825C /* MemoAscDecButton.swift */,
				9AB7250627D00F24006A825C /* MemoOrderingButton.swift */,
				9AB7250227D00EC3006A825C /* FolderOrderingButton.swift */,
				9AB7250427D00F03006A825C /* FolderAscDecButton.swift */,
			);
			path = Ordering;
			sourceTree = "<group>";
		};
		9AB7253B27D39E99006A825C /* TextViews */ = {
			isa = PBXGroup;
			children = (
				9AB7253C27D39EAC006A825C /* RegexPrac.playground */,
				9AB7253D27D3A120006A825C /* Regex Tips */,
				E54FE18127C94539000FFA81 /* MemoTextView */,
			);
			path = TextViews;
			sourceTree = "<group>";
		};
		9AC5D0F32782C59C007EAA28 /* ViewModels */ = {
			isa = PBXGroup;
			children = (
				9A33788F279A56C500805138 /* FolderEditViewModel.swift */,
				9AB7251427D01186006A825C /* FastFolderWithLevelGroup.swift */,
				9A337895279A6F3C00805138 /* MemoEditViewModel.swift */,
				E596A6C427AD8D5000076E95 /* OrderViewModel.swift */,
				9AB7250E27D00FF8006A825C /* TrashBinViewModel.swift */,
			);
			path = ViewModels;
			sourceTree = "<group>";
		};
		9AC5D13F278528FA007EAA28 /* PersonalMemos */ = {
			isa = PBXGroup;
			children = (
				9A0474BF2771709D00571D66 /* OverallMemo */,
				9AC5D139278521F9007EAA28 /* Memo For Tips and Tricks */,
				9AC5D13C2785247D007EAA28 /* Terms */,
				9AC5D22D278BD8C6007EAA28 /* CurrentTodoLists */,
			);
			path = PersonalMemos;
			sourceTree = "<group>";
		};
		9AC5D1D92785415F007EAA28 /* Frameworks */ = {
			isa = PBXGroup;
			children = (
				9AC5D1F427854292007EAA28 /* CloudKit.framework */,
				9AC5D1DA2785415F007EAA28 /* CloudKit.framework */,
			);
			name = Frameworks;
			sourceTree = "<group>";
		};
		9AC5D2112785798A007EAA28 /* Tester */ = {
			isa = PBXGroup;
			children = (
				9AC5D21227857993007EAA28 /* CoreDataTestView.swift */,
				9AC5D230278BE711007EAA28 /* ChangeFolderTitleTestView.swift */,
				E545D1D5278C04CD00363BE3 /* ChangeMemoVarsTestView.swift */,
				9A337803279576CC00805138 /* testView.swift */,
			);
			path = Tester;
			sourceTree = "<group>";
		};
		9AD6EF13277D9EE200866456 /* Memo */ = {
			isa = PBXGroup;
			children = (
				9AD8332627BD0B7300506AE8 /* MemoTextView.swift */,
				9AB7253E27D3B3E3006A825C /* MemoTextView1.swift */,
				9AB7253B27D39E99006A825C /* TextViews */,
				9AD8333627BE148A00506AE8 /* MemoView.swift */,
				E523DB5127C0073900D8D78B /* NewMemoView.swift */,
				9AA266E027BE347C00AC75DB /* MemoBoxView.swift */,
				9AD6EF10277D9DF100866456 /* MemoList.swift */,
				9A3378062796A5CB00805138 /* FilteredMemoList.swift */,
				9AD6EEC0277AD3EA00866456 /* MemosToolBarView.swift */,
			);
			path = Memo;
			sourceTree = "<group>";
		};
		9AD6EF14277D9EE800866456 /* Folder */ = {
			isa = PBXGroup;
			children = (
				9A0474BC27716E0000571D66 /* FolderView.swift */,
				9A1D854427A24F9400B00156 /* SubFolderView.swift */,
			);
			name = Folder;
			path = Subviews;
			sourceTree = "<group>";
		};
		9AD6EF1E277DC19800866456 /* Testing */ = {
			isa = PBXGroup;
			children = (
				9A3377FF2791877200805138 /* NotUsing */,
			);
			path = Testing;
			sourceTree = "<group>";
		};
		9AD6EF28277EC64A00866456 /* MindMap */ = {
			isa = PBXGroup;
			children = (
				9AD6EF25277EC5CF00866456 /* MindMapView.swift */,
				9A013F6927BA535400C612ED /* DynamicTopFolderCell.swift */,
				9A1D8538279FF32400B00156 /* DynamicFolderCell.swift */,
				9A1D535827A925A1009294C1 /* TitleWithLevelView.swift */,
				9A1D856A27A3E98D00B00156 /* SelectingFolderView.swift */,
				9AB7251627D01B21006A825C /* CheckableFolderCell.swift */,
			);
			path = MindMap;
			sourceTree = "<group>";
		};
		9AD8332527BD0B5F00506AE8 /* Practices */ = {
			isa = PBXGroup;
			children = (
				9AA2673427BF58F300AC75DB /* PrevTests */,
				9A3378262796DECA00805138 /* ProblemsAndSolutions */,
				9AD8332227BD064A00506AE8 /* PhotoPickerPrac.swift */,
			);
			path = Practices;
			sourceTree = "<group>";
		};
		E523DB4727B9C73700D8D78B /* Bookmark */ = {
			isa = PBXGroup;
			children = (
				E523DB3B27B8472C00D8D78B /* BookmarkedFolderView.swift */,
				9A046CC827B3A042003169C7 /* BookmarkedMemoBoxView.swift */,
			);
			path = Bookmark;
			sourceTree = "<group>";
		};
		E523DB5427C007F000D8D78B /* Colors */ = {
			isa = PBXGroup;
			children = (
				E523DB4E27BE9A3000D8D78B /* ColorPaletteView.swift */,
				9AA2672E27BE4D3700AC75DB /* ColorPickerView.swift */,
			);
			path = Colors;
			sourceTree = "<group>";
		};
		E54FE18127C94539000FFA81 /* MemoTextView */ = {
			isa = PBXGroup;
			children = (
				E54FE18227C9455B000FFA81 /* SyntaxHighlightTextStorage.swift */,
				E54FE18427C94594000FFA81 /* NoteEditorViewController.swift */,
				E54FE18627C945DF000FFA81 /* Note.swift */,
			);
			path = MemoTextView;
			sourceTree = "<group>";
		};
/* End PBXGroup section */

/* Begin PBXNativeTarget section */
		9A04749B27715D1300571D66 /* DeeepMemo (iOS) */ = {
			isa = PBXNativeTarget;
			buildConfigurationList = 9A0474AD27715D1400571D66 /* Build configuration list for PBXNativeTarget "DeeepMemo (iOS)" */;
			buildPhases = (
				9A04749827715D1300571D66 /* Sources */,
				9A04749927715D1300571D66 /* Frameworks */,
				9A04749A27715D1300571D66 /* Resources */,
			);
			buildRules = (
			);
			dependencies = (
			);
			name = "DeeepMemo (iOS)";
			packageProductDependencies = (
			);
			productName = "DeeepMemo (iOS)";
			productReference = 9A04749C27715D1300571D66 /* DeeepMemo.app */;
			productType = "com.apple.product-type.application";
		};
		9AC5D11427840609007EAA28 /* DeeepMemoTests */ = {
			isa = PBXNativeTarget;
			buildConfigurationList = 9AC5D11B27840609007EAA28 /* Build configuration list for PBXNativeTarget "DeeepMemoTests" */;
			buildPhases = (
				9AC5D11127840609007EAA28 /* Sources */,
				9AC5D11227840609007EAA28 /* Frameworks */,
				9AC5D11327840609007EAA28 /* Resources */,
			);
			buildRules = (
			);
			dependencies = (
				9AC5D11A27840609007EAA28 /* PBXTargetDependency */,
			);
			name = DeeepMemoTests;
			productName = DeeepMemoTests;
			productReference = 9AC5D11527840609007EAA28 /* DeeepMemoTests.xctest */;
			productType = "com.apple.product-type.bundle.unit-test";
		};
/* End PBXNativeTarget section */

/* Begin PBXProject section */
		9A04749027715D1100571D66 /* Project object */ = {
			isa = PBXProject;
			attributes = {
				BuildIndependentTargetsInParallel = 1;
				LastSwiftUpdateCheck = 1320;
				LastUpgradeCheck = 1320;
				TargetAttributes = {
					9A04749B27715D1300571D66 = {
						CreatedOnToolsVersion = 13.2;
					};
					9AC5D11427840609007EAA28 = {
						CreatedOnToolsVersion = 13.2.1;
						LastSwiftMigration = 1320;
						TestTargetID = 9A04749B27715D1300571D66;
					};
				};
			};
			buildConfigurationList = 9A04749327715D1100571D66 /* Build configuration list for PBXProject "DeeepMemo" */;
			compatibilityVersion = "Xcode 13.0";
			developmentRegion = en;
			hasScannedForEncodings = 0;
			knownRegions = (
				en,
				Base,
				ko,
			);
			mainGroup = 9A04748F27715D1100571D66;
			packageReferences = (
				9A04BF2227C8CF4E00F3972D /* XCRemoteSwiftPackageReference "SwiftUI-Introspect" */,
			);
			productRefGroup = 9A04749D27715D1300571D66 /* Products */;
			projectDirPath = "";
			projectRoot = "";
			targets = (
				9A04749B27715D1300571D66 /* DeeepMemo (iOS) */,
				9AC5D11427840609007EAA28 /* DeeepMemoTests */,
			);
		};
/* End PBXProject section */

/* Begin PBXResourcesBuildPhase section */
		9A04749A27715D1300571D66 /* Resources */ = {
			isa = PBXResourcesBuildPhase;
			buildActionMask = 2147483647;
			files = (
				9AC5D13D2785247D007EAA28 /* Terms in Resources */,
				9AB724D227CD2C6B006A825C /* Localizable.strings in Resources */,
				9AC5D13A278521F9007EAA28 /* Memo For Tips and Tricks in Resources */,
				9A3378272796DECA00805138 /* ProblemsAndSolutions in Resources */,
				9A0474C02771709D00571D66 /* OverallMemo in Resources */,
				9A0474A927715D1400571D66 /* Assets.xcassets in Resources */,
				9AC5D22E278BD8C6007EAA28 /* CurrentTodoLists in Resources */,
			);
			runOnlyForDeploymentPostprocessing = 0;
		};
		9AC5D11327840609007EAA28 /* Resources */ = {
			isa = PBXResourcesBuildPhase;
			buildActionMask = 2147483647;
			files = (
			);
			runOnlyForDeploymentPostprocessing = 0;
		};
/* End PBXResourcesBuildPhase section */

/* Begin PBXSourcesBuildPhase section */
		9A04749827715D1300571D66 /* Sources */ = {
			isa = PBXSourcesBuildPhase;
			buildActionMask = 2147483647;
			files = (
				E54FE18327C9455B000FFA81 /* SyntaxHighlightTextStorage.swift in Sources */,
				E523DB4F27BE9A3000D8D78B /* ColorPaletteView.swift in Sources */,
				9AB7250327D00EC3006A825C /* FolderOrderingButton.swift in Sources */,
				9AD8332327BD064A00506AE8 /* PhotoPickerPrac.swift in Sources */,
				9AE5391B27C6374F00452999 /* PlainTextView.swift in Sources */,
				9A98E7582773021200057A84 /* ModelTest.swift in Sources */,
				E54FE18727C945DF000FFA81 /* Note.swift in Sources */,
				9AB724D727CD2D17006A825C /* LocalizedStringStorage.swift in Sources */,
				9A1D856B27A3E98D00B00156 /* SelectingFolderView.swift in Sources */,
				9A337804279576CC00805138 /* testView.swift in Sources */,
				9AE538F827C38E4700452999 /* AppStorageKeys.swift in Sources */,
				9A3377B52790039200805138 /* FolderViewTest.swift in Sources */,
				9A046CC927B3A042003169C7 /* BookmarkedMemoBoxView.swift in Sources */,
				9AC5D23D278D8435007EAA28 /* textFieldTestview.swift in Sources */,
				9AD6EF11277D9DF100866456 /* MemoList.swift in Sources */,
				9AD8333727BE148A00506AE8 /* MemoView.swift in Sources */,
				9AC5D1FD278557D8007EAA28 /* UnitTestHelper.swift in Sources */,
				E523DB3C27B8472C00D8D78B /* BookmarkedFolderView.swift in Sources */,
				9A337890279A56C500805138 /* FolderEditViewModel.swift in Sources */,
				9A3377B3278FFF2D00805138 /* TextViewWrapper.swift in Sources */,
				9AD6EECA277C3E3E00866456 /* Extensions.swift in Sources */,
				9A3378672799275E00805138 /* SubFolderPageView.swift in Sources */,
				9AB7250527D00F03006A825C /* FolderAscDecButton.swift in Sources */,
				9A013F6A27BA535400C612ED /* DynamicTopFolderCell.swift in Sources */,
				9AD6EF16277DA78800866456 /* PopUpButtonView.swift in Sources */,
				9A1D8539279FF32400B00156 /* DynamicFolderCell.swift in Sources */,
				9AB7253F27D3B3E3006A825C /* MemoTextView1.swift in Sources */,
				9A046D1B27B67508003169C7 /* OrderingAppStorage.swift in Sources */,
				9AB724DA27CE79EC006A825C /* TrashFolderView.swift in Sources */,
				9AC5D22227883475007EAA28 /* SubFolderPageView3.swift in Sources */,
				9A3378642798277400805138 /* PinViewModel.swift in Sources */,
				E523DB5227C0073900D8D78B /* NewMemoView.swift in Sources */,
				9AC5D20127855C0A007EAA28 /* Persistence.swift in Sources */,
				9A04BF2027C8CD2000F3972D /* CustomTextView.swift in Sources */,
				9A1D854527A24F9400B00156 /* SubFolderView.swift in Sources */,
				9AC5D234278C3145007EAA28 /* MemoList2.swift in Sources */,
				9AB724E227CFA181006A825C /* TrashMemoView.swift in Sources */,
				9A0474BD27716E0000571D66 /* FolderView.swift in Sources */,
				9AA2672F27BE4D3700AC75DB /* ColorPickerView.swift in Sources */,
				9AB7250927D00F36006A825C /* MemoAscDecButton.swift in Sources */,
				9AB724E027CF9FEA006A825C /* TrashBinSubMemoList.swift in Sources */,
				9AC5D2192786F773007EAA28 /* HomeViewPrev.swift in Sources */,
				9A0474A727715D1400571D66 /* MainView.swift in Sources */,
				9AC5D21327857993007EAA28 /* CoreDataTestView.swift in Sources */,
				9A3378012795736200805138 /* ColorExt.swift in Sources */,
				9AB724FE27D00DA9006A825C /* SwipeTestView.swift in Sources */,
				9A98E7552772D28C00057A84 /* ChangeableImage.swift in Sources */,
				9AB724DC27CE7B18006A825C /* MemosToolBarViewForTrash.swift in Sources */,
				9AC5D12C27840939007EAA28 /* Memo+helper.swift in Sources */,
				9A046CCC27B3A72E003169C7 /* CollapsingTest.swift in Sources */,
				9AC257D627C24AB200280DD2 /* CustomSearchView.swift in Sources */,
				9AD6EEC1277AD3EA00866456 /* MemosToolBarView.swift in Sources */,
				9A3377B927900BF200805138 /* MemoListTest.swift in Sources */,
				E54FE18527C94595000FFA81 /* NoteEditorViewController.swift in Sources */,
				9AB7250F27D00FF8006A825C /* TrashBinViewModel.swift in Sources */,
				9AC5D225278834EC007EAA28 /* FolderLabelView3.swift in Sources */,
				9AA2673227BE4E2900AC75DB /* FavColors.swift in Sources */,
				9A1D853F27A16BE800B00156 /* SubMemoList.swift in Sources */,
				E545D1D6278C04CD00363BE3 /* ChangeMemoVarsTestView.swift in Sources */,
				9AB7251927D02045006A825C /* SystemImage.swift in Sources */,
				9AB7250B27D00F53006A825C /* FolderOrderingMenu.swift in Sources */,
				9A0474A527715D1400571D66 /* DeeepMemoApp.swift in Sources */,
				9AC5D22B278BCD54007EAA28 /* SubFoldersToolView.swift in Sources */,
				9A1D535927A925A1009294C1 /* TitleWithLevelView.swift in Sources */,
				9A89582727717EB500E7B773 /* Sizes.swift in Sources */,
				9AC3B0DE279BCDAC008D378B /* VerCollapsibleFolder.swift in Sources */,
				9AC5D1FF278558AC007EAA28 /* NSPredicate+helper.swift in Sources */,
				9AC5D1292784092F007EAA28 /* Folder+helper.swift in Sources */,
				9A3378612798207800805138 /* SelectedMemoViewModel.swift in Sources */,
				9AB7250727D00F24006A825C /* MemoOrderingButton.swift in Sources */,
				9A33786A27993ACA00805138 /* FolderOverView.swift in Sources */,
				9A3377B72790060100805138 /* MemosToolBarViewTest.swift in Sources */,
				E596A6C527AD8D5000076E95 /* OrderViewModel.swift in Sources */,
				9A33785D279817B700805138 /* FolderView2.swift in Sources */,
				9AD8332727BD0B7300506AE8 /* MemoTextView.swift in Sources */,
				9A895823277179E100E7B773 /* PlusImage.swift in Sources */,
				9A1D535F27A93C51009294C1 /* PrettyTextFieldAlert.swift in Sources */,
				9AD6EF1C277DBD9F00866456 /* CollapsibleFolderList.swift in Sources */,
				9A337896279A6F3C00805138 /* MemoEditViewModel.swift in Sources */,
				9AD6EF26277EC5CF00866456 /* MindMapView.swift in Sources */,
				9A33786D2799450100805138 /* HorCollapsibleMind.swift in Sources */,
				9AB7251127D01023006A825C /* TrashBinCell.swift in Sources */,
				9AA2672C27BE45BD00AC75DB /* UIColorExt.swift in Sources */,
				9AB7251327D0107E006A825C /* TrashBinMemoList.swift in Sources */,
				9A3378072796A5CB00805138 /* FilteredMemoList.swift in Sources */,
				9AB7251727D01B21006A825C /* CheckableFolderCell.swift in Sources */,
				9A337893279A5C9600805138 /* HierarchyLabelView.swift in Sources */,
				9AC5D231278BE711007EAA28 /* ChangeFolderTitleTestView.swift in Sources */,
				9AB7251527D01186006A825C /* FastFolderWithLevelGroup.swift in Sources */,
				9A33780A2796B10E00805138 /* HomeView.swift in Sources */,
				9AC5D0F12782BBEB007EAA28 /* HorCollapsibleMind3.swift in Sources */,
				9A1D536227ACE2E3009294C1 /* SubFolderButtonImage.swift in Sources */,
				9AC5D10C27840554007EAA28 /* DeeepMemo.xcdatamodeld in Sources */,
				9AB7250D27D00F78006A825C /* MemoOrderingMenu.swift in Sources */,
				9AA266E127BE347C00AC75DB /* MemoBoxView.swift in Sources */,
			);
			runOnlyForDeploymentPostprocessing = 0;
		};
		9AC5D11127840609007EAA28 /* Sources */ = {
			isa = PBXSourcesBuildPhase;
			buildActionMask = 2147483647;
			files = (
				9AC5D20927856E7D007EAA28 /* FolderTests.swift in Sources */,
				9AC5D20C27856F2F007EAA28 /* MemoTests.swift in Sources */,
			);
			runOnlyForDeploymentPostprocessing = 0;
		};
/* End PBXSourcesBuildPhase section */

/* Begin PBXTargetDependency section */
		9AC5D11A27840609007EAA28 /* PBXTargetDependency */ = {
			isa = PBXTargetDependency;
			target = 9A04749B27715D1300571D66 /* DeeepMemo (iOS) */;
			targetProxy = 9AC5D11927840609007EAA28 /* PBXContainerItemProxy */;
		};
/* End PBXTargetDependency section */

/* Begin PBXVariantGroup section */
		9AB724D427CD2C6B006A825C /* Localizable.strings */ = {
			isa = PBXVariantGroup;
			children = (
				9AB724D327CD2C6B006A825C /* en */,
				9AB724D527CD2C9B006A825C /* ko */,
			);
			name = Localizable.strings;
			sourceTree = "<group>";
		};
/* End PBXVariantGroup section */

/* Begin XCBuildConfiguration section */
		9A0474AB27715D1400571D66 /* Debug */ = {
			isa = XCBuildConfiguration;
			buildSettings = {
				ALWAYS_SEARCH_USER_PATHS = NO;
				CLANG_ANALYZER_LOCALIZABILITY_NONLOCALIZED = YES;
				CLANG_ANALYZER_NONNULL = YES;
				CLANG_ANALYZER_NUMBER_OBJECT_CONVERSION = YES_AGGRESSIVE;
				CLANG_CXX_LANGUAGE_STANDARD = "gnu++17";
				CLANG_CXX_LIBRARY = "libc++";
				CLANG_ENABLE_MODULES = YES;
				CLANG_ENABLE_OBJC_ARC = YES;
				CLANG_ENABLE_OBJC_WEAK = YES;
				CLANG_WARN_BLOCK_CAPTURE_AUTORELEASING = YES;
				CLANG_WARN_BOOL_CONVERSION = YES;
				CLANG_WARN_COMMA = YES;
				CLANG_WARN_CONSTANT_CONVERSION = YES;
				CLANG_WARN_DEPRECATED_OBJC_IMPLEMENTATIONS = YES;
				CLANG_WARN_DIRECT_OBJC_ISA_USAGE = YES_ERROR;
				CLANG_WARN_DOCUMENTATION_COMMENTS = YES;
				CLANG_WARN_EMPTY_BODY = YES;
				CLANG_WARN_ENUM_CONVERSION = YES;
				CLANG_WARN_INFINITE_RECURSION = YES;
				CLANG_WARN_INT_CONVERSION = YES;
				CLANG_WARN_NON_LITERAL_NULL_CONVERSION = YES;
				CLANG_WARN_OBJC_IMPLICIT_RETAIN_SELF = YES;
				CLANG_WARN_OBJC_LITERAL_CONVERSION = YES;
				CLANG_WARN_OBJC_ROOT_CLASS = YES_ERROR;
				CLANG_WARN_QUOTED_INCLUDE_IN_FRAMEWORK_HEADER = YES;
				CLANG_WARN_RANGE_LOOP_ANALYSIS = YES;
				CLANG_WARN_STRICT_PROTOTYPES = YES;
				CLANG_WARN_SUSPICIOUS_MOVE = YES;
				CLANG_WARN_UNGUARDED_AVAILABILITY = YES_AGGRESSIVE;
				CLANG_WARN_UNREACHABLE_CODE = YES;
				CLANG_WARN__DUPLICATE_METHOD_MATCH = YES;
				COPY_PHASE_STRIP = NO;
				DEBUG_INFORMATION_FORMAT = dwarf;
				ENABLE_STRICT_OBJC_MSGSEND = YES;
				ENABLE_TESTABILITY = YES;
				GCC_C_LANGUAGE_STANDARD = gnu11;
				GCC_DYNAMIC_NO_PIC = NO;
				GCC_NO_COMMON_BLOCKS = YES;
				GCC_OPTIMIZATION_LEVEL = 0;
				GCC_PREPROCESSOR_DEFINITIONS = (
					"DEBUG=1",
					"$(inherited)",
				);
				GCC_WARN_64_TO_32_BIT_CONVERSION = YES;
				GCC_WARN_ABOUT_RETURN_TYPE = YES_ERROR;
				GCC_WARN_UNDECLARED_SELECTOR = YES;
				GCC_WARN_UNINITIALIZED_AUTOS = YES_AGGRESSIVE;
				GCC_WARN_UNUSED_FUNCTION = YES;
				GCC_WARN_UNUSED_VARIABLE = YES;
				MTL_ENABLE_DEBUG_INFO = INCLUDE_SOURCE;
				MTL_FAST_MATH = YES;
				ONLY_ACTIVE_ARCH = YES;
				SWIFT_ACTIVE_COMPILATION_CONDITIONS = DEBUG;
				SWIFT_OPTIMIZATION_LEVEL = "-Onone";
			};
			name = Debug;
		};
		9A0474AC27715D1400571D66 /* Release */ = {
			isa = XCBuildConfiguration;
			buildSettings = {
				ALWAYS_SEARCH_USER_PATHS = NO;
				CLANG_ANALYZER_LOCALIZABILITY_NONLOCALIZED = YES;
				CLANG_ANALYZER_NONNULL = YES;
				CLANG_ANALYZER_NUMBER_OBJECT_CONVERSION = YES_AGGRESSIVE;
				CLANG_CXX_LANGUAGE_STANDARD = "gnu++17";
				CLANG_CXX_LIBRARY = "libc++";
				CLANG_ENABLE_MODULES = YES;
				CLANG_ENABLE_OBJC_ARC = YES;
				CLANG_ENABLE_OBJC_WEAK = YES;
				CLANG_WARN_BLOCK_CAPTURE_AUTORELEASING = YES;
				CLANG_WARN_BOOL_CONVERSION = YES;
				CLANG_WARN_COMMA = YES;
				CLANG_WARN_CONSTANT_CONVERSION = YES;
				CLANG_WARN_DEPRECATED_OBJC_IMPLEMENTATIONS = YES;
				CLANG_WARN_DIRECT_OBJC_ISA_USAGE = YES_ERROR;
				CLANG_WARN_DOCUMENTATION_COMMENTS = YES;
				CLANG_WARN_EMPTY_BODY = YES;
				CLANG_WARN_ENUM_CONVERSION = YES;
				CLANG_WARN_INFINITE_RECURSION = YES;
				CLANG_WARN_INT_CONVERSION = YES;
				CLANG_WARN_NON_LITERAL_NULL_CONVERSION = YES;
				CLANG_WARN_OBJC_IMPLICIT_RETAIN_SELF = YES;
				CLANG_WARN_OBJC_LITERAL_CONVERSION = YES;
				CLANG_WARN_OBJC_ROOT_CLASS = YES_ERROR;
				CLANG_WARN_QUOTED_INCLUDE_IN_FRAMEWORK_HEADER = YES;
				CLANG_WARN_RANGE_LOOP_ANALYSIS = YES;
				CLANG_WARN_STRICT_PROTOTYPES = YES;
				CLANG_WARN_SUSPICIOUS_MOVE = YES;
				CLANG_WARN_UNGUARDED_AVAILABILITY = YES_AGGRESSIVE;
				CLANG_WARN_UNREACHABLE_CODE = YES;
				CLANG_WARN__DUPLICATE_METHOD_MATCH = YES;
				COPY_PHASE_STRIP = NO;
				DEBUG_INFORMATION_FORMAT = "dwarf-with-dsym";
				ENABLE_NS_ASSERTIONS = NO;
				ENABLE_STRICT_OBJC_MSGSEND = YES;
				GCC_C_LANGUAGE_STANDARD = gnu11;
				GCC_NO_COMMON_BLOCKS = YES;
				GCC_WARN_64_TO_32_BIT_CONVERSION = YES;
				GCC_WARN_ABOUT_RETURN_TYPE = YES_ERROR;
				GCC_WARN_UNDECLARED_SELECTOR = YES;
				GCC_WARN_UNINITIALIZED_AUTOS = YES_AGGRESSIVE;
				GCC_WARN_UNUSED_FUNCTION = YES;
				GCC_WARN_UNUSED_VARIABLE = YES;
				MTL_ENABLE_DEBUG_INFO = NO;
				MTL_FAST_MATH = YES;
				SWIFT_COMPILATION_MODE = wholemodule;
				SWIFT_OPTIMIZATION_LEVEL = "-O";
			};
			name = Release;
		};
		9A0474AE27715D1400571D66 /* Debug */ = {
			isa = XCBuildConfiguration;
			buildSettings = {
				ASSETCATALOG_COMPILER_APPICON_NAME = AppIcon;
				ASSETCATALOG_COMPILER_GLOBAL_ACCENT_COLOR_NAME = AccentColor;
				CODE_SIGN_ENTITLEMENTS = "DeeepMemo (iOS).entitlements";
				CODE_SIGN_STYLE = Automatic;
				CURRENT_PROJECT_VERSION = 1;
				DEVELOPMENT_TEAM = F23GD77ZRK;
				ENABLE_PREVIEWS = YES;
				GENERATE_INFOPLIST_FILE = YES;
				INFOPLIST_FILE = "DeeepMemo--iOS--Info.plist";
				INFOPLIST_KEY_NSPhotoLibraryUsageDescription = "";
				INFOPLIST_KEY_UIApplicationSceneManifest_Generation = YES;
				INFOPLIST_KEY_UIApplicationSupportsIndirectInputEvents = YES;
				INFOPLIST_KEY_UILaunchScreen_Generation = YES;
				INFOPLIST_KEY_UISupportedInterfaceOrientations = UIInterfaceOrientationPortrait;
				INFOPLIST_KEY_UISupportedInterfaceOrientations_iPad = "UIInterfaceOrientationPortrait UIInterfaceOrientationPortraitUpsideDown UIInterfaceOrientationLandscapeLeft UIInterfaceOrientationLandscapeRight";
				INFOPLIST_KEY_UISupportedInterfaceOrientations_iPhone = "UIInterfaceOrientationPortrait UIInterfaceOrientationLandscapeLeft UIInterfaceOrientationLandscapeRight";
				IPHONEOS_DEPLOYMENT_TARGET = 15.2;
				LD_RUNPATH_SEARCH_PATHS = (
					"$(inherited)",
					"@executable_path/Frameworks",
				);
				MARKETING_VERSION = 1.0;
				PRODUCT_BUNDLE_IDENTIFIER = "hanmok-main.DeeepMemo";
				PRODUCT_NAME = DeeepMemo;
				SDKROOT = iphoneos;
				SWIFT_EMIT_LOC_STRINGS = YES;
				SWIFT_VERSION = 5.0;
				TARGETED_DEVICE_FAMILY = 1;
			};
			name = Debug;
		};
		9A0474AF27715D1400571D66 /* Release */ = {
			isa = XCBuildConfiguration;
			buildSettings = {
				ASSETCATALOG_COMPILER_APPICON_NAME = AppIcon;
				ASSETCATALOG_COMPILER_GLOBAL_ACCENT_COLOR_NAME = AccentColor;
				CODE_SIGN_ENTITLEMENTS = "DeeepMemo (iOS).entitlements";
				CODE_SIGN_STYLE = Automatic;
				CURRENT_PROJECT_VERSION = 1;
				DEVELOPMENT_TEAM = F23GD77ZRK;
				ENABLE_PREVIEWS = YES;
				GENERATE_INFOPLIST_FILE = YES;
				INFOPLIST_FILE = "DeeepMemo--iOS--Info.plist";
				INFOPLIST_KEY_NSPhotoLibraryUsageDescription = "";
				INFOPLIST_KEY_UIApplicationSceneManifest_Generation = YES;
				INFOPLIST_KEY_UIApplicationSupportsIndirectInputEvents = YES;
				INFOPLIST_KEY_UILaunchScreen_Generation = YES;
				INFOPLIST_KEY_UISupportedInterfaceOrientations = UIInterfaceOrientationPortrait;
				INFOPLIST_KEY_UISupportedInterfaceOrientations_iPad = "UIInterfaceOrientationPortrait UIInterfaceOrientationPortraitUpsideDown UIInterfaceOrientationLandscapeLeft UIInterfaceOrientationLandscapeRight";
				INFOPLIST_KEY_UISupportedInterfaceOrientations_iPhone = "UIInterfaceOrientationPortrait UIInterfaceOrientationLandscapeLeft UIInterfaceOrientationLandscapeRight";
				IPHONEOS_DEPLOYMENT_TARGET = 15.2;
				LD_RUNPATH_SEARCH_PATHS = (
					"$(inherited)",
					"@executable_path/Frameworks",
				);
				MARKETING_VERSION = 1.0;
				PRODUCT_BUNDLE_IDENTIFIER = "hanmok-main.DeeepMemo";
				PRODUCT_NAME = DeeepMemo;
				SDKROOT = iphoneos;
				SWIFT_EMIT_LOC_STRINGS = YES;
				SWIFT_VERSION = 5.0;
				TARGETED_DEVICE_FAMILY = 1;
				VALIDATE_PRODUCT = YES;
			};
			name = Release;
		};
		9AC5D11C27840609007EAA28 /* Debug */ = {
			isa = XCBuildConfiguration;
			buildSettings = {
				BUNDLE_LOADER = "$(TEST_HOST)";
				CLANG_ENABLE_MODULES = YES;
				CODE_SIGN_STYLE = Automatic;
				CURRENT_PROJECT_VERSION = 1;
				DEVELOPMENT_TEAM = F23GD77ZRK;
				GENERATE_INFOPLIST_FILE = YES;
				IPHONEOS_DEPLOYMENT_TARGET = 15.2;
				LD_RUNPATH_SEARCH_PATHS = (
					"$(inherited)",
					"@executable_path/Frameworks",
					"@loader_path/Frameworks",
				);
				MARKETING_VERSION = 1.0;
				PRODUCT_BUNDLE_IDENTIFIER = "hanmok-main.DeeepMemoTests";
				PRODUCT_NAME = "$(TARGET_NAME)";
				SDKROOT = iphoneos;
				SWIFT_EMIT_LOC_STRINGS = NO;
				SWIFT_OBJC_BRIDGING_HEADER = "DeeepMemoTests-Bridging-Header.h";
				SWIFT_OPTIMIZATION_LEVEL = "-Onone";
				SWIFT_VERSION = 5.0;
				TARGETED_DEVICE_FAMILY = "1,2";
				TEST_HOST = "$(BUILT_PRODUCTS_DIR)/DeeepMemo.app/DeeepMemo";
			};
			name = Debug;
		};
		9AC5D11D27840609007EAA28 /* Release */ = {
			isa = XCBuildConfiguration;
			buildSettings = {
				BUNDLE_LOADER = "$(TEST_HOST)";
				CLANG_ENABLE_MODULES = YES;
				CODE_SIGN_STYLE = Automatic;
				CURRENT_PROJECT_VERSION = 1;
				DEVELOPMENT_TEAM = F23GD77ZRK;
				GENERATE_INFOPLIST_FILE = YES;
				IPHONEOS_DEPLOYMENT_TARGET = 15.2;
				LD_RUNPATH_SEARCH_PATHS = (
					"$(inherited)",
					"@executable_path/Frameworks",
					"@loader_path/Frameworks",
				);
				MARKETING_VERSION = 1.0;
				PRODUCT_BUNDLE_IDENTIFIER = "hanmok-main.DeeepMemoTests";
				PRODUCT_NAME = "$(TARGET_NAME)";
				SDKROOT = iphoneos;
				SWIFT_EMIT_LOC_STRINGS = NO;
				SWIFT_OBJC_BRIDGING_HEADER = "DeeepMemoTests-Bridging-Header.h";
				SWIFT_VERSION = 5.0;
				TARGETED_DEVICE_FAMILY = "1,2";
				TEST_HOST = "$(BUILT_PRODUCTS_DIR)/DeeepMemo.app/DeeepMemo";
				VALIDATE_PRODUCT = YES;
			};
			name = Release;
		};
/* End XCBuildConfiguration section */

/* Begin XCConfigurationList section */
		9A04749327715D1100571D66 /* Build configuration list for PBXProject "DeeepMemo" */ = {
			isa = XCConfigurationList;
			buildConfigurations = (
				9A0474AB27715D1400571D66 /* Debug */,
				9A0474AC27715D1400571D66 /* Release */,
			);
			defaultConfigurationIsVisible = 0;
			defaultConfigurationName = Release;
		};
		9A0474AD27715D1400571D66 /* Build configuration list for PBXNativeTarget "DeeepMemo (iOS)" */ = {
			isa = XCConfigurationList;
			buildConfigurations = (
				9A0474AE27715D1400571D66 /* Debug */,
				9A0474AF27715D1400571D66 /* Release */,
			);
			defaultConfigurationIsVisible = 0;
			defaultConfigurationName = Release;
		};
		9AC5D11B27840609007EAA28 /* Build configuration list for PBXNativeTarget "DeeepMemoTests" */ = {
			isa = XCConfigurationList;
			buildConfigurations = (
				9AC5D11C27840609007EAA28 /* Debug */,
				9AC5D11D27840609007EAA28 /* Release */,
			);
			defaultConfigurationIsVisible = 0;
			defaultConfigurationName = Release;
		};
/* End XCConfigurationList section */

/* Begin XCRemoteSwiftPackageReference section */
		9A04BF2227C8CF4E00F3972D /* XCRemoteSwiftPackageReference "SwiftUI-Introspect" */ = {
			isa = XCRemoteSwiftPackageReference;
			repositoryURL = "https://github.com/siteline/SwiftUI-Introspect.git";
			requirement = {
				kind = upToNextMajorVersion;
				minimumVersion = 0.1.4;
			};
		};
/* End XCRemoteSwiftPackageReference section */

/* Begin XCVersionGroup section */
		9AC5D10A27840554007EAA28 /* DeeepMemo.xcdatamodeld */ = {
			isa = XCVersionGroup;
			children = (
				9AC5D10B27840554007EAA28 /* Model.xcdatamodel */,
			);
			currentVersion = 9AC5D10B27840554007EAA28 /* Model.xcdatamodel */;
			path = DeeepMemo.xcdatamodeld;
			sourceTree = "<group>";
			versionGroupType = wrapper.xcdatamodel;
		};
/* End XCVersionGroup section */
	};
	rootObject = 9A04749027715D1100571D66 /* Project object */;
}
